// !$*UTF8*$!
{
	archiveVersion = 1;
	classes = {
	};
	objectVersion = 55;
	objects = {

/* Begin PBXBuildFile section */
		2BFBCAE60CA64D27F7AFDF2E /* Pods_Bucketplace.framework in Frameworks */ = {isa = PBXBuildFile; fileRef = F7ACC5E93A413BD60776E538 /* Pods_Bucketplace.framework */; };
		A90B1BEE27E89947007A70D0 /* HomeTabManViewController.swift in Sources */ = {isa = PBXBuildFile; fileRef = A90B1BED27E89947007A70D0 /* HomeTabManViewController.swift */; };
		A90B1C0527E89CC3007A70D0 /* TopViewController.swift in Sources */ = {isa = PBXBuildFile; fileRef = A90B1C0327E89CC3007A70D0 /* TopViewController.swift */; };
		A90B1C0627E89CC3007A70D0 /* TopViewController.xib in Resources */ = {isa = PBXBuildFile; fileRef = A90B1C0427E89CC3007A70D0 /* TopViewController.xib */; };
		A90B1C0927E89EEF007A70D0 /* FollowingViewController.swift in Sources */ = {isa = PBXBuildFile; fileRef = A90B1C0727E89EEF007A70D0 /* FollowingViewController.swift */; };
		A90B1C0A27E89EEF007A70D0 /* FollowingViewController.xib in Resources */ = {isa = PBXBuildFile; fileRef = A90B1C0827E89EEF007A70D0 /* FollowingViewController.xib */; };
		A90B1C0D27E89EFB007A70D0 /* PhotoViewController.swift in Sources */ = {isa = PBXBuildFile; fileRef = A90B1C0B27E89EFB007A70D0 /* PhotoViewController.swift */; };
		A90B1C0E27E89EFB007A70D0 /* PhotoViewController.xib in Resources */ = {isa = PBXBuildFile; fileRef = A90B1C0C27E89EFB007A70D0 /* PhotoViewController.xib */; };
		A90B1C1127E89F06007A70D0 /* HousewarmingViewController.swift in Sources */ = {isa = PBXBuildFile; fileRef = A90B1C0F27E89F06007A70D0 /* HousewarmingViewController.swift */; };
		A90B1C1227E89F06007A70D0 /* HousewarmingViewController.xib in Resources */ = {isa = PBXBuildFile; fileRef = A90B1C1027E89F06007A70D0 /* HousewarmingViewController.xib */; };
		A90B1C1527E89F12007A70D0 /* KnowHowViewController.swift in Sources */ = {isa = PBXBuildFile; fileRef = A90B1C1327E89F12007A70D0 /* KnowHowViewController.swift */; };
		A90B1C1627E89F12007A70D0 /* KnowHowViewController.xib in Resources */ = {isa = PBXBuildFile; fileRef = A90B1C1427E89F12007A70D0 /* KnowHowViewController.xib */; };
		A90B1C1927E89F1B007A70D0 /* QnAViewController.swift in Sources */ = {isa = PBXBuildFile; fileRef = A90B1C1727E89F1B007A70D0 /* QnAViewController.swift */; };
		A90B1C1A27E89F1B007A70D0 /* QnAViewController.xib in Resources */ = {isa = PBXBuildFile; fileRef = A90B1C1827E89F1B007A70D0 /* QnAViewController.xib */; };
		A90B1C1F27E986BF007A70D0 /* SignInViewController.swift in Sources */ = {isa = PBXBuildFile; fileRef = A90B1C1E27E986BF007A70D0 /* SignInViewController.swift */; };
		A90B1C2127E986DF007A70D0 /* SignUpViewController.swift in Sources */ = {isa = PBXBuildFile; fileRef = A90B1C2027E986DF007A70D0 /* SignUpViewController.swift */; };
		A90B1C2527E9B2FA007A70D0 /* LoginNavigationController.swift in Sources */ = {isa = PBXBuildFile; fileRef = A90B1C2427E9B2FA007A70D0 /* LoginNavigationController.swift */; };
		A92308D327F1EAFF00534AA4 /* PopularResponse.swift in Sources */ = {isa = PBXBuildFile; fileRef = A92308D227F1EAFF00534AA4 /* PopularResponse.swift */; };
		A92308D527F1EB4600534AA4 /* PopularDataManager.swift in Sources */ = {isa = PBXBuildFile; fileRef = A92308D427F1EB4600534AA4 /* PopularDataManager.swift */; };
		A92308D827F1EC6700534AA4 /* PopularCollectionViewCell.swift in Sources */ = {isa = PBXBuildFile; fileRef = A92308D627F1EC6700534AA4 /* PopularCollectionViewCell.swift */; };
		A92308D927F1EC6700534AA4 /* PopularCollectionViewCell.xib in Resources */ = {isa = PBXBuildFile; fileRef = A92308D727F1EC6700534AA4 /* PopularCollectionViewCell.xib */; };
		A92308DB27F1EFBA00534AA4 /* ProductResponse.swift in Sources */ = {isa = PBXBuildFile; fileRef = A92308DA27F1EFBA00534AA4 /* ProductResponse.swift */; };
		A92308DD27F1F16D00534AA4 /* ProductDataManager.swift in Sources */ = {isa = PBXBuildFile; fileRef = A92308DC27F1F16D00534AA4 /* ProductDataManager.swift */; };
		A92308DF27F1FC6900534AA4 /* MetaResponse.swift in Sources */ = {isa = PBXBuildFile; fileRef = A92308DE27F1FC6900534AA4 /* MetaResponse.swift */; };
		A92308E127F1FF4C00534AA4 /* MetaDataManager.swift in Sources */ = {isa = PBXBuildFile; fileRef = A92308E027F1FF4C00534AA4 /* MetaDataManager.swift */; };
		A92308E427F2CBC400534AA4 /* HousewarmingCollectionViewCell.swift in Sources */ = {isa = PBXBuildFile; fileRef = A92308E227F2CBC400534AA4 /* HousewarmingCollectionViewCell.swift */; };
		A92308E527F2CBC400534AA4 /* HousewarmingCollectionViewCell.xib in Resources */ = {isa = PBXBuildFile; fileRef = A92308E327F2CBC400534AA4 /* HousewarmingCollectionViewCell.xib */; };
		A92308E927F2D03A00534AA4 /* HousewarmingResponse.swift in Sources */ = {isa = PBXBuildFile; fileRef = A92308E827F2D03A00534AA4 /* HousewarmingResponse.swift */; };
		A92308EB27F2D04700534AA4 /* HousewarmingDataManager.swift in Sources */ = {isa = PBXBuildFile; fileRef = A92308EA27F2D04700534AA4 /* HousewarmingDataManager.swift */; };
		A92308EE27F2D75600534AA4 /* KnowHowCollectionViewCell.swift in Sources */ = {isa = PBXBuildFile; fileRef = A92308EC27F2D75600534AA4 /* KnowHowCollectionViewCell.swift */; };
		A92308EF27F2D75600534AA4 /* KnowHowCollectionViewCell.xib in Resources */ = {isa = PBXBuildFile; fileRef = A92308ED27F2D75600534AA4 /* KnowHowCollectionViewCell.xib */; };
		A92308F327F2E52D00534AA4 /* ProHousewarmingViewController.swift in Sources */ = {isa = PBXBuildFile; fileRef = A92308F127F2E52D00534AA4 /* ProHousewarmingViewController.swift */; };
		A92308F427F2E52D00534AA4 /* ProHousewarmingViewController.xib in Resources */ = {isa = PBXBuildFile; fileRef = A92308F227F2E52D00534AA4 /* ProHousewarmingViewController.xib */; };
		A92308F727F2E5FC00534AA4 /* ProHousewarmingCollectionViewCell.swift in Sources */ = {isa = PBXBuildFile; fileRef = A92308F527F2E5FC00534AA4 /* ProHousewarmingCollectionViewCell.swift */; };
		A92308F827F2E5FC00534AA4 /* ProHousewarmingCollectionViewCell.xib in Resources */ = {isa = PBXBuildFile; fileRef = A92308F627F2E5FC00534AA4 /* ProHousewarmingCollectionViewCell.xib */; };
		A92FBDC027F2EB3600BE3A19 /* KnowHowResponse.swift in Sources */ = {isa = PBXBuildFile; fileRef = A92FBDBF27F2EB3600BE3A19 /* KnowHowResponse.swift */; };
		A92FBDC227F2EB4100BE3A19 /* KnowHowDataManager.swift in Sources */ = {isa = PBXBuildFile; fileRef = A92FBDC127F2EB4100BE3A19 /* KnowHowDataManager.swift */; };
		A92FBDC427F2EB4F00BE3A19 /* ProHousewarmingResponse.swift in Sources */ = {isa = PBXBuildFile; fileRef = A92FBDC327F2EB4F00BE3A19 /* ProHousewarmingResponse.swift */; };
		A92FBDC627F2EBB300BE3A19 /* ProHousewarmingDataManager.swift in Sources */ = {isa = PBXBuildFile; fileRef = A92FBDC527F2EBB300BE3A19 /* ProHousewarmingDataManager.swift */; };
		A9A6621A27E5F7C90081064C /* AppDelegate.swift in Sources */ = {isa = PBXBuildFile; fileRef = A9A6621927E5F7C90081064C /* AppDelegate.swift */; };
		A9A6621C27E5F7C90081064C /* SceneDelegate.swift in Sources */ = {isa = PBXBuildFile; fileRef = A9A6621B27E5F7C90081064C /* SceneDelegate.swift */; };
		A9A6621E27E5F7C90081064C /* TabBarController.swift in Sources */ = {isa = PBXBuildFile; fileRef = A9A6621D27E5F7C90081064C /* TabBarController.swift */; };
		A9A6622127E5F7C90081064C /* Main.storyboard in Resources */ = {isa = PBXBuildFile; fileRef = A9A6621F27E5F7C90081064C /* Main.storyboard */; };
		A9A6622327E5F7CA0081064C /* Assets.xcassets in Resources */ = {isa = PBXBuildFile; fileRef = A9A6622227E5F7CA0081064C /* Assets.xcassets */; };
		A9A6622627E5F7CA0081064C /* LaunchScreen.storyboard in Resources */ = {isa = PBXBuildFile; fileRef = A9A6622427E5F7CA0081064C /* LaunchScreen.storyboard */; };
		A9BC5C1E27E6FD8B00D91901 /* Constant.swift in Sources */ = {isa = PBXBuildFile; fileRef = A9BC5C1D27E6FD8B00D91901 /* Constant.swift */; };
		A9BC5C2227E6FDA800D91901 /* String.swift in Sources */ = {isa = PBXBuildFile; fileRef = A9BC5C2127E6FDA800D91901 /* String.swift */; };
		A9BC5C2427E6FDAF00D91901 /* UIColor.swift in Sources */ = {isa = PBXBuildFile; fileRef = A9BC5C2327E6FDAF00D91901 /* UIColor.swift */; };
		A9BC5C2627E6FDB700D91901 /* UINavigationController.swift in Sources */ = {isa = PBXBuildFile; fileRef = A9BC5C2527E6FDB700D91901 /* UINavigationController.swift */; };
		A9BC5C2827E6FDBF00D91901 /* UIViewController.swift in Sources */ = {isa = PBXBuildFile; fileRef = A9BC5C2727E6FDBF00D91901 /* UIViewController.swift */; };
		A9BC5C2A27E6FE2000D91901 /* IndicatorView.swift in Sources */ = {isa = PBXBuildFile; fileRef = A9BC5C2927E6FE2000D91901 /* IndicatorView.swift */; };
		A9BC5C3727E7008C00D91901 /* ProfileViewController.swift in Sources */ = {isa = PBXBuildFile; fileRef = A9BC5C3627E7008C00D91901 /* ProfileViewController.swift */; };
		A9BC5C3927E7009D00D91901 /* MyShoppingViewController.swift in Sources */ = {isa = PBXBuildFile; fileRef = A9BC5C3827E7009D00D91901 /* MyShoppingViewController.swift */; };
		A9BC5C3B27E700CC00D91901 /* MyPageTabManViewController.swift in Sources */ = {isa = PBXBuildFile; fileRef = A9BC5C3A27E700CC00D91901 /* MyPageTabManViewController.swift */; };
		A9BC5C3D27E7021E00D91901 /* MyPage.storyboard in Resources */ = {isa = PBXBuildFile; fileRef = A9BC5C3C27E7021E00D91901 /* MyPage.storyboard */; };
		A9BC5C4127E70F5600D91901 /* LoginViewController.swift in Sources */ = {isa = PBXBuildFile; fileRef = A9BC5C3F27E70F5600D91901 /* LoginViewController.swift */; };
		A9BC5C4727E716C000D91901 /* HomeViewController.swift in Sources */ = {isa = PBXBuildFile; fileRef = A9BC5C4627E716C000D91901 /* HomeViewController.swift */; };
		A9BC5C4927E716EB00D91901 /* Home.storyboard in Resources */ = {isa = PBXBuildFile; fileRef = A9BC5C4827E716EB00D91901 /* Home.storyboard */; };
		A9C9AD8E27EF38070051D469 /* PhotoCollectionViewCell.swift in Sources */ = {isa = PBXBuildFile; fileRef = A9C9AD8C27EF38070051D469 /* PhotoCollectionViewCell.swift */; };
		A9C9AD8F27EF38070051D469 /* PhotoCollectionViewCell.xib in Resources */ = {isa = PBXBuildFile; fileRef = A9C9AD8D27EF38070051D469 /* PhotoCollectionViewCell.xib */; };
		A9C9AD9227EF3BCA0051D469 /* PhotoMainCollectionViewCell.swift in Sources */ = {isa = PBXBuildFile; fileRef = A9C9AD9027EF3BCA0051D469 /* PhotoMainCollectionViewCell.swift */; };
		A9C9AD9327EF3BCA0051D469 /* PhotoMainCollectionViewCell.xib in Resources */ = {isa = PBXBuildFile; fileRef = A9C9AD9127EF3BCA0051D469 /* PhotoMainCollectionViewCell.xib */; };
		A9C9AD9627EF3BDA0051D469 /* PhotoFilterCollectionViewCell.swift in Sources */ = {isa = PBXBuildFile; fileRef = A9C9AD9427EF3BDA0051D469 /* PhotoFilterCollectionViewCell.swift */; };
		A9C9AD9727EF3BDA0051D469 /* PhotoFilterCollectionViewCell.xib in Resources */ = {isa = PBXBuildFile; fileRef = A9C9AD9527EF3BDA0051D469 /* PhotoFilterCollectionViewCell.xib */; };
		A9C9AD9A27EF3C460051D469 /* PhotoMainModel.swift in Sources */ = {isa = PBXBuildFile; fileRef = A9C9AD9927EF3C460051D469 /* PhotoMainModel.swift */; };
		A9C9AD9C27EF3C4E0051D469 /* PhotoFilterModel.swift in Sources */ = {isa = PBXBuildFile; fileRef = A9C9AD9B27EF3C4E0051D469 /* PhotoFilterModel.swift */; };
		A9C9ADA027F02DF00051D469 /* PhotoListResponse.swift in Sources */ = {isa = PBXBuildFile; fileRef = A9C9AD9F27F02DF00051D469 /* PhotoListResponse.swift */; };
		A9C9ADA227F02F1A0051D469 /* PhotoListDataManager.swift in Sources */ = {isa = PBXBuildFile; fileRef = A9C9ADA127F02F1A0051D469 /* PhotoListDataManager.swift */; };
		A9C9ADA727F03D980051D469 /* PhotoDetailViewController.swift in Sources */ = {isa = PBXBuildFile; fileRef = A9C9ADA527F03D980051D469 /* PhotoDetailViewController.swift */; };
		A9C9ADA827F03D980051D469 /* PhotoDetailViewController.xib in Resources */ = {isa = PBXBuildFile; fileRef = A9C9ADA627F03D980051D469 /* PhotoDetailViewController.xib */; };
		A9C9ADAB27F044590051D469 /* KeywordsCollectionViewCell.swift in Sources */ = {isa = PBXBuildFile; fileRef = A9C9ADA927F044590051D469 /* KeywordsCollectionViewCell.swift */; };
		A9C9ADAC27F044590051D469 /* KeywordsCollectionViewCell.xib in Resources */ = {isa = PBXBuildFile; fileRef = A9C9ADAA27F044590051D469 /* KeywordsCollectionViewCell.xib */; };
		A9C9ADAE27F049870051D469 /* ID.swift in Sources */ = {isa = PBXBuildFile; fileRef = A9C9ADAD27F049870051D469 /* ID.swift */; };
		A9C9ADB027F04A1F0051D469 /* PhotoDetailResponse.swift in Sources */ = {isa = PBXBuildFile; fileRef = A9C9ADAF27F04A1F0051D469 /* PhotoDetailResponse.swift */; };
		A9C9ADB227F04C080051D469 /* PhotoDetailDataManager.swift in Sources */ = {isa = PBXBuildFile; fileRef = A9C9ADB127F04C080051D469 /* PhotoDetailDataManager.swift */; };
		A9C9ADB427F05DE80051D469 /* LeftAlignedCollectionViewFlowLayout.swift in Sources */ = {isa = PBXBuildFile; fileRef = A9C9ADB327F05DE80051D469 /* LeftAlignedCollectionViewFlowLayout.swift */; };
		A9C9ADB827F063340051D469 /* FeedUserResponse.swift in Sources */ = {isa = PBXBuildFile; fileRef = A9C9ADB727F063340051D469 /* FeedUserResponse.swift */; };
		A9C9ADBA27F0644A0051D469 /* FeedUserDataManager.swift in Sources */ = {isa = PBXBuildFile; fileRef = A9C9ADB927F0644A0051D469 /* FeedUserDataManager.swift */; };
		A9C9ADBC27F0702A0051D469 /* FollowResponse.swift in Sources */ = {isa = PBXBuildFile; fileRef = A9C9ADBB27F0702A0051D469 /* FollowResponse.swift */; };
		A9C9ADBE27F0720A0051D469 /* FollowDataManager.swift in Sources */ = {isa = PBXBuildFile; fileRef = A9C9ADBD27F0720A0051D469 /* FollowDataManager.swift */; };
		A9C9ADC027F072530051D469 /* FollowRequest.swift in Sources */ = {isa = PBXBuildFile; fileRef = A9C9ADBF27F072530051D469 /* FollowRequest.swift */; };
		A9C9ADC227F074150051D469 /* FollowViewController.swift in Sources */ = {isa = PBXBuildFile; fileRef = A9C9ADC127F074150051D469 /* FollowViewController.swift */; };
		A9C9ADC627F07F480051D469 /* unFollowResponse.swift in Sources */ = {isa = PBXBuildFile; fileRef = A9C9ADC527F07F480051D469 /* unFollowResponse.swift */; };
		A9C9ADC927F081EC0051D469 /* ProductCollectionViewCell.swift in Sources */ = {isa = PBXBuildFile; fileRef = A9C9ADC727F081EC0051D469 /* ProductCollectionViewCell.swift */; };
		A9C9ADCA27F081EC0051D469 /* ProductCollectionViewCell.xib in Resources */ = {isa = PBXBuildFile; fileRef = A9C9ADC827F081EC0051D469 /* ProductCollectionViewCell.xib */; };
		A9C9ADCD27F189EC0051D469 /* ProductDetailViewController.swift in Sources */ = {isa = PBXBuildFile; fileRef = A9C9ADCB27F189EC0051D469 /* ProductDetailViewController.swift */; };
		A9C9ADCE27F189EC0051D469 /* ProductDetailViewController.xib in Resources */ = {isa = PBXBuildFile; fileRef = A9C9ADCC27F189EC0051D469 /* ProductDetailViewController.xib */; };
		A9C9ADD527F1B38A0051D469 /* BuyViewController.swift in Sources */ = {isa = PBXBuildFile; fileRef = A9C9ADD327F1B38A0051D469 /* BuyViewController.swift */; };
		A9C9ADD627F1B38A0051D469 /* BuyViewController.xib in Resources */ = {isa = PBXBuildFile; fileRef = A9C9ADD427F1B38A0051D469 /* BuyViewController.xib */; };
		A9C9ADDB27F1BFE70051D469 /* TodayDealResponse.swift in Sources */ = {isa = PBXBuildFile; fileRef = A9C9ADDA27F1BFE70051D469 /* TodayDealResponse.swift */; };
		A9C9ADDD27F1C0200051D469 /* TodayDealDataManager.swift in Sources */ = {isa = PBXBuildFile; fileRef = A9C9ADDC27F1C0200051D469 /* TodayDealDataManager.swift */; };
		A9C9ADE027F1C5350051D469 /* RecentCollectionViewCell.swift in Sources */ = {isa = PBXBuildFile; fileRef = A9C9ADDE27F1C5350051D469 /* RecentCollectionViewCell.swift */; };
		A9C9ADE127F1C5350051D469 /* RecentCollectionViewCell.xib in Resources */ = {isa = PBXBuildFile; fileRef = A9C9ADDF27F1C5350051D469 /* RecentCollectionViewCell.xib */; };
		A9C9ADE327F1C6D30051D469 /* RecentResponse.swift in Sources */ = {isa = PBXBuildFile; fileRef = A9C9ADE227F1C6D30051D469 /* RecentResponse.swift */; };
		A9C9ADE527F1C7170051D469 /* RecentDataManager.swift in Sources */ = {isa = PBXBuildFile; fileRef = A9C9ADE427F1C7170051D469 /* RecentDataManager.swift */; };
		A9EA077B27EDAC5D00158FCF /* HomeFirstResponse.swift in Sources */ = {isa = PBXBuildFile; fileRef = A9EA077A27EDAC5D00158FCF /* HomeFirstResponse.swift */; };
		A9EA077E27EDAE0F00158FCF /* HomeFirstDataManager.swift in Sources */ = {isa = PBXBuildFile; fileRef = A9EA077D27EDAE0F00158FCF /* HomeFirstDataManager.swift */; };
		A9EA078227EDBF1400158FCF /* HomeSecondDataManager.swift in Sources */ = {isa = PBXBuildFile; fileRef = A9EA078127EDBF1400158FCF /* HomeSecondDataManager.swift */; };
		A9EA078427EDBF2100158FCF /* HomeSecondResponse.swift in Sources */ = {isa = PBXBuildFile; fileRef = A9EA078327EDBF2100158FCF /* HomeSecondResponse.swift */; };
		A9EA078627EDC13500158FCF /* HomeThirdResponse.swift in Sources */ = {isa = PBXBuildFile; fileRef = A9EA078527EDC13500158FCF /* HomeThirdResponse.swift */; };
		A9EA078827EDC15600158FCF /* HomeThirdDataManager.swift in Sources */ = {isa = PBXBuildFile; fileRef = A9EA078727EDC15600158FCF /* HomeThirdDataManager.swift */; };
		A9EA078C27EDD1CE00158FCF /* ProfileResponse.swift in Sources */ = {isa = PBXBuildFile; fileRef = A9EA078B27EDD1CE00158FCF /* ProfileResponse.swift */; };
		A9EA078E27EDD2C800158FCF /* ProfileDataManager.swift in Sources */ = {isa = PBXBuildFile; fileRef = A9EA078D27EDD2C800158FCF /* ProfileDataManager.swift */; };
		A9EA079327EDD5B200158FCF /* Functions.swift in Sources */ = {isa = PBXBuildFile; fileRef = A9EA079227EDD5B200158FCF /* Functions.swift */; };
		A9EA079727EDDD7F00158FCF /* CategoryViewController.swift in Sources */ = {isa = PBXBuildFile; fileRef = A9EA079527EDDD7F00158FCF /* CategoryViewController.swift */; };
		A9EA079827EDDD7F00158FCF /* CategoryViewController.xib in Resources */ = {isa = PBXBuildFile; fileRef = A9EA079627EDDD7F00158FCF /* CategoryViewController.xib */; };
		A9EA079D27EDEF8900158FCF /* TodayDealCollectionViewCell.swift in Sources */ = {isa = PBXBuildFile; fileRef = A9EA079B27EDEF8900158FCF /* TodayDealCollectionViewCell.swift */; };
		A9EA079E27EDEF8900158FCF /* TodayDealCollectionViewCell.xib in Resources */ = {isa = PBXBuildFile; fileRef = A9EA079C27EDEF8900158FCF /* TodayDealCollectionViewCell.xib */; };
		A9EA07A127EDF43100158FCF /* TodayDealHeaderCollectionReusableView.swift in Sources */ = {isa = PBXBuildFile; fileRef = A9EA079F27EDF43100158FCF /* TodayDealHeaderCollectionReusableView.swift */; };
		A9EA07A227EDF43100158FCF /* TodayDealHeaderCollectionReusableView.xib in Resources */ = {isa = PBXBuildFile; fileRef = A9EA07A027EDF43100158FCF /* TodayDealHeaderCollectionReusableView.xib */; };
		A9EA67AF27E863B1001B1C68 /* Login.storyboard in Resources */ = {isa = PBXBuildFile; fileRef = A9EA67AE27E863B1001B1C68 /* Login.storyboard */; };
		A9EA67B227E86BBE001B1C68 /* SecretKey.swift in Sources */ = {isa = PBXBuildFile; fileRef = A9EA67B127E86BBE001B1C68 /* SecretKey.swift */; };
		A9EA67B727E8811F001B1C68 /* AdCollectionViewCell.swift in Sources */ = {isa = PBXBuildFile; fileRef = A9EA67B527E8811F001B1C68 /* AdCollectionViewCell.swift */; };
		A9EA67B827E8811F001B1C68 /* AdCollectionViewCell.xib in Resources */ = {isa = PBXBuildFile; fileRef = A9EA67B627E8811F001B1C68 /* AdCollectionViewCell.xib */; };
		A9FFE45E27E9D3CE004F3B33 /* MyPageViewController.swift in Sources */ = {isa = PBXBuildFile; fileRef = A9FFE45D27E9D3CE004F3B33 /* MyPageViewController.swift */; };
		A9FFE46027E9D88C004F3B33 /* KakaoDataManager.swift in Sources */ = {isa = PBXBuildFile; fileRef = A9FFE45F27E9D88C004F3B33 /* KakaoDataManager.swift */; };
		A9FFE46427E9DE14004F3B33 /* KakaoResponse.swift in Sources */ = {isa = PBXBuildFile; fileRef = A9FFE46327E9DE14004F3B33 /* KakaoResponse.swift */; };
		A9FFE46627E9E93B004F3B33 /* SignUpDataManager.swift in Sources */ = {isa = PBXBuildFile; fileRef = A9FFE46527E9E93B004F3B33 /* SignUpDataManager.swift */; };
		A9FFE46827E9EAA4004F3B33 /* SignUpRequest.swift in Sources */ = {isa = PBXBuildFile; fileRef = A9FFE46727E9EAA4004F3B33 /* SignUpRequest.swift */; };
		A9FFE46A27E9F26E004F3B33 /* SignInResponse.swift in Sources */ = {isa = PBXBuildFile; fileRef = A9FFE46927E9F26E004F3B33 /* SignInResponse.swift */; };
		A9FFE46C27E9F335004F3B33 /* SignUpResponse.swift in Sources */ = {isa = PBXBuildFile; fileRef = A9FFE46B27E9F335004F3B33 /* SignUpResponse.swift */; };
		A9FFE46E27EA0500004F3B33 /* SignInRequest.swift in Sources */ = {isa = PBXBuildFile; fileRef = A9FFE46D27EA0500004F3B33 /* SignInRequest.swift */; };
		A9FFE47027EA050B004F3B33 /* SignInDataManager.swift in Sources */ = {isa = PBXBuildFile; fileRef = A9FFE46F27EA050B004F3B33 /* SignInDataManager.swift */; };
		A9FFE47327EA1AD4004F3B33 /* StoreViewController.swift in Sources */ = {isa = PBXBuildFile; fileRef = A9FFE47227EA1AD4004F3B33 /* StoreViewController.swift */; };
		A9FFE47527EACB8C004F3B33 /* Store.storyboard in Resources */ = {isa = PBXBuildFile; fileRef = A9FFE47427EACB8C004F3B33 /* Store.storyboard */; };
		A9FFE47E27EAD367004F3B33 /* StoreTabManViewController.swift in Sources */ = {isa = PBXBuildFile; fileRef = A9FFE47D27EAD367004F3B33 /* StoreTabManViewController.swift */; };
		A9FFE48D27EAE07F004F3B33 /* StoreHomeViewController.swift in Sources */ = {isa = PBXBuildFile; fileRef = A9FFE48C27EAE07F004F3B33 /* StoreHomeViewController.swift */; };
		A9FFE49027EAE2A3004F3B33 /* StoreAdCollectionViewCell.swift in Sources */ = {isa = PBXBuildFile; fileRef = A9FFE48E27EAE2A3004F3B33 /* StoreAdCollectionViewCell.swift */; };
		A9FFE49127EAE2A3004F3B33 /* StoreAdCollectionViewCell.xib in Resources */ = {isa = PBXBuildFile; fileRef = A9FFE48F27EAE2A3004F3B33 /* StoreAdCollectionViewCell.xib */; };
		A9FFE49D27EB1785004F3B33 /* CategoryModel.swift in Sources */ = {isa = PBXBuildFile; fileRef = A9FFE49C27EB1785004F3B33 /* CategoryModel.swift */; };
		A9FFE49F27EB1790004F3B33 /* Category.swift in Sources */ = {isa = PBXBuildFile; fileRef = A9FFE49E27EB1790004F3B33 /* Category.swift */; };
		A9FFE4A127EB28B8004F3B33 /* UIView.swift in Sources */ = {isa = PBXBuildFile; fileRef = A9FFE4A027EB28B8004F3B33 /* UIView.swift */; };
		A9FFE4A527EC6E35004F3B33 /* LoginKey.swift in Sources */ = {isa = PBXBuildFile; fileRef = A9FFE4A427EC6E35004F3B33 /* LoginKey.swift */; };
		A9FFE4AB27EC8D62004F3B33 /* TabManIndex.swift in Sources */ = {isa = PBXBuildFile; fileRef = A9FFE4AA27EC8D62004F3B33 /* TabManIndex.swift */; };
		A9FFE4AF27ECA026004F3B33 /* TodayDealViewController.swift in Sources */ = {isa = PBXBuildFile; fileRef = A9FFE4AD27ECA025004F3B33 /* TodayDealViewController.swift */; };
		A9FFE4B027ECA026004F3B33 /* TodayDealViewController.xib in Resources */ = {isa = PBXBuildFile; fileRef = A9FFE4AE27ECA025004F3B33 /* TodayDealViewController.xib */; };
		A9FFE4B227ECA30B004F3B33 /* UITabBarController.swift in Sources */ = {isa = PBXBuildFile; fileRef = A9FFE4B127ECA30B004F3B33 /* UITabBarController.swift */; };
		A9FFE4BB27EDA045004F3B33 /* HomeCategoryCollectionViewCell.swift in Sources */ = {isa = PBXBuildFile; fileRef = A9FFE4B927EDA045004F3B33 /* HomeCategoryCollectionViewCell.swift */; };
		A9FFE4BC27EDA045004F3B33 /* HomeCategoryCollectionViewCell.xib in Resources */ = {isa = PBXBuildFile; fileRef = A9FFE4BA27EDA045004F3B33 /* HomeCategoryCollectionViewCell.xib */; };
/* End PBXBuildFile section */

/* Begin PBXFileReference section */
		487DC1C365E7CE127E7E49B9 /* Pods-Bucketplace.debug.xcconfig */ = {isa = PBXFileReference; includeInIndex = 1; lastKnownFileType = text.xcconfig; name = "Pods-Bucketplace.debug.xcconfig"; path = "Target Support Files/Pods-Bucketplace/Pods-Bucketplace.debug.xcconfig"; sourceTree = "<group>"; };
		A90B1BED27E89947007A70D0 /* HomeTabManViewController.swift */ = {isa = PBXFileReference; lastKnownFileType = sourcecode.swift; path = HomeTabManViewController.swift; sourceTree = "<group>"; };
		A90B1C0327E89CC3007A70D0 /* TopViewController.swift */ = {isa = PBXFileReference; lastKnownFileType = sourcecode.swift; path = TopViewController.swift; sourceTree = "<group>"; };
		A90B1C0427E89CC3007A70D0 /* TopViewController.xib */ = {isa = PBXFileReference; lastKnownFileType = file.xib; path = TopViewController.xib; sourceTree = "<group>"; };
		A90B1C0727E89EEF007A70D0 /* FollowingViewController.swift */ = {isa = PBXFileReference; lastKnownFileType = sourcecode.swift; path = FollowingViewController.swift; sourceTree = "<group>"; };
		A90B1C0827E89EEF007A70D0 /* FollowingViewController.xib */ = {isa = PBXFileReference; lastKnownFileType = file.xib; path = FollowingViewController.xib; sourceTree = "<group>"; };
		A90B1C0B27E89EFB007A70D0 /* PhotoViewController.swift */ = {isa = PBXFileReference; lastKnownFileType = sourcecode.swift; path = PhotoViewController.swift; sourceTree = "<group>"; };
		A90B1C0C27E89EFB007A70D0 /* PhotoViewController.xib */ = {isa = PBXFileReference; lastKnownFileType = file.xib; path = PhotoViewController.xib; sourceTree = "<group>"; };
		A90B1C0F27E89F06007A70D0 /* HousewarmingViewController.swift */ = {isa = PBXFileReference; lastKnownFileType = sourcecode.swift; path = HousewarmingViewController.swift; sourceTree = "<group>"; };
		A90B1C1027E89F06007A70D0 /* HousewarmingViewController.xib */ = {isa = PBXFileReference; lastKnownFileType = file.xib; path = HousewarmingViewController.xib; sourceTree = "<group>"; };
		A90B1C1327E89F12007A70D0 /* KnowHowViewController.swift */ = {isa = PBXFileReference; lastKnownFileType = sourcecode.swift; path = KnowHowViewController.swift; sourceTree = "<group>"; };
		A90B1C1427E89F12007A70D0 /* KnowHowViewController.xib */ = {isa = PBXFileReference; lastKnownFileType = file.xib; path = KnowHowViewController.xib; sourceTree = "<group>"; };
		A90B1C1727E89F1B007A70D0 /* QnAViewController.swift */ = {isa = PBXFileReference; lastKnownFileType = sourcecode.swift; path = QnAViewController.swift; sourceTree = "<group>"; };
		A90B1C1827E89F1B007A70D0 /* QnAViewController.xib */ = {isa = PBXFileReference; lastKnownFileType = file.xib; path = QnAViewController.xib; sourceTree = "<group>"; };
		A90B1C1E27E986BF007A70D0 /* SignInViewController.swift */ = {isa = PBXFileReference; lastKnownFileType = sourcecode.swift; path = SignInViewController.swift; sourceTree = "<group>"; };
		A90B1C2027E986DF007A70D0 /* SignUpViewController.swift */ = {isa = PBXFileReference; lastKnownFileType = sourcecode.swift; path = SignUpViewController.swift; sourceTree = "<group>"; };
		A90B1C2427E9B2FA007A70D0 /* LoginNavigationController.swift */ = {isa = PBXFileReference; lastKnownFileType = sourcecode.swift; path = LoginNavigationController.swift; sourceTree = "<group>"; };
		A92308D227F1EAFF00534AA4 /* PopularResponse.swift */ = {isa = PBXFileReference; lastKnownFileType = sourcecode.swift; path = PopularResponse.swift; sourceTree = "<group>"; };
		A92308D427F1EB4600534AA4 /* PopularDataManager.swift */ = {isa = PBXFileReference; lastKnownFileType = sourcecode.swift; path = PopularDataManager.swift; sourceTree = "<group>"; };
		A92308D627F1EC6700534AA4 /* PopularCollectionViewCell.swift */ = {isa = PBXFileReference; lastKnownFileType = sourcecode.swift; path = PopularCollectionViewCell.swift; sourceTree = "<group>"; };
		A92308D727F1EC6700534AA4 /* PopularCollectionViewCell.xib */ = {isa = PBXFileReference; lastKnownFileType = file.xib; path = PopularCollectionViewCell.xib; sourceTree = "<group>"; };
		A92308DA27F1EFBA00534AA4 /* ProductResponse.swift */ = {isa = PBXFileReference; lastKnownFileType = sourcecode.swift; path = ProductResponse.swift; sourceTree = "<group>"; };
		A92308DC27F1F16D00534AA4 /* ProductDataManager.swift */ = {isa = PBXFileReference; lastKnownFileType = sourcecode.swift; path = ProductDataManager.swift; sourceTree = "<group>"; };
		A92308DE27F1FC6900534AA4 /* MetaResponse.swift */ = {isa = PBXFileReference; lastKnownFileType = sourcecode.swift; path = MetaResponse.swift; sourceTree = "<group>"; };
		A92308E027F1FF4C00534AA4 /* MetaDataManager.swift */ = {isa = PBXFileReference; lastKnownFileType = sourcecode.swift; path = MetaDataManager.swift; sourceTree = "<group>"; };
		A92308E227F2CBC400534AA4 /* HousewarmingCollectionViewCell.swift */ = {isa = PBXFileReference; lastKnownFileType = sourcecode.swift; path = HousewarmingCollectionViewCell.swift; sourceTree = "<group>"; };
		A92308E327F2CBC400534AA4 /* HousewarmingCollectionViewCell.xib */ = {isa = PBXFileReference; lastKnownFileType = file.xib; path = HousewarmingCollectionViewCell.xib; sourceTree = "<group>"; };
		A92308E827F2D03A00534AA4 /* HousewarmingResponse.swift */ = {isa = PBXFileReference; lastKnownFileType = sourcecode.swift; path = HousewarmingResponse.swift; sourceTree = "<group>"; };
		A92308EA27F2D04700534AA4 /* HousewarmingDataManager.swift */ = {isa = PBXFileReference; lastKnownFileType = sourcecode.swift; path = HousewarmingDataManager.swift; sourceTree = "<group>"; };
		A92308EC27F2D75600534AA4 /* KnowHowCollectionViewCell.swift */ = {isa = PBXFileReference; lastKnownFileType = sourcecode.swift; path = KnowHowCollectionViewCell.swift; sourceTree = "<group>"; };
		A92308ED27F2D75600534AA4 /* KnowHowCollectionViewCell.xib */ = {isa = PBXFileReference; lastKnownFileType = file.xib; path = KnowHowCollectionViewCell.xib; sourceTree = "<group>"; };
		A92308F127F2E52D00534AA4 /* ProHousewarmingViewController.swift */ = {isa = PBXFileReference; lastKnownFileType = sourcecode.swift; path = ProHousewarmingViewController.swift; sourceTree = "<group>"; };
		A92308F227F2E52D00534AA4 /* ProHousewarmingViewController.xib */ = {isa = PBXFileReference; lastKnownFileType = file.xib; path = ProHousewarmingViewController.xib; sourceTree = "<group>"; };
		A92308F527F2E5FC00534AA4 /* ProHousewarmingCollectionViewCell.swift */ = {isa = PBXFileReference; lastKnownFileType = sourcecode.swift; path = ProHousewarmingCollectionViewCell.swift; sourceTree = "<group>"; };
		A92308F627F2E5FC00534AA4 /* ProHousewarmingCollectionViewCell.xib */ = {isa = PBXFileReference; lastKnownFileType = file.xib; path = ProHousewarmingCollectionViewCell.xib; sourceTree = "<group>"; };
		A92FBDBF27F2EB3600BE3A19 /* KnowHowResponse.swift */ = {isa = PBXFileReference; lastKnownFileType = sourcecode.swift; path = KnowHowResponse.swift; sourceTree = "<group>"; };
		A92FBDC127F2EB4100BE3A19 /* KnowHowDataManager.swift */ = {isa = PBXFileReference; lastKnownFileType = sourcecode.swift; path = KnowHowDataManager.swift; sourceTree = "<group>"; };
		A92FBDC327F2EB4F00BE3A19 /* ProHousewarmingResponse.swift */ = {isa = PBXFileReference; lastKnownFileType = sourcecode.swift; path = ProHousewarmingResponse.swift; sourceTree = "<group>"; };
		A92FBDC527F2EBB300BE3A19 /* ProHousewarmingDataManager.swift */ = {isa = PBXFileReference; lastKnownFileType = sourcecode.swift; path = ProHousewarmingDataManager.swift; sourceTree = "<group>"; };
		A9A6621627E5F7C90081064C /* Bucketplace.app */ = {isa = PBXFileReference; explicitFileType = wrapper.application; includeInIndex = 0; path = Bucketplace.app; sourceTree = BUILT_PRODUCTS_DIR; };
		A9A6621927E5F7C90081064C /* AppDelegate.swift */ = {isa = PBXFileReference; lastKnownFileType = sourcecode.swift; path = AppDelegate.swift; sourceTree = "<group>"; };
		A9A6621B27E5F7C90081064C /* SceneDelegate.swift */ = {isa = PBXFileReference; lastKnownFileType = sourcecode.swift; path = SceneDelegate.swift; sourceTree = "<group>"; };
		A9A6621D27E5F7C90081064C /* TabBarController.swift */ = {isa = PBXFileReference; lastKnownFileType = sourcecode.swift; path = TabBarController.swift; sourceTree = "<group>"; };
		A9A6622027E5F7C90081064C /* Base */ = {isa = PBXFileReference; lastKnownFileType = file.storyboard; name = Base; path = Base.lproj/Main.storyboard; sourceTree = "<group>"; };
		A9A6622227E5F7CA0081064C /* Assets.xcassets */ = {isa = PBXFileReference; lastKnownFileType = folder.assetcatalog; path = Assets.xcassets; sourceTree = "<group>"; };
		A9A6622527E5F7CA0081064C /* Base */ = {isa = PBXFileReference; lastKnownFileType = file.storyboard; name = Base; path = Base.lproj/LaunchScreen.storyboard; sourceTree = "<group>"; };
		A9A6622727E5F7CA0081064C /* Info.plist */ = {isa = PBXFileReference; lastKnownFileType = text.plist.xml; path = Info.plist; sourceTree = "<group>"; };
		A9BC5C1D27E6FD8B00D91901 /* Constant.swift */ = {isa = PBXFileReference; lastKnownFileType = sourcecode.swift; path = Constant.swift; sourceTree = "<group>"; };
		A9BC5C2127E6FDA800D91901 /* String.swift */ = {isa = PBXFileReference; lastKnownFileType = sourcecode.swift; path = String.swift; sourceTree = "<group>"; };
		A9BC5C2327E6FDAF00D91901 /* UIColor.swift */ = {isa = PBXFileReference; lastKnownFileType = sourcecode.swift; path = UIColor.swift; sourceTree = "<group>"; };
		A9BC5C2527E6FDB700D91901 /* UINavigationController.swift */ = {isa = PBXFileReference; lastKnownFileType = sourcecode.swift; path = UINavigationController.swift; sourceTree = "<group>"; };
		A9BC5C2727E6FDBF00D91901 /* UIViewController.swift */ = {isa = PBXFileReference; lastKnownFileType = sourcecode.swift; path = UIViewController.swift; sourceTree = "<group>"; };
		A9BC5C2927E6FE2000D91901 /* IndicatorView.swift */ = {isa = PBXFileReference; lastKnownFileType = sourcecode.swift; path = IndicatorView.swift; sourceTree = "<group>"; };
		A9BC5C3627E7008C00D91901 /* ProfileViewController.swift */ = {isa = PBXFileReference; lastKnownFileType = sourcecode.swift; path = ProfileViewController.swift; sourceTree = "<group>"; };
		A9BC5C3827E7009D00D91901 /* MyShoppingViewController.swift */ = {isa = PBXFileReference; lastKnownFileType = sourcecode.swift; path = MyShoppingViewController.swift; sourceTree = "<group>"; };
		A9BC5C3A27E700CC00D91901 /* MyPageTabManViewController.swift */ = {isa = PBXFileReference; lastKnownFileType = sourcecode.swift; path = MyPageTabManViewController.swift; sourceTree = "<group>"; };
		A9BC5C3C27E7021E00D91901 /* MyPage.storyboard */ = {isa = PBXFileReference; fileEncoding = 4; lastKnownFileType = file.storyboard; path = MyPage.storyboard; sourceTree = "<group>"; };
		A9BC5C3F27E70F5600D91901 /* LoginViewController.swift */ = {isa = PBXFileReference; lastKnownFileType = sourcecode.swift; path = LoginViewController.swift; sourceTree = "<group>"; };
		A9BC5C4627E716C000D91901 /* HomeViewController.swift */ = {isa = PBXFileReference; lastKnownFileType = sourcecode.swift; path = HomeViewController.swift; sourceTree = "<group>"; };
		A9BC5C4827E716EB00D91901 /* Home.storyboard */ = {isa = PBXFileReference; fileEncoding = 4; lastKnownFileType = file.storyboard; path = Home.storyboard; sourceTree = "<group>"; };
		A9C9AD8C27EF38070051D469 /* PhotoCollectionViewCell.swift */ = {isa = PBXFileReference; lastKnownFileType = sourcecode.swift; path = PhotoCollectionViewCell.swift; sourceTree = "<group>"; };
		A9C9AD8D27EF38070051D469 /* PhotoCollectionViewCell.xib */ = {isa = PBXFileReference; lastKnownFileType = file.xib; path = PhotoCollectionViewCell.xib; sourceTree = "<group>"; };
		A9C9AD9027EF3BCA0051D469 /* PhotoMainCollectionViewCell.swift */ = {isa = PBXFileReference; lastKnownFileType = sourcecode.swift; path = PhotoMainCollectionViewCell.swift; sourceTree = "<group>"; };
		A9C9AD9127EF3BCA0051D469 /* PhotoMainCollectionViewCell.xib */ = {isa = PBXFileReference; lastKnownFileType = file.xib; path = PhotoMainCollectionViewCell.xib; sourceTree = "<group>"; };
		A9C9AD9427EF3BDA0051D469 /* PhotoFilterCollectionViewCell.swift */ = {isa = PBXFileReference; lastKnownFileType = sourcecode.swift; path = PhotoFilterCollectionViewCell.swift; sourceTree = "<group>"; };
		A9C9AD9527EF3BDA0051D469 /* PhotoFilterCollectionViewCell.xib */ = {isa = PBXFileReference; lastKnownFileType = file.xib; path = PhotoFilterCollectionViewCell.xib; sourceTree = "<group>"; };
		A9C9AD9927EF3C460051D469 /* PhotoMainModel.swift */ = {isa = PBXFileReference; lastKnownFileType = sourcecode.swift; path = PhotoMainModel.swift; sourceTree = "<group>"; };
		A9C9AD9B27EF3C4E0051D469 /* PhotoFilterModel.swift */ = {isa = PBXFileReference; lastKnownFileType = sourcecode.swift; path = PhotoFilterModel.swift; sourceTree = "<group>"; };
		A9C9AD9F27F02DF00051D469 /* PhotoListResponse.swift */ = {isa = PBXFileReference; lastKnownFileType = sourcecode.swift; path = PhotoListResponse.swift; sourceTree = "<group>"; };
		A9C9ADA127F02F1A0051D469 /* PhotoListDataManager.swift */ = {isa = PBXFileReference; lastKnownFileType = sourcecode.swift; path = PhotoListDataManager.swift; sourceTree = "<group>"; };
		A9C9ADA527F03D980051D469 /* PhotoDetailViewController.swift */ = {isa = PBXFileReference; lastKnownFileType = sourcecode.swift; path = PhotoDetailViewController.swift; sourceTree = "<group>"; };
		A9C9ADA627F03D980051D469 /* PhotoDetailViewController.xib */ = {isa = PBXFileReference; lastKnownFileType = file.xib; path = PhotoDetailViewController.xib; sourceTree = "<group>"; };
		A9C9ADA927F044590051D469 /* KeywordsCollectionViewCell.swift */ = {isa = PBXFileReference; lastKnownFileType = sourcecode.swift; path = KeywordsCollectionViewCell.swift; sourceTree = "<group>"; };
		A9C9ADAA27F044590051D469 /* KeywordsCollectionViewCell.xib */ = {isa = PBXFileReference; lastKnownFileType = file.xib; path = KeywordsCollectionViewCell.xib; sourceTree = "<group>"; };
		A9C9ADAD27F049870051D469 /* ID.swift */ = {isa = PBXFileReference; lastKnownFileType = sourcecode.swift; path = ID.swift; sourceTree = "<group>"; };
		A9C9ADAF27F04A1F0051D469 /* PhotoDetailResponse.swift */ = {isa = PBXFileReference; lastKnownFileType = sourcecode.swift; path = PhotoDetailResponse.swift; sourceTree = "<group>"; };
		A9C9ADB127F04C080051D469 /* PhotoDetailDataManager.swift */ = {isa = PBXFileReference; lastKnownFileType = sourcecode.swift; path = PhotoDetailDataManager.swift; sourceTree = "<group>"; };
		A9C9ADB327F05DE80051D469 /* LeftAlignedCollectionViewFlowLayout.swift */ = {isa = PBXFileReference; lastKnownFileType = sourcecode.swift; path = LeftAlignedCollectionViewFlowLayout.swift; sourceTree = "<group>"; };
		A9C9ADB727F063340051D469 /* FeedUserResponse.swift */ = {isa = PBXFileReference; lastKnownFileType = sourcecode.swift; path = FeedUserResponse.swift; sourceTree = "<group>"; };
		A9C9ADB927F0644A0051D469 /* FeedUserDataManager.swift */ = {isa = PBXFileReference; lastKnownFileType = sourcecode.swift; path = FeedUserDataManager.swift; sourceTree = "<group>"; };
		A9C9ADBB27F0702A0051D469 /* FollowResponse.swift */ = {isa = PBXFileReference; lastKnownFileType = sourcecode.swift; path = FollowResponse.swift; sourceTree = "<group>"; };
		A9C9ADBD27F0720A0051D469 /* FollowDataManager.swift */ = {isa = PBXFileReference; lastKnownFileType = sourcecode.swift; path = FollowDataManager.swift; sourceTree = "<group>"; };
		A9C9ADBF27F072530051D469 /* FollowRequest.swift */ = {isa = PBXFileReference; lastKnownFileType = sourcecode.swift; path = FollowRequest.swift; sourceTree = "<group>"; };
		A9C9ADC127F074150051D469 /* FollowViewController.swift */ = {isa = PBXFileReference; lastKnownFileType = sourcecode.swift; path = FollowViewController.swift; sourceTree = "<group>"; };
		A9C9ADC527F07F480051D469 /* unFollowResponse.swift */ = {isa = PBXFileReference; lastKnownFileType = sourcecode.swift; path = unFollowResponse.swift; sourceTree = "<group>"; };
		A9C9ADC727F081EC0051D469 /* ProductCollectionViewCell.swift */ = {isa = PBXFileReference; lastKnownFileType = sourcecode.swift; path = ProductCollectionViewCell.swift; sourceTree = "<group>"; };
		A9C9ADC827F081EC0051D469 /* ProductCollectionViewCell.xib */ = {isa = PBXFileReference; lastKnownFileType = file.xib; path = ProductCollectionViewCell.xib; sourceTree = "<group>"; };
		A9C9ADCB27F189EC0051D469 /* ProductDetailViewController.swift */ = {isa = PBXFileReference; lastKnownFileType = sourcecode.swift; path = ProductDetailViewController.swift; sourceTree = "<group>"; };
		A9C9ADCC27F189EC0051D469 /* ProductDetailViewController.xib */ = {isa = PBXFileReference; lastKnownFileType = file.xib; path = ProductDetailViewController.xib; sourceTree = "<group>"; };
		A9C9ADD327F1B38A0051D469 /* BuyViewController.swift */ = {isa = PBXFileReference; lastKnownFileType = sourcecode.swift; path = BuyViewController.swift; sourceTree = "<group>"; };
		A9C9ADD427F1B38A0051D469 /* BuyViewController.xib */ = {isa = PBXFileReference; lastKnownFileType = file.xib; path = BuyViewController.xib; sourceTree = "<group>"; };
		A9C9ADDA27F1BFE70051D469 /* TodayDealResponse.swift */ = {isa = PBXFileReference; lastKnownFileType = sourcecode.swift; path = TodayDealResponse.swift; sourceTree = "<group>"; };
		A9C9ADDC27F1C0200051D469 /* TodayDealDataManager.swift */ = {isa = PBXFileReference; lastKnownFileType = sourcecode.swift; path = TodayDealDataManager.swift; sourceTree = "<group>"; };
		A9C9ADDE27F1C5350051D469 /* RecentCollectionViewCell.swift */ = {isa = PBXFileReference; lastKnownFileType = sourcecode.swift; path = RecentCollectionViewCell.swift; sourceTree = "<group>"; };
		A9C9ADDF27F1C5350051D469 /* RecentCollectionViewCell.xib */ = {isa = PBXFileReference; lastKnownFileType = file.xib; path = RecentCollectionViewCell.xib; sourceTree = "<group>"; };
		A9C9ADE227F1C6D30051D469 /* RecentResponse.swift */ = {isa = PBXFileReference; lastKnownFileType = sourcecode.swift; path = RecentResponse.swift; sourceTree = "<group>"; };
		A9C9ADE427F1C7170051D469 /* RecentDataManager.swift */ = {isa = PBXFileReference; lastKnownFileType = sourcecode.swift; path = RecentDataManager.swift; sourceTree = "<group>"; };
		A9EA077A27EDAC5D00158FCF /* HomeFirstResponse.swift */ = {isa = PBXFileReference; lastKnownFileType = sourcecode.swift; path = HomeFirstResponse.swift; sourceTree = "<group>"; };
		A9EA077D27EDAE0F00158FCF /* HomeFirstDataManager.swift */ = {isa = PBXFileReference; lastKnownFileType = sourcecode.swift; path = HomeFirstDataManager.swift; sourceTree = "<group>"; };
		A9EA078127EDBF1400158FCF /* HomeSecondDataManager.swift */ = {isa = PBXFileReference; lastKnownFileType = sourcecode.swift; path = HomeSecondDataManager.swift; sourceTree = "<group>"; };
		A9EA078327EDBF2100158FCF /* HomeSecondResponse.swift */ = {isa = PBXFileReference; lastKnownFileType = sourcecode.swift; path = HomeSecondResponse.swift; sourceTree = "<group>"; };
		A9EA078527EDC13500158FCF /* HomeThirdResponse.swift */ = {isa = PBXFileReference; lastKnownFileType = sourcecode.swift; path = HomeThirdResponse.swift; sourceTree = "<group>"; };
		A9EA078727EDC15600158FCF /* HomeThirdDataManager.swift */ = {isa = PBXFileReference; lastKnownFileType = sourcecode.swift; path = HomeThirdDataManager.swift; sourceTree = "<group>"; };
		A9EA078B27EDD1CE00158FCF /* ProfileResponse.swift */ = {isa = PBXFileReference; lastKnownFileType = sourcecode.swift; path = ProfileResponse.swift; sourceTree = "<group>"; };
		A9EA078D27EDD2C800158FCF /* ProfileDataManager.swift */ = {isa = PBXFileReference; lastKnownFileType = sourcecode.swift; path = ProfileDataManager.swift; sourceTree = "<group>"; };
		A9EA079227EDD5B200158FCF /* Functions.swift */ = {isa = PBXFileReference; lastKnownFileType = sourcecode.swift; path = Functions.swift; sourceTree = "<group>"; };
		A9EA079527EDDD7F00158FCF /* CategoryViewController.swift */ = {isa = PBXFileReference; lastKnownFileType = sourcecode.swift; path = CategoryViewController.swift; sourceTree = "<group>"; };
		A9EA079627EDDD7F00158FCF /* CategoryViewController.xib */ = {isa = PBXFileReference; lastKnownFileType = file.xib; path = CategoryViewController.xib; sourceTree = "<group>"; };
		A9EA079B27EDEF8900158FCF /* TodayDealCollectionViewCell.swift */ = {isa = PBXFileReference; lastKnownFileType = sourcecode.swift; path = TodayDealCollectionViewCell.swift; sourceTree = "<group>"; };
		A9EA079C27EDEF8900158FCF /* TodayDealCollectionViewCell.xib */ = {isa = PBXFileReference; lastKnownFileType = file.xib; path = TodayDealCollectionViewCell.xib; sourceTree = "<group>"; };
		A9EA079F27EDF43100158FCF /* TodayDealHeaderCollectionReusableView.swift */ = {isa = PBXFileReference; lastKnownFileType = sourcecode.swift; path = TodayDealHeaderCollectionReusableView.swift; sourceTree = "<group>"; };
		A9EA07A027EDF43100158FCF /* TodayDealHeaderCollectionReusableView.xib */ = {isa = PBXFileReference; lastKnownFileType = file.xib; path = TodayDealHeaderCollectionReusableView.xib; sourceTree = "<group>"; };
		A9EA67AE27E863B1001B1C68 /* Login.storyboard */ = {isa = PBXFileReference; fileEncoding = 4; lastKnownFileType = file.storyboard; path = Login.storyboard; sourceTree = "<group>"; };
		A9EA67B127E86BBE001B1C68 /* SecretKey.swift */ = {isa = PBXFileReference; lastKnownFileType = sourcecode.swift; path = SecretKey.swift; sourceTree = "<group>"; };
		A9EA67B527E8811F001B1C68 /* AdCollectionViewCell.swift */ = {isa = PBXFileReference; lastKnownFileType = sourcecode.swift; path = AdCollectionViewCell.swift; sourceTree = "<group>"; };
		A9EA67B627E8811F001B1C68 /* AdCollectionViewCell.xib */ = {isa = PBXFileReference; lastKnownFileType = file.xib; path = AdCollectionViewCell.xib; sourceTree = "<group>"; };
		A9FFE45D27E9D3CE004F3B33 /* MyPageViewController.swift */ = {isa = PBXFileReference; lastKnownFileType = sourcecode.swift; path = MyPageViewController.swift; sourceTree = "<group>"; };
		A9FFE45F27E9D88C004F3B33 /* KakaoDataManager.swift */ = {isa = PBXFileReference; lastKnownFileType = sourcecode.swift; path = KakaoDataManager.swift; sourceTree = "<group>"; };
		A9FFE46327E9DE14004F3B33 /* KakaoResponse.swift */ = {isa = PBXFileReference; lastKnownFileType = sourcecode.swift; path = KakaoResponse.swift; sourceTree = "<group>"; };
		A9FFE46527E9E93B004F3B33 /* SignUpDataManager.swift */ = {isa = PBXFileReference; lastKnownFileType = sourcecode.swift; path = SignUpDataManager.swift; sourceTree = "<group>"; };
		A9FFE46727E9EAA4004F3B33 /* SignUpRequest.swift */ = {isa = PBXFileReference; lastKnownFileType = sourcecode.swift; path = SignUpRequest.swift; sourceTree = "<group>"; };
		A9FFE46927E9F26E004F3B33 /* SignInResponse.swift */ = {isa = PBXFileReference; lastKnownFileType = sourcecode.swift; path = SignInResponse.swift; sourceTree = "<group>"; };
		A9FFE46B27E9F335004F3B33 /* SignUpResponse.swift */ = {isa = PBXFileReference; lastKnownFileType = sourcecode.swift; path = SignUpResponse.swift; sourceTree = "<group>"; };
		A9FFE46D27EA0500004F3B33 /* SignInRequest.swift */ = {isa = PBXFileReference; lastKnownFileType = sourcecode.swift; path = SignInRequest.swift; sourceTree = "<group>"; };
		A9FFE46F27EA050B004F3B33 /* SignInDataManager.swift */ = {isa = PBXFileReference; lastKnownFileType = sourcecode.swift; path = SignInDataManager.swift; sourceTree = "<group>"; };
		A9FFE47227EA1AD4004F3B33 /* StoreViewController.swift */ = {isa = PBXFileReference; lastKnownFileType = sourcecode.swift; path = StoreViewController.swift; sourceTree = "<group>"; };
		A9FFE47427EACB8C004F3B33 /* Store.storyboard */ = {isa = PBXFileReference; fileEncoding = 4; lastKnownFileType = file.storyboard; path = Store.storyboard; sourceTree = "<group>"; };
		A9FFE47D27EAD367004F3B33 /* StoreTabManViewController.swift */ = {isa = PBXFileReference; lastKnownFileType = sourcecode.swift; path = StoreTabManViewController.swift; sourceTree = "<group>"; };
		A9FFE48C27EAE07F004F3B33 /* StoreHomeViewController.swift */ = {isa = PBXFileReference; lastKnownFileType = sourcecode.swift; path = StoreHomeViewController.swift; sourceTree = "<group>"; };
		A9FFE48E27EAE2A3004F3B33 /* StoreAdCollectionViewCell.swift */ = {isa = PBXFileReference; lastKnownFileType = sourcecode.swift; path = StoreAdCollectionViewCell.swift; sourceTree = "<group>"; };
		A9FFE48F27EAE2A3004F3B33 /* StoreAdCollectionViewCell.xib */ = {isa = PBXFileReference; lastKnownFileType = file.xib; path = StoreAdCollectionViewCell.xib; sourceTree = "<group>"; };
		A9FFE49C27EB1785004F3B33 /* CategoryModel.swift */ = {isa = PBXFileReference; lastKnownFileType = sourcecode.swift; path = CategoryModel.swift; sourceTree = "<group>"; };
		A9FFE49E27EB1790004F3B33 /* Category.swift */ = {isa = PBXFileReference; lastKnownFileType = sourcecode.swift; path = Category.swift; sourceTree = "<group>"; };
		A9FFE4A027EB28B8004F3B33 /* UIView.swift */ = {isa = PBXFileReference; lastKnownFileType = sourcecode.swift; path = UIView.swift; sourceTree = "<group>"; };
		A9FFE4A427EC6E35004F3B33 /* LoginKey.swift */ = {isa = PBXFileReference; lastKnownFileType = sourcecode.swift; path = LoginKey.swift; sourceTree = "<group>"; };
		A9FFE4AA27EC8D62004F3B33 /* TabManIndex.swift */ = {isa = PBXFileReference; lastKnownFileType = sourcecode.swift; path = TabManIndex.swift; sourceTree = "<group>"; };
		A9FFE4AD27ECA025004F3B33 /* TodayDealViewController.swift */ = {isa = PBXFileReference; lastKnownFileType = sourcecode.swift; path = TodayDealViewController.swift; sourceTree = "<group>"; };
		A9FFE4AE27ECA025004F3B33 /* TodayDealViewController.xib */ = {isa = PBXFileReference; lastKnownFileType = file.xib; path = TodayDealViewController.xib; sourceTree = "<group>"; };
		A9FFE4B127ECA30B004F3B33 /* UITabBarController.swift */ = {isa = PBXFileReference; lastKnownFileType = sourcecode.swift; path = UITabBarController.swift; sourceTree = "<group>"; };
		A9FFE4B927EDA045004F3B33 /* HomeCategoryCollectionViewCell.swift */ = {isa = PBXFileReference; lastKnownFileType = sourcecode.swift; path = HomeCategoryCollectionViewCell.swift; sourceTree = "<group>"; };
		A9FFE4BA27EDA045004F3B33 /* HomeCategoryCollectionViewCell.xib */ = {isa = PBXFileReference; lastKnownFileType = file.xib; path = HomeCategoryCollectionViewCell.xib; sourceTree = "<group>"; };
		DA0E1ED45C5E01C8C9D2A98B /* Pods-Bucketplace.release.xcconfig */ = {isa = PBXFileReference; includeInIndex = 1; lastKnownFileType = text.xcconfig; name = "Pods-Bucketplace.release.xcconfig"; path = "Target Support Files/Pods-Bucketplace/Pods-Bucketplace.release.xcconfig"; sourceTree = "<group>"; };
		F7ACC5E93A413BD60776E538 /* Pods_Bucketplace.framework */ = {isa = PBXFileReference; explicitFileType = wrapper.framework; includeInIndex = 0; path = Pods_Bucketplace.framework; sourceTree = BUILT_PRODUCTS_DIR; };
/* End PBXFileReference section */

/* Begin PBXFrameworksBuildPhase section */
		A9A6621327E5F7C90081064C /* Frameworks */ = {
			isa = PBXFrameworksBuildPhase;
			buildActionMask = 2147483647;
			files = (
				2BFBCAE60CA64D27F7AFDF2E /* Pods_Bucketplace.framework in Frameworks */,
			);
			runOnlyForDeploymentPostprocessing = 0;
		};
/* End PBXFrameworksBuildPhase section */

/* Begin PBXGroup section */
		1FC36F4272229341B382F650 /* Frameworks */ = {
			isa = PBXGroup;
			children = (
				F7ACC5E93A413BD60776E538 /* Pods_Bucketplace.framework */,
			);
			name = Frameworks;
			sourceTree = "<group>";
		};
		824A2C945143E634B7B9F815 /* Pods */ = {
			isa = PBXGroup;
			children = (
				487DC1C365E7CE127E7E49B9 /* Pods-Bucketplace.debug.xcconfig */,
				DA0E1ED45C5E01C8C9D2A98B /* Pods-Bucketplace.release.xcconfig */,
			);
			path = Pods;
			sourceTree = "<group>";
		};
		A90B1BEF27E899B0007A70D0 /* Top */ = {
			isa = PBXGroup;
			children = (
				A9FFE49B27EB1715004F3B33 /* TopEntity */,
				A9FFE49A27EB1709004F3B33 /* TopModel */,
				A9EA077C27EDADF800158FCF /* TopDataManager */,
				A90B1C0427E89CC3007A70D0 /* TopViewController.xib */,
				A90B1C0327E89CC3007A70D0 /* TopViewController.swift */,
				A9FFE4BA27EDA045004F3B33 /* HomeCategoryCollectionViewCell.xib */,
				A9FFE4B927EDA045004F3B33 /* HomeCategoryCollectionViewCell.swift */,
			);
			path = Top;
			sourceTree = "<group>";
		};
		A90B1BF227E899F2007A70D0 /* Following */ = {
			isa = PBXGroup;
			children = (
				A90B1C0827E89EEF007A70D0 /* FollowingViewController.xib */,
				A90B1C0727E89EEF007A70D0 /* FollowingViewController.swift */,
			);
			path = Following;
			sourceTree = "<group>";
		};
		A90B1BF327E89A0C007A70D0 /* Photo */ = {
			isa = PBXGroup;
			children = (
				A9C9AD9827EF3C350051D469 /* PhotoModel */,
				A9C9AD9D27F02DA40051D469 /* PhotoEntity */,
				A9C9AD9E27F02DAB0051D469 /* PhotoDanaManager */,
				A9C9ADA327F03D6B0051D469 /* PhotoList */,
				A9C9ADA427F03D810051D469 /* PhotoDetail */,
			);
			path = Photo;
			sourceTree = "<group>";
		};
		A90B1BF427E89A23007A70D0 /* Housewarming */ = {
			isa = PBXGroup;
			children = (
				A92308E627F2D01A00534AA4 /* HousewarmingEntity */,
				A92308E727F2D02500534AA4 /* HousewarmingDataManager */,
				A90B1C1027E89F06007A70D0 /* HousewarmingViewController.xib */,
				A90B1C0F27E89F06007A70D0 /* HousewarmingViewController.swift */,
				A92308E327F2CBC400534AA4 /* HousewarmingCollectionViewCell.xib */,
				A92308E227F2CBC400534AA4 /* HousewarmingCollectionViewCell.swift */,
			);
			path = Housewarming;
			sourceTree = "<group>";
		};
		A90B1BF527E89A83007A70D0 /* KnowHow */ = {
			isa = PBXGroup;
			children = (
				A92FBDBC27F2EB1900BE3A19 /* KnowHowEntity */,
				A92FBDBB27F2EB0C00BE3A19 /* KnowHowDataManager */,
				A90B1C1427E89F12007A70D0 /* KnowHowViewController.xib */,
				A90B1C1327E89F12007A70D0 /* KnowHowViewController.swift */,
				A92308ED27F2D75600534AA4 /* KnowHowCollectionViewCell.xib */,
				A92308EC27F2D75600534AA4 /* KnowHowCollectionViewCell.swift */,
			);
			path = KnowHow;
			sourceTree = "<group>";
		};
		A90B1BF627E89A98007A70D0 /* QnA */ = {
			isa = PBXGroup;
			children = (
				A90B1C1727E89F1B007A70D0 /* QnAViewController.swift */,
				A90B1C1827E89F1B007A70D0 /* QnAViewController.xib */,
			);
			path = QnA;
			sourceTree = "<group>";
		};
		A90B1C1D27E98614007A70D0 /* Store */ = {
			isa = PBXGroup;
			children = (
				A9C9ADD827F1BFC60051D469 /* StoreEntity */,
				A9C9ADD927F1BFCD0051D469 /* StoreDataManager */,
				A9FFE47427EACB8C004F3B33 /* Store.storyboard */,
				A9FFE47227EA1AD4004F3B33 /* StoreViewController.swift */,
				A9FFE47D27EAD367004F3B33 /* StoreTabManViewController.swift */,
				A9FFE47F27EAD464004F3B33 /* StoreHome */,
				A9EA079427EDDBE300158FCF /* StoreCategory */,
				A9FFE4AC27ECA005004F3B33 /* TodayDeal */,
			);
			path = Store;
			sourceTree = "<group>";
		};
		A92308E627F2D01A00534AA4 /* HousewarmingEntity */ = {
			isa = PBXGroup;
			children = (
				A92308E827F2D03A00534AA4 /* HousewarmingResponse.swift */,
			);
			path = HousewarmingEntity;
			sourceTree = "<group>";
		};
		A92308E727F2D02500534AA4 /* HousewarmingDataManager */ = {
			isa = PBXGroup;
			children = (
				A92308EA27F2D04700534AA4 /* HousewarmingDataManager.swift */,
			);
			path = HousewarmingDataManager;
			sourceTree = "<group>";
		};
		A92308F027F2E4FA00534AA4 /* ProHousewarming */ = {
			isa = PBXGroup;
			children = (
				A92FBDBE27F2EB2700BE3A19 /* ProHousewarmingEntity */,
				A92FBDBD27F2EB2000BE3A19 /* ProHouseDataManager */,
				A92308F227F2E52D00534AA4 /* ProHousewarmingViewController.xib */,
				A92308F127F2E52D00534AA4 /* ProHousewarmingViewController.swift */,
				A92308F627F2E5FC00534AA4 /* ProHousewarmingCollectionViewCell.xib */,
				A92308F527F2E5FC00534AA4 /* ProHousewarmingCollectionViewCell.swift */,
			);
			path = ProHousewarming;
			sourceTree = "<group>";
		};
		A92FBDBB27F2EB0C00BE3A19 /* KnowHowDataManager */ = {
			isa = PBXGroup;
			children = (
				A92FBDC127F2EB4100BE3A19 /* KnowHowDataManager.swift */,
			);
			path = KnowHowDataManager;
			sourceTree = "<group>";
		};
		A92FBDBC27F2EB1900BE3A19 /* KnowHowEntity */ = {
			isa = PBXGroup;
			children = (
				A92FBDBF27F2EB3600BE3A19 /* KnowHowResponse.swift */,
			);
			path = KnowHowEntity;
			sourceTree = "<group>";
		};
		A92FBDBD27F2EB2000BE3A19 /* ProHouseDataManager */ = {
			isa = PBXGroup;
			children = (
				A92FBDC527F2EBB300BE3A19 /* ProHousewarmingDataManager.swift */,
			);
			path = ProHouseDataManager;
			sourceTree = "<group>";
		};
		A92FBDBE27F2EB2700BE3A19 /* ProHousewarmingEntity */ = {
			isa = PBXGroup;
			children = (
				A92FBDC327F2EB4F00BE3A19 /* ProHousewarmingResponse.swift */,
			);
			path = ProHousewarmingEntity;
			sourceTree = "<group>";
		};
		A9A6620D27E5F7C90081064C = {
			isa = PBXGroup;
			children = (
				A9A6621827E5F7C90081064C /* Bucketplace */,
				A9A6621727E5F7C90081064C /* Products */,
				824A2C945143E634B7B9F815 /* Pods */,
				1FC36F4272229341B382F650 /* Frameworks */,
			);
			sourceTree = "<group>";
		};
		A9A6621727E5F7C90081064C /* Products */ = {
			isa = PBXGroup;
			children = (
				A9A6621627E5F7C90081064C /* Bucketplace.app */,
			);
			name = Products;
			sourceTree = "<group>";
		};
		A9A6621827E5F7C90081064C /* Bucketplace */ = {
			isa = PBXGroup;
			children = (
				A9BC5C1B27E6FD4B00D91901 /* Configuration */,
				A9FFE47627EACE2E004F3B33 /* Base */,
				A9BC5C1F27E6FD9200D91901 /* Util */,
				A9BC5C1C27E6FD5200D91901 /* Source */,
				A9A6622227E5F7CA0081064C /* Assets.xcassets */,
				A9A6621927E5F7C90081064C /* AppDelegate.swift */,
				A9A6621B27E5F7C90081064C /* SceneDelegate.swift */,
				A9A6622427E5F7CA0081064C /* LaunchScreen.storyboard */,
				A9A6622727E5F7CA0081064C /* Info.plist */,
			);
			path = Bucketplace;
			sourceTree = "<group>";
		};
		A9BC5C1B27E6FD4B00D91901 /* Configuration */ = {
			isa = PBXGroup;
			children = (
				A9BC5C1D27E6FD8B00D91901 /* Constant.swift */,
				A9FFE4AA27EC8D62004F3B33 /* TabManIndex.swift */,
				A9C9ADAD27F049870051D469 /* ID.swift */,
				A9EA67B027E86BAE001B1C68 /* Secret */,
			);
			path = Configuration;
			sourceTree = "<group>";
		};
		A9BC5C1C27E6FD5200D91901 /* Source */ = {
			isa = PBXGroup;
			children = (
				A9C9ADB527F0631F0051D469 /* Entity */,
				A9C9ADB627F063260051D469 /* DataManager */,
				A9A6621F27E5F7C90081064C /* Main.storyboard */,
				A9A6621D27E5F7C90081064C /* TabBarController.swift */,
				A9BC5C3E27E70EF900D91901 /* Login */,
				A9BC5C4527E716A800D91901 /* Home */,
				A90B1C1D27E98614007A70D0 /* Store */,
				A9BC5C2B27E6FE6500D91901 /* MyPage */,
				A9C9ADD727F1B6140051D469 /* Cart */,
			);
			path = Source;
			sourceTree = "<group>";
		};
		A9BC5C1F27E6FD9200D91901 /* Util */ = {
			isa = PBXGroup;
			children = (
				A9BC5C2927E6FE2000D91901 /* IndicatorView.swift */,
				A9EA079227EDD5B200158FCF /* Functions.swift */,
				A9C9ADB327F05DE80051D469 /* LeftAlignedCollectionViewFlowLayout.swift */,
				A9BC5C2027E6FD9900D91901 /* Extension */,
			);
			path = Util;
			sourceTree = "<group>";
		};
		A9BC5C2027E6FD9900D91901 /* Extension */ = {
			isa = PBXGroup;
			children = (
				A9BC5C2127E6FDA800D91901 /* String.swift */,
				A9BC5C2327E6FDAF00D91901 /* UIColor.swift */,
				A9BC5C2527E6FDB700D91901 /* UINavigationController.swift */,
				A9BC5C2727E6FDBF00D91901 /* UIViewController.swift */,
				A9FFE4A027EB28B8004F3B33 /* UIView.swift */,
				A9FFE4B127ECA30B004F3B33 /* UITabBarController.swift */,
			);
			path = Extension;
			sourceTree = "<group>";
		};
		A9BC5C2B27E6FE6500D91901 /* MyPage */ = {
			isa = PBXGroup;
			children = (
				A9BC5C3C27E7021E00D91901 /* MyPage.storyboard */,
				A9FFE45D27E9D3CE004F3B33 /* MyPageViewController.swift */,
				A9BC5C3A27E700CC00D91901 /* MyPageTabManViewController.swift */,
				A9EA078F27EDD38200158FCF /* Profile */,
				A9EA079127EDD38D00158FCF /* MyShopping */,
			);
			path = MyPage;
			sourceTree = "<group>";
		};
		A9BC5C3E27E70EF900D91901 /* Login */ = {
			isa = PBXGroup;
			children = (
				A9EA67AE27E863B1001B1C68 /* Login.storyboard */,
				A90B1C2427E9B2FA007A70D0 /* LoginNavigationController.swift */,
				A9FFE46127E9D8A1004F3B33 /* LoginEntity */,
				A9FFE46227E9D8A9004F3B33 /* LoginDataManager */,
				A9BC5C3F27E70F5600D91901 /* LoginViewController.swift */,
				A90B1C1E27E986BF007A70D0 /* SignInViewController.swift */,
				A90B1C2027E986DF007A70D0 /* SignUpViewController.swift */,
			);
			path = Login;
			sourceTree = "<group>";
		};
		A9BC5C4527E716A800D91901 /* Home */ = {
			isa = PBXGroup;
			children = (
				A9BC5C4827E716EB00D91901 /* Home.storyboard */,
				A9BC5C4627E716C000D91901 /* HomeViewController.swift */,
				A90B1BED27E89947007A70D0 /* HomeTabManViewController.swift */,
				A90B1BEF27E899B0007A70D0 /* Top */,
				A90B1BF227E899F2007A70D0 /* Following */,
				A90B1BF327E89A0C007A70D0 /* Photo */,
				A90B1BF427E89A23007A70D0 /* Housewarming */,
				A90B1BF527E89A83007A70D0 /* KnowHow */,
				A92308F027F2E4FA00534AA4 /* ProHousewarming */,
				A90B1BF627E89A98007A70D0 /* QnA */,
			);
			path = Home;
			sourceTree = "<group>";
		};
		A9C9AD9827EF3C350051D469 /* PhotoModel */ = {
			isa = PBXGroup;
			children = (
				A9C9AD9927EF3C460051D469 /* PhotoMainModel.swift */,
				A9C9AD9B27EF3C4E0051D469 /* PhotoFilterModel.swift */,
			);
			path = PhotoModel;
			sourceTree = "<group>";
		};
		A9C9AD9D27F02DA40051D469 /* PhotoEntity */ = {
			isa = PBXGroup;
			children = (
				A9C9AD9F27F02DF00051D469 /* PhotoListResponse.swift */,
				A9C9ADAF27F04A1F0051D469 /* PhotoDetailResponse.swift */,
				A92308DE27F1FC6900534AA4 /* MetaResponse.swift */,
			);
			path = PhotoEntity;
			sourceTree = "<group>";
		};
		A9C9AD9E27F02DAB0051D469 /* PhotoDanaManager */ = {
			isa = PBXGroup;
			children = (
				A9C9ADA127F02F1A0051D469 /* PhotoListDataManager.swift */,
				A9C9ADB127F04C080051D469 /* PhotoDetailDataManager.swift */,
				A92308E027F1FF4C00534AA4 /* MetaDataManager.swift */,
			);
			path = PhotoDanaManager;
			sourceTree = "<group>";
		};
		A9C9ADA327F03D6B0051D469 /* PhotoList */ = {
			isa = PBXGroup;
			children = (
				A90B1C0C27E89EFB007A70D0 /* PhotoViewController.xib */,
				A90B1C0B27E89EFB007A70D0 /* PhotoViewController.swift */,
				A9C9AD9127EF3BCA0051D469 /* PhotoMainCollectionViewCell.xib */,
				A9C9AD9027EF3BCA0051D469 /* PhotoMainCollectionViewCell.swift */,
				A9C9AD9527EF3BDA0051D469 /* PhotoFilterCollectionViewCell.xib */,
				A9C9AD9427EF3BDA0051D469 /* PhotoFilterCollectionViewCell.swift */,
				A9C9AD8D27EF38070051D469 /* PhotoCollectionViewCell.xib */,
				A9C9AD8C27EF38070051D469 /* PhotoCollectionViewCell.swift */,
			);
			path = PhotoList;
			sourceTree = "<group>";
		};
		A9C9ADA427F03D810051D469 /* PhotoDetail */ = {
			isa = PBXGroup;
			children = (
				A9C9ADA627F03D980051D469 /* PhotoDetailViewController.xib */,
				A9C9ADA527F03D980051D469 /* PhotoDetailViewController.swift */,
				A9C9ADAA27F044590051D469 /* KeywordsCollectionViewCell.xib */,
				A9C9ADA927F044590051D469 /* KeywordsCollectionViewCell.swift */,
			);
			path = PhotoDetail;
			sourceTree = "<group>";
		};
		A9C9ADB527F0631F0051D469 /* Entity */ = {
			isa = PBXGroup;
			children = (
				A9C9ADB727F063340051D469 /* FeedUserResponse.swift */,
				A9C9ADBF27F072530051D469 /* FollowRequest.swift */,
				A9C9ADBB27F0702A0051D469 /* FollowResponse.swift */,
				A9C9ADC527F07F480051D469 /* unFollowResponse.swift */,
			);
			path = Entity;
			sourceTree = "<group>";
		};
		A9C9ADB627F063260051D469 /* DataManager */ = {
			isa = PBXGroup;
			children = (
				A9C9ADB927F0644A0051D469 /* FeedUserDataManager.swift */,
				A9C9ADBD27F0720A0051D469 /* FollowDataManager.swift */,
			);
			path = DataManager;
			sourceTree = "<group>";
		};
		A9C9ADD727F1B6140051D469 /* Cart */ = {
			isa = PBXGroup;
			children = (
			);
			path = Cart;
			sourceTree = "<group>";
		};
		A9C9ADD827F1BFC60051D469 /* StoreEntity */ = {
			isa = PBXGroup;
			children = (
				A9C9ADDA27F1BFE70051D469 /* TodayDealResponse.swift */,
				A9C9ADE227F1C6D30051D469 /* RecentResponse.swift */,
				A92308D227F1EAFF00534AA4 /* PopularResponse.swift */,
				A92308DA27F1EFBA00534AA4 /* ProductResponse.swift */,
			);
			path = StoreEntity;
			sourceTree = "<group>";
		};
		A9C9ADD927F1BFCD0051D469 /* StoreDataManager */ = {
			isa = PBXGroup;
			children = (
				A9C9ADDC27F1C0200051D469 /* TodayDealDataManager.swift */,
				A9C9ADE427F1C7170051D469 /* RecentDataManager.swift */,
				A92308D427F1EB4600534AA4 /* PopularDataManager.swift */,
				A92308DC27F1F16D00534AA4 /* ProductDataManager.swift */,
			);
			path = StoreDataManager;
			sourceTree = "<group>";
		};
		A9EA077C27EDADF800158FCF /* TopDataManager */ = {
			isa = PBXGroup;
			children = (
				A9EA077D27EDAE0F00158FCF /* HomeFirstDataManager.swift */,
				A9EA078127EDBF1400158FCF /* HomeSecondDataManager.swift */,
				A9EA078727EDC15600158FCF /* HomeThirdDataManager.swift */,
			);
			path = TopDataManager;
			sourceTree = "<group>";
		};
		A9EA078927EDD17500158FCF /* ProfileEntity */ = {
			isa = PBXGroup;
			children = (
				A9EA078B27EDD1CE00158FCF /* ProfileResponse.swift */,
			);
			path = ProfileEntity;
			sourceTree = "<group>";
		};
		A9EA078A27EDD1BA00158FCF /* ProfileDataManager */ = {
			isa = PBXGroup;
			children = (
				A9EA078D27EDD2C800158FCF /* ProfileDataManager.swift */,
			);
			path = ProfileDataManager;
			sourceTree = "<group>";
		};
		A9EA078F27EDD38200158FCF /* Profile */ = {
			isa = PBXGroup;
			children = (
				A9EA078927EDD17500158FCF /* ProfileEntity */,
				A9EA078A27EDD1BA00158FCF /* ProfileDataManager */,
				A9BC5C3627E7008C00D91901 /* ProfileViewController.swift */,
				A9EA67B627E8811F001B1C68 /* AdCollectionViewCell.xib */,
				A9EA67B527E8811F001B1C68 /* AdCollectionViewCell.swift */,
			);
			path = Profile;
			sourceTree = "<group>";
		};
		A9EA079127EDD38D00158FCF /* MyShopping */ = {
			isa = PBXGroup;
			children = (
				A9BC5C3827E7009D00D91901 /* MyShoppingViewController.swift */,
			);
			path = MyShopping;
			sourceTree = "<group>";
		};
		A9EA079427EDDBE300158FCF /* StoreCategory */ = {
			isa = PBXGroup;
			children = (
				A9EA079627EDDD7F00158FCF /* CategoryViewController.xib */,
				A9EA079527EDDD7F00158FCF /* CategoryViewController.swift */,
				A9C9ADC827F081EC0051D469 /* ProductCollectionViewCell.xib */,
				A9C9ADC727F081EC0051D469 /* ProductCollectionViewCell.swift */,
				A9C9ADCC27F189EC0051D469 /* ProductDetailViewController.xib */,
				A9C9ADCB27F189EC0051D469 /* ProductDetailViewController.swift */,
				A9C9ADD427F1B38A0051D469 /* BuyViewController.xib */,
				A9C9ADD327F1B38A0051D469 /* BuyViewController.swift */,
			);
			path = StoreCategory;
			sourceTree = "<group>";
		};
		A9EA67B027E86BAE001B1C68 /* Secret */ = {
			isa = PBXGroup;
			children = (
				A9EA67B127E86BBE001B1C68 /* SecretKey.swift */,
				A9FFE4A427EC6E35004F3B33 /* LoginKey.swift */,
			);
			path = Secret;
			sourceTree = "<group>";
		};
		A9FFE46127E9D8A1004F3B33 /* LoginEntity */ = {
			isa = PBXGroup;
			children = (
				A9FFE46327E9DE14004F3B33 /* KakaoResponse.swift */,
				A9FFE46727E9EAA4004F3B33 /* SignUpRequest.swift */,
				A9FFE46B27E9F335004F3B33 /* SignUpResponse.swift */,
				A9FFE46D27EA0500004F3B33 /* SignInRequest.swift */,
				A9FFE46927E9F26E004F3B33 /* SignInResponse.swift */,
			);
			path = LoginEntity;
			sourceTree = "<group>";
		};
		A9FFE46227E9D8A9004F3B33 /* LoginDataManager */ = {
			isa = PBXGroup;
			children = (
				A9FFE45F27E9D88C004F3B33 /* KakaoDataManager.swift */,
				A9FFE46527E9E93B004F3B33 /* SignUpDataManager.swift */,
				A9FFE46F27EA050B004F3B33 /* SignInDataManager.swift */,
			);
			path = LoginDataManager;
			sourceTree = "<group>";
		};
		A9FFE47627EACE2E004F3B33 /* Base */ = {
			isa = PBXGroup;
			children = (
				A9C9ADC127F074150051D469 /* FollowViewController.swift */,
			);
			path = Base;
			sourceTree = "<group>";
		};
		A9FFE47F27EAD464004F3B33 /* StoreHome */ = {
			isa = PBXGroup;
			children = (
				A9FFE48C27EAE07F004F3B33 /* StoreHomeViewController.swift */,
				A9FFE48F27EAE2A3004F3B33 /* StoreAdCollectionViewCell.xib */,
				A9FFE48E27EAE2A3004F3B33 /* StoreAdCollectionViewCell.swift */,
				A9C9ADDF27F1C5350051D469 /* RecentCollectionViewCell.xib */,
				A9C9ADDE27F1C5350051D469 /* RecentCollectionViewCell.swift */,
				A92308D727F1EC6700534AA4 /* PopularCollectionViewCell.xib */,
				A92308D627F1EC6700534AA4 /* PopularCollectionViewCell.swift */,
			);
			path = StoreHome;
			sourceTree = "<group>";
		};
		A9FFE49A27EB1709004F3B33 /* TopModel */ = {
			isa = PBXGroup;
			children = (
				A9FFE49C27EB1785004F3B33 /* CategoryModel.swift */,
			);
			path = TopModel;
			sourceTree = "<group>";
		};
		A9FFE49B27EB1715004F3B33 /* TopEntity */ = {
			isa = PBXGroup;
			children = (
				A9FFE49E27EB1790004F3B33 /* Category.swift */,
				A9EA077A27EDAC5D00158FCF /* HomeFirstResponse.swift */,
				A9EA078327EDBF2100158FCF /* HomeSecondResponse.swift */,
				A9EA078527EDC13500158FCF /* HomeThirdResponse.swift */,
			);
			path = TopEntity;
			sourceTree = "<group>";
		};
		A9FFE4AC27ECA005004F3B33 /* TodayDeal */ = {
			isa = PBXGroup;
			children = (
				A9FFE4AE27ECA025004F3B33 /* TodayDealViewController.xib */,
				A9FFE4AD27ECA025004F3B33 /* TodayDealViewController.swift */,
				A9EA079C27EDEF8900158FCF /* TodayDealCollectionViewCell.xib */,
				A9EA079B27EDEF8900158FCF /* TodayDealCollectionViewCell.swift */,
				A9EA07A027EDF43100158FCF /* TodayDealHeaderCollectionReusableView.xib */,
				A9EA079F27EDF43100158FCF /* TodayDealHeaderCollectionReusableView.swift */,
			);
			path = TodayDeal;
			sourceTree = "<group>";
		};
/* End PBXGroup section */

/* Begin PBXNativeTarget section */
		A9A6621527E5F7C90081064C /* Bucketplace */ = {
			isa = PBXNativeTarget;
			buildConfigurationList = A9A6622A27E5F7CA0081064C /* Build configuration list for PBXNativeTarget "Bucketplace" */;
			buildPhases = (
				2D5C7DCB1939A16E94DE6D52 /* [CP] Check Pods Manifest.lock */,
				A9A6621227E5F7C90081064C /* Sources */,
				A9A6621327E5F7C90081064C /* Frameworks */,
				A9A6621427E5F7C90081064C /* Resources */,
				9E49B749B77DDB3EE6F1C534 /* [CP] Embed Pods Frameworks */,
			);
			buildRules = (
			);
			dependencies = (
			);
			name = Bucketplace;
			productName = Bucketplace;
			productReference = A9A6621627E5F7C90081064C /* Bucketplace.app */;
			productType = "com.apple.product-type.application";
		};
/* End PBXNativeTarget section */

/* Begin PBXProject section */
		A9A6620E27E5F7C90081064C /* Project object */ = {
			isa = PBXProject;
			attributes = {
				BuildIndependentTargetsInParallel = 1;
				LastSwiftUpdateCheck = 1330;
				LastUpgradeCheck = 1330;
				TargetAttributes = {
					A9A6621527E5F7C90081064C = {
						CreatedOnToolsVersion = 13.3;
					};
				};
			};
			buildConfigurationList = A9A6621127E5F7C90081064C /* Build configuration list for PBXProject "Bucketplace" */;
			compatibilityVersion = "Xcode 13.0";
			developmentRegion = en;
			hasScannedForEncodings = 0;
			knownRegions = (
				en,
				Base,
			);
			mainGroup = A9A6620D27E5F7C90081064C;
			productRefGroup = A9A6621727E5F7C90081064C /* Products */;
			projectDirPath = "";
			projectRoot = "";
			targets = (
				A9A6621527E5F7C90081064C /* Bucketplace */,
			);
		};
/* End PBXProject section */

/* Begin PBXResourcesBuildPhase section */
		A9A6621427E5F7C90081064C /* Resources */ = {
			isa = PBXResourcesBuildPhase;
			buildActionMask = 2147483647;
			files = (
				A90B1C1A27E89F1B007A70D0 /* QnAViewController.xib in Resources */,
				A90B1C0627E89CC3007A70D0 /* TopViewController.xib in Resources */,
				A92308EF27F2D75600534AA4 /* KnowHowCollectionViewCell.xib in Resources */,
				A90B1C0E27E89EFB007A70D0 /* PhotoViewController.xib in Resources */,
				A90B1C1227E89F06007A70D0 /* HousewarmingViewController.xib in Resources */,
				A92308D927F1EC6700534AA4 /* PopularCollectionViewCell.xib in Resources */,
				A9A6622627E5F7CA0081064C /* LaunchScreen.storyboard in Resources */,
				A9FFE4B027ECA026004F3B33 /* TodayDealViewController.xib in Resources */,
				A9C9AD9327EF3BCA0051D469 /* PhotoMainCollectionViewCell.xib in Resources */,
				A9FFE4BC27EDA045004F3B33 /* HomeCategoryCollectionViewCell.xib in Resources */,
				A90B1C0A27E89EEF007A70D0 /* FollowingViewController.xib in Resources */,
				A9A6622327E5F7CA0081064C /* Assets.xcassets in Resources */,
				A9EA079E27EDEF8900158FCF /* TodayDealCollectionViewCell.xib in Resources */,
				A90B1C1627E89F12007A70D0 /* KnowHowViewController.xib in Resources */,
				A9EA67AF27E863B1001B1C68 /* Login.storyboard in Resources */,
				A9C9ADD627F1B38A0051D469 /* BuyViewController.xib in Resources */,
				A9FFE49127EAE2A3004F3B33 /* StoreAdCollectionViewCell.xib in Resources */,
				A9BC5C4927E716EB00D91901 /* Home.storyboard in Resources */,
				A9C9AD9727EF3BDA0051D469 /* PhotoFilterCollectionViewCell.xib in Resources */,
				A9C9ADE127F1C5350051D469 /* RecentCollectionViewCell.xib in Resources */,
				A9A6622127E5F7C90081064C /* Main.storyboard in Resources */,
				A9EA079827EDDD7F00158FCF /* CategoryViewController.xib in Resources */,
				A9C9ADA827F03D980051D469 /* PhotoDetailViewController.xib in Resources */,
				A9EA07A227EDF43100158FCF /* TodayDealHeaderCollectionReusableView.xib in Resources */,
				A9C9ADCE27F189EC0051D469 /* ProductDetailViewController.xib in Resources */,
				A9EA67B827E8811F001B1C68 /* AdCollectionViewCell.xib in Resources */,
				A9C9AD8F27EF38070051D469 /* PhotoCollectionViewCell.xib in Resources */,
				A9FFE47527EACB8C004F3B33 /* Store.storyboard in Resources */,
				A9C9ADAC27F044590051D469 /* KeywordsCollectionViewCell.xib in Resources */,
				A92308E527F2CBC400534AA4 /* HousewarmingCollectionViewCell.xib in Resources */,
				A92308F427F2E52D00534AA4 /* ProHousewarmingViewController.xib in Resources */,
				A92308F827F2E5FC00534AA4 /* ProHousewarmingCollectionViewCell.xib in Resources */,
				A9C9ADCA27F081EC0051D469 /* ProductCollectionViewCell.xib in Resources */,
				A9BC5C3D27E7021E00D91901 /* MyPage.storyboard in Resources */,
			);
			runOnlyForDeploymentPostprocessing = 0;
		};
/* End PBXResourcesBuildPhase section */

/* Begin PBXShellScriptBuildPhase section */
		2D5C7DCB1939A16E94DE6D52 /* [CP] Check Pods Manifest.lock */ = {
			isa = PBXShellScriptBuildPhase;
			buildActionMask = 2147483647;
			files = (
			);
			inputFileListPaths = (
			);
			inputPaths = (
				"${PODS_PODFILE_DIR_PATH}/Podfile.lock",
				"${PODS_ROOT}/Manifest.lock",
			);
			name = "[CP] Check Pods Manifest.lock";
			outputFileListPaths = (
			);
			outputPaths = (
				"$(DERIVED_FILE_DIR)/Pods-Bucketplace-checkManifestLockResult.txt",
			);
			runOnlyForDeploymentPostprocessing = 0;
			shellPath = /bin/sh;
			shellScript = "diff \"${PODS_PODFILE_DIR_PATH}/Podfile.lock\" \"${PODS_ROOT}/Manifest.lock\" > /dev/null\nif [ $? != 0 ] ; then\n    # print error to STDERR\n    echo \"error: The sandbox is not in sync with the Podfile.lock. Run 'pod install' or update your CocoaPods installation.\" >&2\n    exit 1\nfi\n# This output is used by Xcode 'outputs' to avoid re-running this script phase.\necho \"SUCCESS\" > \"${SCRIPT_OUTPUT_FILE_0}\"\n";
			showEnvVarsInLog = 0;
		};
		9E49B749B77DDB3EE6F1C534 /* [CP] Embed Pods Frameworks */ = {
			isa = PBXShellScriptBuildPhase;
			buildActionMask = 2147483647;
			files = (
			);
			inputFileListPaths = (
				"${PODS_ROOT}/Target Support Files/Pods-Bucketplace/Pods-Bucketplace-frameworks-${CONFIGURATION}-input-files.xcfilelist",
			);
			name = "[CP] Embed Pods Frameworks";
			outputFileListPaths = (
				"${PODS_ROOT}/Target Support Files/Pods-Bucketplace/Pods-Bucketplace-frameworks-${CONFIGURATION}-output-files.xcfilelist",
			);
			runOnlyForDeploymentPostprocessing = 0;
			shellPath = /bin/sh;
			shellScript = "\"${PODS_ROOT}/Target Support Files/Pods-Bucketplace/Pods-Bucketplace-frameworks.sh\"\n";
			showEnvVarsInLog = 0;
		};
/* End PBXShellScriptBuildPhase section */

/* Begin PBXSourcesBuildPhase section */
		A9A6621227E5F7C90081064C /* Sources */ = {
			isa = PBXSourcesBuildPhase;
			buildActionMask = 2147483647;
			files = (
				A92FBDC427F2EB4F00BE3A19 /* ProHousewarmingResponse.swift in Sources */,
				A9FFE47E27EAD367004F3B33 /* StoreTabManViewController.swift in Sources */,
				A9FFE4A527EC6E35004F3B33 /* LoginKey.swift in Sources */,
				A9FFE49F27EB1790004F3B33 /* Category.swift in Sources */,
				A9C9ADA027F02DF00051D469 /* PhotoListResponse.swift in Sources */,
				A9C9ADDB27F1BFE70051D469 /* TodayDealResponse.swift in Sources */,
				A9C9ADAB27F044590051D469 /* KeywordsCollectionViewCell.swift in Sources */,
				A92308DF27F1FC6900534AA4 /* MetaResponse.swift in Sources */,
				A92308F727F2E5FC00534AA4 /* ProHousewarmingCollectionViewCell.swift in Sources */,
				A9EA079327EDD5B200158FCF /* Functions.swift in Sources */,
				A9C9ADE027F1C5350051D469 /* RecentCollectionViewCell.swift in Sources */,
				A9EA077B27EDAC5D00158FCF /* HomeFirstResponse.swift in Sources */,
				A9BC5C4127E70F5600D91901 /* LoginViewController.swift in Sources */,
				A9C9ADB427F05DE80051D469 /* LeftAlignedCollectionViewFlowLayout.swift in Sources */,
				A9EA07A127EDF43100158FCF /* TodayDealHeaderCollectionReusableView.swift in Sources */,
				A9C9ADBE27F0720A0051D469 /* FollowDataManager.swift in Sources */,
				A90B1C1927E89F1B007A70D0 /* QnAViewController.swift in Sources */,
				A9A6621E27E5F7C90081064C /* TabBarController.swift in Sources */,
				A9C9ADA227F02F1A0051D469 /* PhotoListDataManager.swift in Sources */,
				A9EA079D27EDEF8900158FCF /* TodayDealCollectionViewCell.swift in Sources */,
				A9EA077E27EDAE0F00158FCF /* HomeFirstDataManager.swift in Sources */,
				A92308D827F1EC6700534AA4 /* PopularCollectionViewCell.swift in Sources */,
				A90B1C1527E89F12007A70D0 /* KnowHowViewController.swift in Sources */,
				A92308DB27F1EFBA00534AA4 /* ProductResponse.swift in Sources */,
				A9BC5C2427E6FDAF00D91901 /* UIColor.swift in Sources */,
				A9FFE46027E9D88C004F3B33 /* KakaoDataManager.swift in Sources */,
				A9FFE46A27E9F26E004F3B33 /* SignInResponse.swift in Sources */,
				A9C9ADB027F04A1F0051D469 /* PhotoDetailResponse.swift in Sources */,
				A9FFE4B227ECA30B004F3B33 /* UITabBarController.swift in Sources */,
				A9C9ADE327F1C6D30051D469 /* RecentResponse.swift in Sources */,
				A9C9ADC627F07F480051D469 /* unFollowResponse.swift in Sources */,
				A9BC5C3927E7009D00D91901 /* MyShoppingViewController.swift in Sources */,
				A9EA67B727E8811F001B1C68 /* AdCollectionViewCell.swift in Sources */,
				A9C9AD9C27EF3C4E0051D469 /* PhotoFilterModel.swift in Sources */,
				A9FFE4BB27EDA045004F3B33 /* HomeCategoryCollectionViewCell.swift in Sources */,
				A9C9ADB227F04C080051D469 /* PhotoDetailDataManager.swift in Sources */,
				A9A6621A27E5F7C90081064C /* AppDelegate.swift in Sources */,
				A9C9AD9227EF3BCA0051D469 /* PhotoMainCollectionViewCell.swift in Sources */,
				A9EA078E27EDD2C800158FCF /* ProfileDataManager.swift in Sources */,
				A9FFE47027EA050B004F3B33 /* SignInDataManager.swift in Sources */,
				A9EA078427EDBF2100158FCF /* HomeSecondResponse.swift in Sources */,
				A9BC5C4727E716C000D91901 /* HomeViewController.swift in Sources */,
				A92308DD27F1F16D00534AA4 /* ProductDataManager.swift in Sources */,
				A9EA079727EDDD7F00158FCF /* CategoryViewController.swift in Sources */,
				A9EA078C27EDD1CE00158FCF /* ProfileResponse.swift in Sources */,
				A9BC5C2227E6FDA800D91901 /* String.swift in Sources */,
				A9FFE45E27E9D3CE004F3B33 /* MyPageViewController.swift in Sources */,
				A9BC5C2A27E6FE2000D91901 /* IndicatorView.swift in Sources */,
				A9FFE49D27EB1785004F3B33 /* CategoryModel.swift in Sources */,
				A90B1C1127E89F06007A70D0 /* HousewarmingViewController.swift in Sources */,
				A92308EE27F2D75600534AA4 /* KnowHowCollectionViewCell.swift in Sources */,
				A90B1C2527E9B2FA007A70D0 /* LoginNavigationController.swift in Sources */,
				A90B1C1F27E986BF007A70D0 /* SignInViewController.swift in Sources */,
				A92308F327F2E52D00534AA4 /* ProHousewarmingViewController.swift in Sources */,
				A9C9ADC027F072530051D469 /* FollowRequest.swift in Sources */,
				A9FFE48D27EAE07F004F3B33 /* StoreHomeViewController.swift in Sources */,
				A9C9ADAE27F049870051D469 /* ID.swift in Sources */,
				A9C9ADCD27F189EC0051D469 /* ProductDetailViewController.swift in Sources */,
				A9FFE49027EAE2A3004F3B33 /* StoreAdCollectionViewCell.swift in Sources */,
				A90B1C0527E89CC3007A70D0 /* TopViewController.swift in Sources */,
				A92FBDC627F2EBB300BE3A19 /* ProHousewarmingDataManager.swift in Sources */,
				A9FFE46827E9EAA4004F3B33 /* SignUpRequest.swift in Sources */,
				A9C9ADC927F081EC0051D469 /* ProductCollectionViewCell.swift in Sources */,
				A90B1C0D27E89EFB007A70D0 /* PhotoViewController.swift in Sources */,
				A9FFE4AB27EC8D62004F3B33 /* TabManIndex.swift in Sources */,
				A9EA078627EDC13500158FCF /* HomeThirdResponse.swift in Sources */,
				A92308E927F2D03A00534AA4 /* HousewarmingResponse.swift in Sources */,
				A9EA67B227E86BBE001B1C68 /* SecretKey.swift in Sources */,
				A9C9AD8E27EF38070051D469 /* PhotoCollectionViewCell.swift in Sources */,
				A92308E427F2CBC400534AA4 /* HousewarmingCollectionViewCell.swift in Sources */,
				A9C9AD9627EF3BDA0051D469 /* PhotoFilterCollectionViewCell.swift in Sources */,
				A9C9ADD527F1B38A0051D469 /* BuyViewController.swift in Sources */,
				A9C9ADA727F03D980051D469 /* PhotoDetailViewController.swift in Sources */,
				A9C9AD9A27EF3C460051D469 /* PhotoMainModel.swift in Sources */,
				A9BC5C3727E7008C00D91901 /* ProfileViewController.swift in Sources */,
				A90B1BEE27E89947007A70D0 /* HomeTabManViewController.swift in Sources */,
				A92308D327F1EAFF00534AA4 /* PopularResponse.swift in Sources */,
				A9A6621C27E5F7C90081064C /* SceneDelegate.swift in Sources */,
				A9BC5C3B27E700CC00D91901 /* MyPageTabManViewController.swift in Sources */,
				A9FFE46C27E9F335004F3B33 /* SignUpResponse.swift in Sources */,
				A90B1C0927E89EEF007A70D0 /* FollowingViewController.swift in Sources */,
				A9BC5C1E27E6FD8B00D91901 /* Constant.swift in Sources */,
				A92FBDC027F2EB3600BE3A19 /* KnowHowResponse.swift in Sources */,
				A9C9ADC227F074150051D469 /* FollowViewController.swift in Sources */,
				A9BC5C2827E6FDBF00D91901 /* UIViewController.swift in Sources */,
				A9FFE4A127EB28B8004F3B33 /* UIView.swift in Sources */,
				A9C9ADBC27F0702A0051D469 /* FollowResponse.swift in Sources */,
				A9FFE46E27EA0500004F3B33 /* SignInRequest.swift in Sources */,
				A9C9ADDD27F1C0200051D469 /* TodayDealDataManager.swift in Sources */,
				A92308D527F1EB4600534AA4 /* PopularDataManager.swift in Sources */,
				A9FFE4AF27ECA026004F3B33 /* TodayDealViewController.swift in Sources */,
				A90B1C2127E986DF007A70D0 /* SignUpViewController.swift in Sources */,
				A9C9ADE527F1C7170051D469 /* RecentDataManager.swift in Sources */,
				A92308EB27F2D04700534AA4 /* HousewarmingDataManager.swift in Sources */,
				A9FFE47327EA1AD4004F3B33 /* StoreViewController.swift in Sources */,
				A92FBDC227F2EB4100BE3A19 /* KnowHowDataManager.swift in Sources */,
				A9EA078827EDC15600158FCF /* HomeThirdDataManager.swift in Sources */,
				A9C9ADB827F063340051D469 /* FeedUserResponse.swift in Sources */,
				A9EA078227EDBF1400158FCF /* HomeSecondDataManager.swift in Sources */,
				A9C9ADBA27F0644A0051D469 /* FeedUserDataManager.swift in Sources */,
				A9FFE46627E9E93B004F3B33 /* SignUpDataManager.swift in Sources */,
				A9BC5C2627E6FDB700D91901 /* UINavigationController.swift in Sources */,
				A92308E127F1FF4C00534AA4 /* MetaDataManager.swift in Sources */,
				A9FFE46427E9DE14004F3B33 /* KakaoResponse.swift in Sources */,
			);
			runOnlyForDeploymentPostprocessing = 0;
		};
/* End PBXSourcesBuildPhase section */

/* Begin PBXVariantGroup section */
		A9A6621F27E5F7C90081064C /* Main.storyboard */ = {
			isa = PBXVariantGroup;
			children = (
				A9A6622027E5F7C90081064C /* Base */,
			);
			name = Main.storyboard;
			sourceTree = "<group>";
		};
		A9A6622427E5F7CA0081064C /* LaunchScreen.storyboard */ = {
			isa = PBXVariantGroup;
			children = (
				A9A6622527E5F7CA0081064C /* Base */,
			);
			name = LaunchScreen.storyboard;
			sourceTree = "<group>";
		};
/* End PBXVariantGroup section */

/* Begin XCBuildConfiguration section */
		A9A6622827E5F7CA0081064C /* Debug */ = {
			isa = XCBuildConfiguration;
			buildSettings = {
				ALWAYS_SEARCH_USER_PATHS = NO;
				CLANG_ANALYZER_NONNULL = YES;
				CLANG_ANALYZER_NUMBER_OBJECT_CONVERSION = YES_AGGRESSIVE;
				CLANG_CXX_LANGUAGE_STANDARD = "gnu++17";
				CLANG_ENABLE_MODULES = YES;
				CLANG_ENABLE_OBJC_ARC = YES;
				CLANG_ENABLE_OBJC_WEAK = YES;
				CLANG_WARN_BLOCK_CAPTURE_AUTORELEASING = YES;
				CLANG_WARN_BOOL_CONVERSION = YES;
				CLANG_WARN_COMMA = YES;
				CLANG_WARN_CONSTANT_CONVERSION = YES;
				CLANG_WARN_DEPRECATED_OBJC_IMPLEMENTATIONS = YES;
				CLANG_WARN_DIRECT_OBJC_ISA_USAGE = YES_ERROR;
				CLANG_WARN_DOCUMENTATION_COMMENTS = YES;
				CLANG_WARN_EMPTY_BODY = YES;
				CLANG_WARN_ENUM_CONVERSION = YES;
				CLANG_WARN_INFINITE_RECURSION = YES;
				CLANG_WARN_INT_CONVERSION = YES;
				CLANG_WARN_NON_LITERAL_NULL_CONVERSION = YES;
				CLANG_WARN_OBJC_IMPLICIT_RETAIN_SELF = YES;
				CLANG_WARN_OBJC_LITERAL_CONVERSION = YES;
				CLANG_WARN_OBJC_ROOT_CLASS = YES_ERROR;
				CLANG_WARN_QUOTED_INCLUDE_IN_FRAMEWORK_HEADER = YES;
				CLANG_WARN_RANGE_LOOP_ANALYSIS = YES;
				CLANG_WARN_STRICT_PROTOTYPES = YES;
				CLANG_WARN_SUSPICIOUS_MOVE = YES;
				CLANG_WARN_UNGUARDED_AVAILABILITY = YES_AGGRESSIVE;
				CLANG_WARN_UNREACHABLE_CODE = YES;
				CLANG_WARN__DUPLICATE_METHOD_MATCH = YES;
				COPY_PHASE_STRIP = NO;
				DEBUG_INFORMATION_FORMAT = dwarf;
				ENABLE_STRICT_OBJC_MSGSEND = YES;
				ENABLE_TESTABILITY = YES;
				GCC_C_LANGUAGE_STANDARD = gnu11;
				GCC_DYNAMIC_NO_PIC = NO;
				GCC_NO_COMMON_BLOCKS = YES;
				GCC_OPTIMIZATION_LEVEL = 0;
				GCC_PREPROCESSOR_DEFINITIONS = (
					"DEBUG=1",
					"$(inherited)",
				);
				GCC_WARN_64_TO_32_BIT_CONVERSION = YES;
				GCC_WARN_ABOUT_RETURN_TYPE = YES_ERROR;
				GCC_WARN_UNDECLARED_SELECTOR = YES;
				GCC_WARN_UNINITIALIZED_AUTOS = YES_AGGRESSIVE;
				GCC_WARN_UNUSED_FUNCTION = YES;
				GCC_WARN_UNUSED_VARIABLE = YES;
				IPHONEOS_DEPLOYMENT_TARGET = 15.4;
				MTL_ENABLE_DEBUG_INFO = INCLUDE_SOURCE;
				MTL_FAST_MATH = YES;
				ONLY_ACTIVE_ARCH = YES;
				SDKROOT = iphoneos;
				SWIFT_ACTIVE_COMPILATION_CONDITIONS = DEBUG;
				SWIFT_OPTIMIZATION_LEVEL = "-Onone";
			};
			name = Debug;
		};
		A9A6622927E5F7CA0081064C /* Release */ = {
			isa = XCBuildConfiguration;
			buildSettings = {
				ALWAYS_SEARCH_USER_PATHS = NO;
				CLANG_ANALYZER_NONNULL = YES;
				CLANG_ANALYZER_NUMBER_OBJECT_CONVERSION = YES_AGGRESSIVE;
				CLANG_CXX_LANGUAGE_STANDARD = "gnu++17";
				CLANG_ENABLE_MODULES = YES;
				CLANG_ENABLE_OBJC_ARC = YES;
				CLANG_ENABLE_OBJC_WEAK = YES;
				CLANG_WARN_BLOCK_CAPTURE_AUTORELEASING = YES;
				CLANG_WARN_BOOL_CONVERSION = YES;
				CLANG_WARN_COMMA = YES;
				CLANG_WARN_CONSTANT_CONVERSION = YES;
				CLANG_WARN_DEPRECATED_OBJC_IMPLEMENTATIONS = YES;
				CLANG_WARN_DIRECT_OBJC_ISA_USAGE = YES_ERROR;
				CLANG_WARN_DOCUMENTATION_COMMENTS = YES;
				CLANG_WARN_EMPTY_BODY = YES;
				CLANG_WARN_ENUM_CONVERSION = YES;
				CLANG_WARN_INFINITE_RECURSION = YES;
				CLANG_WARN_INT_CONVERSION = YES;
				CLANG_WARN_NON_LITERAL_NULL_CONVERSION = YES;
				CLANG_WARN_OBJC_IMPLICIT_RETAIN_SELF = YES;
				CLANG_WARN_OBJC_LITERAL_CONVERSION = YES;
				CLANG_WARN_OBJC_ROOT_CLASS = YES_ERROR;
				CLANG_WARN_QUOTED_INCLUDE_IN_FRAMEWORK_HEADER = YES;
				CLANG_WARN_RANGE_LOOP_ANALYSIS = YES;
				CLANG_WARN_STRICT_PROTOTYPES = YES;
				CLANG_WARN_SUSPICIOUS_MOVE = YES;
				CLANG_WARN_UNGUARDED_AVAILABILITY = YES_AGGRESSIVE;
				CLANG_WARN_UNREACHABLE_CODE = YES;
				CLANG_WARN__DUPLICATE_METHOD_MATCH = YES;
				COPY_PHASE_STRIP = NO;
				DEBUG_INFORMATION_FORMAT = "dwarf-with-dsym";
				ENABLE_NS_ASSERTIONS = NO;
				ENABLE_STRICT_OBJC_MSGSEND = YES;
				GCC_C_LANGUAGE_STANDARD = gnu11;
				GCC_NO_COMMON_BLOCKS = YES;
				GCC_WARN_64_TO_32_BIT_CONVERSION = YES;
				GCC_WARN_ABOUT_RETURN_TYPE = YES_ERROR;
				GCC_WARN_UNDECLARED_SELECTOR = YES;
				GCC_WARN_UNINITIALIZED_AUTOS = YES_AGGRESSIVE;
				GCC_WARN_UNUSED_FUNCTION = YES;
				GCC_WARN_UNUSED_VARIABLE = YES;
				IPHONEOS_DEPLOYMENT_TARGET = 15.4;
				MTL_ENABLE_DEBUG_INFO = NO;
				MTL_FAST_MATH = YES;
				SDKROOT = iphoneos;
				SWIFT_COMPILATION_MODE = wholemodule;
				SWIFT_OPTIMIZATION_LEVEL = "-O";
				VALIDATE_PRODUCT = YES;
			};
			name = Release;
		};
		A9A6622B27E5F7CA0081064C /* Debug */ = {
			isa = XCBuildConfiguration;
			baseConfigurationReference = 487DC1C365E7CE127E7E49B9 /* Pods-Bucketplace.debug.xcconfig */;
			buildSettings = {
				ASSETCATALOG_COMPILER_APPICON_NAME = AppIcon;
				ASSETCATALOG_COMPILER_GLOBAL_ACCENT_COLOR_NAME = AccentColor;
				CODE_SIGN_STYLE = Automatic;
				CURRENT_PROJECT_VERSION = 1;
				DEVELOPMENT_TEAM = 52NJTCXWCX;
				GENERATE_INFOPLIST_FILE = YES;
				INFOPLIST_FILE = Bucketplace/Info.plist;
				INFOPLIST_KEY_UIApplicationSupportsIndirectInputEvents = YES;
				INFOPLIST_KEY_UILaunchStoryboardName = LaunchScreen;
				INFOPLIST_KEY_UIMainStoryboardFile = Main;
				INFOPLIST_KEY_UISupportedInterfaceOrientations_iPad = "UIInterfaceOrientationPortrait UIInterfaceOrientationPortraitUpsideDown UIInterfaceOrientationLandscapeLeft UIInterfaceOrientationLandscapeRight";
				INFOPLIST_KEY_UISupportedInterfaceOrientations_iPhone = "UIInterfaceOrientationPortrait UIInterfaceOrientationLandscapeLeft UIInterfaceOrientationLandscapeRight";
				LD_RUNPATH_SEARCH_PATHS = (
					"$(inherited)",
					"@executable_path/Frameworks",
				);
				MARKETING_VERSION = 1.0;
				PRODUCT_BUNDLE_IDENTIFIER = com.0inn.Bucketplace;
				PRODUCT_NAME = "$(TARGET_NAME)";
				SWIFT_EMIT_LOC_STRINGS = YES;
				SWIFT_VERSION = 5.0;
				TARGETED_DEVICE_FAMILY = "1,2";
			};
			name = Debug;
		};
		A9A6622C27E5F7CA0081064C /* Release */ = {
			isa = XCBuildConfiguration;
			baseConfigurationReference = DA0E1ED45C5E01C8C9D2A98B /* Pods-Bucketplace.release.xcconfig */;
			buildSettings = {
				ASSETCATALOG_COMPILER_APPICON_NAME = AppIcon;
				ASSETCATALOG_COMPILER_GLOBAL_ACCENT_COLOR_NAME = AccentColor;
				CODE_SIGN_STYLE = Automatic;
				CURRENT_PROJECT_VERSION = 1;
				DEVELOPMENT_TEAM = 52NJTCXWCX;
				GENERATE_INFOPLIST_FILE = YES;
				INFOPLIST_FILE = Bucketplace/Info.plist;
				INFOPLIST_KEY_UIApplicationSupportsIndirectInputEvents = YES;
				INFOPLIST_KEY_UILaunchStoryboardName = LaunchScreen;
				INFOPLIST_KEY_UIMainStoryboardFile = Main;
				INFOPLIST_KEY_UISupportedInterfaceOrientations_iPad = "UIInterfaceOrientationPortrait UIInterfaceOrientationPortraitUpsideDown UIInterfaceOrientationLandscapeLeft UIInterfaceOrientationLandscapeRight";
				INFOPLIST_KEY_UISupportedInterfaceOrientations_iPhone = "UIInterfaceOrientationPortrait UIInterfaceOrientationLandscapeLeft UIInterfaceOrientationLandscapeRight";
				LD_RUNPATH_SEARCH_PATHS = (
					"$(inherited)",
					"@executable_path/Frameworks",
				);
				MARKETING_VERSION = 1.0;
				PRODUCT_BUNDLE_IDENTIFIER = com.0inn.Bucketplace;
				PRODUCT_NAME = "$(TARGET_NAME)";
				SWIFT_EMIT_LOC_STRINGS = YES;
				SWIFT_VERSION = 5.0;
				TARGETED_DEVICE_FAMILY = "1,2";
			};
			name = Release;
		};
/* End XCBuildConfiguration section */

/* Begin XCConfigurationList section */
		A9A6621127E5F7C90081064C /* Build configuration list for PBXProject "Bucketplace" */ = {
			isa = XCConfigurationList;
			buildConfigurations = (
				A9A6622827E5F7CA0081064C /* Debug */,
				A9A6622927E5F7CA0081064C /* Release */,
			);
			defaultConfigurationIsVisible = 0;
			defaultConfigurationName = Release;
		};
		A9A6622A27E5F7CA0081064C /* Build configuration list for PBXNativeTarget "Bucketplace" */ = {
			isa = XCConfigurationList;
			buildConfigurations = (
				A9A6622B27E5F7CA0081064C /* Debug */,
				A9A6622C27E5F7CA0081064C /* Release */,
			);
			defaultConfigurationIsVisible = 0;
			defaultConfigurationName = Release;
		};
/* End XCConfigurationList section */
	};
	rootObject = A9A6620E27E5F7C90081064C /* Project object */;
}
