// !$*UTF8*$!
{
	archiveVersion = 1;
	classes = {
	};
	objectVersion = 55;
	objects = {

/* Begin PBXBuildFile section */
		2BFBCAE60CA64D27F7AFDF2E /* Pods_Bucketplace.framework in Frameworks */ = {isa = PBXBuildFile; fileRef = F7ACC5E93A413BD60776E538 /* Pods_Bucketplace.framework */; };
		A90B1BEE27E89947007A70D0 /* HomeTabManViewController.swift in Sources */ = {isa = PBXBuildFile; fileRef = A90B1BED27E89947007A70D0 /* HomeTabManViewController.swift */; };
		A90B1C0527E89CC3007A70D0 /* TopViewController.swift in Sources */ = {isa = PBXBuildFile; fileRef = A90B1C0327E89CC3007A70D0 /* TopViewController.swift */; };
		A90B1C0627E89CC3007A70D0 /* TopViewController.xib in Resources */ = {isa = PBXBuildFile; fileRef = A90B1C0427E89CC3007A70D0 /* TopViewController.xib */; };
		A90B1C0927E89EEF007A70D0 /* FollowingViewController.swift in Sources */ = {isa = PBXBuildFile; fileRef = A90B1C0727E89EEF007A70D0 /* FollowingViewController.swift */; };
		A90B1C0A27E89EEF007A70D0 /* FollowingViewController.xib in Resources */ = {isa = PBXBuildFile; fileRef = A90B1C0827E89EEF007A70D0 /* FollowingViewController.xib */; };
		A90B1C0D27E89EFB007A70D0 /* PhotoViewController.swift in Sources */ = {isa = PBXBuildFile; fileRef = A90B1C0B27E89EFB007A70D0 /* PhotoViewController.swift */; };
		A90B1C0E27E89EFB007A70D0 /* PhotoViewController.xib in Resources */ = {isa = PBXBuildFile; fileRef = A90B1C0C27E89EFB007A70D0 /* PhotoViewController.xib */; };
		A90B1C1127E89F06007A70D0 /* HousewarmingViewController.swift in Sources */ = {isa = PBXBuildFile; fileRef = A90B1C0F27E89F06007A70D0 /* HousewarmingViewController.swift */; };
		A90B1C1227E89F06007A70D0 /* HousewarmingViewController.xib in Resources */ = {isa = PBXBuildFile; fileRef = A90B1C1027E89F06007A70D0 /* HousewarmingViewController.xib */; };
		A90B1C1527E89F12007A70D0 /* KnowHowViewController.swift in Sources */ = {isa = PBXBuildFile; fileRef = A90B1C1327E89F12007A70D0 /* KnowHowViewController.swift */; };
		A90B1C1627E89F12007A70D0 /* KnowHowViewController.xib in Resources */ = {isa = PBXBuildFile; fileRef = A90B1C1427E89F12007A70D0 /* KnowHowViewController.xib */; };
		A90B1C1927E89F1B007A70D0 /* QnAViewController.swift in Sources */ = {isa = PBXBuildFile; fileRef = A90B1C1727E89F1B007A70D0 /* QnAViewController.swift */; };
		A90B1C1A27E89F1B007A70D0 /* QnAViewController.xib in Resources */ = {isa = PBXBuildFile; fileRef = A90B1C1827E89F1B007A70D0 /* QnAViewController.xib */; };
		A90B1C1F27E986BF007A70D0 /* SignInViewController.swift in Sources */ = {isa = PBXBuildFile; fileRef = A90B1C1E27E986BF007A70D0 /* SignInViewController.swift */; };
		A90B1C2127E986DF007A70D0 /* SignUpViewController.swift in Sources */ = {isa = PBXBuildFile; fileRef = A90B1C2027E986DF007A70D0 /* SignUpViewController.swift */; };
		A90B1C2527E9B2FA007A70D0 /* LoginNavigationController.swift in Sources */ = {isa = PBXBuildFile; fileRef = A90B1C2427E9B2FA007A70D0 /* LoginNavigationController.swift */; };
		A9A6621A27E5F7C90081064C /* AppDelegate.swift in Sources */ = {isa = PBXBuildFile; fileRef = A9A6621927E5F7C90081064C /* AppDelegate.swift */; };
		A9A6621C27E5F7C90081064C /* SceneDelegate.swift in Sources */ = {isa = PBXBuildFile; fileRef = A9A6621B27E5F7C90081064C /* SceneDelegate.swift */; };
		A9A6621E27E5F7C90081064C /* TabBarController.swift in Sources */ = {isa = PBXBuildFile; fileRef = A9A6621D27E5F7C90081064C /* TabBarController.swift */; };
		A9A6622127E5F7C90081064C /* Main.storyboard in Resources */ = {isa = PBXBuildFile; fileRef = A9A6621F27E5F7C90081064C /* Main.storyboard */; };
		A9A6622327E5F7CA0081064C /* Assets.xcassets in Resources */ = {isa = PBXBuildFile; fileRef = A9A6622227E5F7CA0081064C /* Assets.xcassets */; };
		A9A6622627E5F7CA0081064C /* LaunchScreen.storyboard in Resources */ = {isa = PBXBuildFile; fileRef = A9A6622427E5F7CA0081064C /* LaunchScreen.storyboard */; };
		A9BC5C1E27E6FD8B00D91901 /* Constant.swift in Sources */ = {isa = PBXBuildFile; fileRef = A9BC5C1D27E6FD8B00D91901 /* Constant.swift */; };
		A9BC5C2227E6FDA800D91901 /* String.swift in Sources */ = {isa = PBXBuildFile; fileRef = A9BC5C2127E6FDA800D91901 /* String.swift */; };
		A9BC5C2427E6FDAF00D91901 /* UIColor.swift in Sources */ = {isa = PBXBuildFile; fileRef = A9BC5C2327E6FDAF00D91901 /* UIColor.swift */; };
		A9BC5C2627E6FDB700D91901 /* UINavigationController.swift in Sources */ = {isa = PBXBuildFile; fileRef = A9BC5C2527E6FDB700D91901 /* UINavigationController.swift */; };
		A9BC5C2827E6FDBF00D91901 /* UIViewController.swift in Sources */ = {isa = PBXBuildFile; fileRef = A9BC5C2727E6FDBF00D91901 /* UIViewController.swift */; };
		A9BC5C2A27E6FE2000D91901 /* IndicatorView.swift in Sources */ = {isa = PBXBuildFile; fileRef = A9BC5C2927E6FE2000D91901 /* IndicatorView.swift */; };
		A9BC5C3727E7008C00D91901 /* ProfileViewController.swift in Sources */ = {isa = PBXBuildFile; fileRef = A9BC5C3627E7008C00D91901 /* ProfileViewController.swift */; };
		A9BC5C3927E7009D00D91901 /* MyShoppingViewController.swift in Sources */ = {isa = PBXBuildFile; fileRef = A9BC5C3827E7009D00D91901 /* MyShoppingViewController.swift */; };
		A9BC5C3B27E700CC00D91901 /* MyPageTabManViewController.swift in Sources */ = {isa = PBXBuildFile; fileRef = A9BC5C3A27E700CC00D91901 /* MyPageTabManViewController.swift */; };
		A9BC5C3D27E7021E00D91901 /* MyPage.storyboard in Resources */ = {isa = PBXBuildFile; fileRef = A9BC5C3C27E7021E00D91901 /* MyPage.storyboard */; };
		A9BC5C4127E70F5600D91901 /* LoginViewController.swift in Sources */ = {isa = PBXBuildFile; fileRef = A9BC5C3F27E70F5600D91901 /* LoginViewController.swift */; };
		A9BC5C4727E716C000D91901 /* HomeViewController.swift in Sources */ = {isa = PBXBuildFile; fileRef = A9BC5C4627E716C000D91901 /* HomeViewController.swift */; };
		A9BC5C4927E716EB00D91901 /* Home.storyboard in Resources */ = {isa = PBXBuildFile; fileRef = A9BC5C4827E716EB00D91901 /* Home.storyboard */; };
		A9EA077B27EDAC5D00158FCF /* HomeFirstResponse.swift in Sources */ = {isa = PBXBuildFile; fileRef = A9EA077A27EDAC5D00158FCF /* HomeFirstResponse.swift */; };
		A9EA077E27EDAE0F00158FCF /* HomeFirstDataManager.swift in Sources */ = {isa = PBXBuildFile; fileRef = A9EA077D27EDAE0F00158FCF /* HomeFirstDataManager.swift */; };
		A9EA078227EDBF1400158FCF /* HomeSecondDataManager.swift in Sources */ = {isa = PBXBuildFile; fileRef = A9EA078127EDBF1400158FCF /* HomeSecondDataManager.swift */; };
		A9EA078427EDBF2100158FCF /* HomeSecondResponse.swift in Sources */ = {isa = PBXBuildFile; fileRef = A9EA078327EDBF2100158FCF /* HomeSecondResponse.swift */; };
		A9EA078627EDC13500158FCF /* HomeThirdResponse.swift in Sources */ = {isa = PBXBuildFile; fileRef = A9EA078527EDC13500158FCF /* HomeThirdResponse.swift */; };
		A9EA078827EDC15600158FCF /* HomeThirdDataManager.swift in Sources */ = {isa = PBXBuildFile; fileRef = A9EA078727EDC15600158FCF /* HomeThirdDataManager.swift */; };
		A9EA67AF27E863B1001B1C68 /* Login.storyboard in Resources */ = {isa = PBXBuildFile; fileRef = A9EA67AE27E863B1001B1C68 /* Login.storyboard */; };
		A9EA67B227E86BBE001B1C68 /* SecretKey.swift in Sources */ = {isa = PBXBuildFile; fileRef = A9EA67B127E86BBE001B1C68 /* SecretKey.swift */; };
		A9EA67B727E8811F001B1C68 /* AdCollectionViewCell.swift in Sources */ = {isa = PBXBuildFile; fileRef = A9EA67B527E8811F001B1C68 /* AdCollectionViewCell.swift */; };
		A9EA67B827E8811F001B1C68 /* AdCollectionViewCell.xib in Resources */ = {isa = PBXBuildFile; fileRef = A9EA67B627E8811F001B1C68 /* AdCollectionViewCell.xib */; };
		A9FFE45E27E9D3CE004F3B33 /* MyPageViewController.swift in Sources */ = {isa = PBXBuildFile; fileRef = A9FFE45D27E9D3CE004F3B33 /* MyPageViewController.swift */; };
		A9FFE46027E9D88C004F3B33 /* KakaoDataManager.swift in Sources */ = {isa = PBXBuildFile; fileRef = A9FFE45F27E9D88C004F3B33 /* KakaoDataManager.swift */; };
		A9FFE46427E9DE14004F3B33 /* KakaoResponse.swift in Sources */ = {isa = PBXBuildFile; fileRef = A9FFE46327E9DE14004F3B33 /* KakaoResponse.swift */; };
		A9FFE46627E9E93B004F3B33 /* SignUpDataManager.swift in Sources */ = {isa = PBXBuildFile; fileRef = A9FFE46527E9E93B004F3B33 /* SignUpDataManager.swift */; };
		A9FFE46827E9EAA4004F3B33 /* SignUpRequest.swift in Sources */ = {isa = PBXBuildFile; fileRef = A9FFE46727E9EAA4004F3B33 /* SignUpRequest.swift */; };
		A9FFE46A27E9F26E004F3B33 /* SignInResponse.swift in Sources */ = {isa = PBXBuildFile; fileRef = A9FFE46927E9F26E004F3B33 /* SignInResponse.swift */; };
		A9FFE46C27E9F335004F3B33 /* SignUpResponse.swift in Sources */ = {isa = PBXBuildFile; fileRef = A9FFE46B27E9F335004F3B33 /* SignUpResponse.swift */; };
		A9FFE46E27EA0500004F3B33 /* SignInRequest.swift in Sources */ = {isa = PBXBuildFile; fileRef = A9FFE46D27EA0500004F3B33 /* SignInRequest.swift */; };
		A9FFE47027EA050B004F3B33 /* SignInDataManager.swift in Sources */ = {isa = PBXBuildFile; fileRef = A9FFE46F27EA050B004F3B33 /* SignInDataManager.swift */; };
		A9FFE47327EA1AD4004F3B33 /* StoreViewController.swift in Sources */ = {isa = PBXBuildFile; fileRef = A9FFE47227EA1AD4004F3B33 /* StoreViewController.swift */; };
		A9FFE47527EACB8C004F3B33 /* Store.storyboard in Resources */ = {isa = PBXBuildFile; fileRef = A9FFE47427EACB8C004F3B33 /* Store.storyboard */; };
		A9FFE47E27EAD367004F3B33 /* StoreTabManViewController.swift in Sources */ = {isa = PBXBuildFile; fileRef = A9FFE47D27EAD367004F3B33 /* StoreTabManViewController.swift */; };
		A9FFE48D27EAE07F004F3B33 /* StoreHomeViewController.swift in Sources */ = {isa = PBXBuildFile; fileRef = A9FFE48C27EAE07F004F3B33 /* StoreHomeViewController.swift */; };
		A9FFE49027EAE2A3004F3B33 /* StoreAdCollectionViewCell.swift in Sources */ = {isa = PBXBuildFile; fileRef = A9FFE48E27EAE2A3004F3B33 /* StoreAdCollectionViewCell.swift */; };
		A9FFE49127EAE2A3004F3B33 /* StoreAdCollectionViewCell.xib in Resources */ = {isa = PBXBuildFile; fileRef = A9FFE48F27EAE2A3004F3B33 /* StoreAdCollectionViewCell.xib */; };
		A9FFE49D27EB1785004F3B33 /* CategoryModel.swift in Sources */ = {isa = PBXBuildFile; fileRef = A9FFE49C27EB1785004F3B33 /* CategoryModel.swift */; };
		A9FFE49F27EB1790004F3B33 /* Category.swift in Sources */ = {isa = PBXBuildFile; fileRef = A9FFE49E27EB1790004F3B33 /* Category.swift */; };
		A9FFE4A127EB28B8004F3B33 /* UIView.swift in Sources */ = {isa = PBXBuildFile; fileRef = A9FFE4A027EB28B8004F3B33 /* UIView.swift */; };
		A9FFE4A527EC6E35004F3B33 /* LoginKey.swift in Sources */ = {isa = PBXBuildFile; fileRef = A9FFE4A427EC6E35004F3B33 /* LoginKey.swift */; };
		A9FFE4AB27EC8D62004F3B33 /* TabManIndex.swift in Sources */ = {isa = PBXBuildFile; fileRef = A9FFE4AA27EC8D62004F3B33 /* TabManIndex.swift */; };
		A9FFE4AF27ECA026004F3B33 /* TodayDealViewController.swift in Sources */ = {isa = PBXBuildFile; fileRef = A9FFE4AD27ECA025004F3B33 /* TodayDealViewController.swift */; };
		A9FFE4B027ECA026004F3B33 /* TodayDealViewController.xib in Resources */ = {isa = PBXBuildFile; fileRef = A9FFE4AE27ECA025004F3B33 /* TodayDealViewController.xib */; };
		A9FFE4B227ECA30B004F3B33 /* UITabBarController.swift in Sources */ = {isa = PBXBuildFile; fileRef = A9FFE4B127ECA30B004F3B33 /* UITabBarController.swift */; };
		A9FFE4BB27EDA045004F3B33 /* HomeCategoryCollectionViewCell.swift in Sources */ = {isa = PBXBuildFile; fileRef = A9FFE4B927EDA045004F3B33 /* HomeCategoryCollectionViewCell.swift */; };
		A9FFE4BC27EDA045004F3B33 /* HomeCategoryCollectionViewCell.xib in Resources */ = {isa = PBXBuildFile; fileRef = A9FFE4BA27EDA045004F3B33 /* HomeCategoryCollectionViewCell.xib */; };
/* End PBXBuildFile section */

/* Begin PBXFileReference section */
		487DC1C365E7CE127E7E49B9 /* Pods-Bucketplace.debug.xcconfig */ = {isa = PBXFileReference; includeInIndex = 1; lastKnownFileType = text.xcconfig; name = "Pods-Bucketplace.debug.xcconfig"; path = "Target Support Files/Pods-Bucketplace/Pods-Bucketplace.debug.xcconfig"; sourceTree = "<group>"; };
		A90B1BED27E89947007A70D0 /* HomeTabManViewController.swift */ = {isa = PBXFileReference; lastKnownFileType = sourcecode.swift; path = HomeTabManViewController.swift; sourceTree = "<group>"; };
		A90B1C0327E89CC3007A70D0 /* TopViewController.swift */ = {isa = PBXFileReference; lastKnownFileType = sourcecode.swift; path = TopViewController.swift; sourceTree = "<group>"; };
		A90B1C0427E89CC3007A70D0 /* TopViewController.xib */ = {isa = PBXFileReference; lastKnownFileType = file.xib; path = TopViewController.xib; sourceTree = "<group>"; };
		A90B1C0727E89EEF007A70D0 /* FollowingViewController.swift */ = {isa = PBXFileReference; lastKnownFileType = sourcecode.swift; path = FollowingViewController.swift; sourceTree = "<group>"; };
		A90B1C0827E89EEF007A70D0 /* FollowingViewController.xib */ = {isa = PBXFileReference; lastKnownFileType = file.xib; path = FollowingViewController.xib; sourceTree = "<group>"; };
		A90B1C0B27E89EFB007A70D0 /* PhotoViewController.swift */ = {isa = PBXFileReference; lastKnownFileType = sourcecode.swift; path = PhotoViewController.swift; sourceTree = "<group>"; };
		A90B1C0C27E89EFB007A70D0 /* PhotoViewController.xib */ = {isa = PBXFileReference; lastKnownFileType = file.xib; path = PhotoViewController.xib; sourceTree = "<group>"; };
		A90B1C0F27E89F06007A70D0 /* HousewarmingViewController.swift */ = {isa = PBXFileReference; lastKnownFileType = sourcecode.swift; path = HousewarmingViewController.swift; sourceTree = "<group>"; };
		A90B1C1027E89F06007A70D0 /* HousewarmingViewController.xib */ = {isa = PBXFileReference; lastKnownFileType = file.xib; path = HousewarmingViewController.xib; sourceTree = "<group>"; };
		A90B1C1327E89F12007A70D0 /* KnowHowViewController.swift */ = {isa = PBXFileReference; lastKnownFileType = sourcecode.swift; path = KnowHowViewController.swift; sourceTree = "<group>"; };
		A90B1C1427E89F12007A70D0 /* KnowHowViewController.xib */ = {isa = PBXFileReference; lastKnownFileType = file.xib; path = KnowHowViewController.xib; sourceTree = "<group>"; };
		A90B1C1727E89F1B007A70D0 /* QnAViewController.swift */ = {isa = PBXFileReference; lastKnownFileType = sourcecode.swift; path = QnAViewController.swift; sourceTree = "<group>"; };
		A90B1C1827E89F1B007A70D0 /* QnAViewController.xib */ = {isa = PBXFileReference; lastKnownFileType = file.xib; path = QnAViewController.xib; sourceTree = "<group>"; };
		A90B1C1E27E986BF007A70D0 /* SignInViewController.swift */ = {isa = PBXFileReference; lastKnownFileType = sourcecode.swift; path = SignInViewController.swift; sourceTree = "<group>"; };
		A90B1C2027E986DF007A70D0 /* SignUpViewController.swift */ = {isa = PBXFileReference; lastKnownFileType = sourcecode.swift; path = SignUpViewController.swift; sourceTree = "<group>"; };
		A90B1C2427E9B2FA007A70D0 /* LoginNavigationController.swift */ = {isa = PBXFileReference; lastKnownFileType = sourcecode.swift; path = LoginNavigationController.swift; sourceTree = "<group>"; };
		A9A6621627E5F7C90081064C /* Bucketplace.app */ = {isa = PBXFileReference; explicitFileType = wrapper.application; includeInIndex = 0; path = Bucketplace.app; sourceTree = BUILT_PRODUCTS_DIR; };
		A9A6621927E5F7C90081064C /* AppDelegate.swift */ = {isa = PBXFileReference; lastKnownFileType = sourcecode.swift; path = AppDelegate.swift; sourceTree = "<group>"; };
		A9A6621B27E5F7C90081064C /* SceneDelegate.swift */ = {isa = PBXFileReference; lastKnownFileType = sourcecode.swift; path = SceneDelegate.swift; sourceTree = "<group>"; };
		A9A6621D27E5F7C90081064C /* TabBarController.swift */ = {isa = PBXFileReference; lastKnownFileType = sourcecode.swift; path = TabBarController.swift; sourceTree = "<group>"; };
		A9A6622027E5F7C90081064C /* Base */ = {isa = PBXFileReference; lastKnownFileType = file.storyboard; name = Base; path = Base.lproj/Main.storyboard; sourceTree = "<group>"; };
		A9A6622227E5F7CA0081064C /* Assets.xcassets */ = {isa = PBXFileReference; lastKnownFileType = folder.assetcatalog; path = Assets.xcassets; sourceTree = "<group>"; };
		A9A6622527E5F7CA0081064C /* Base */ = {isa = PBXFileReference; lastKnownFileType = file.storyboard; name = Base; path = Base.lproj/LaunchScreen.storyboard; sourceTree = "<group>"; };
		A9A6622727E5F7CA0081064C /* Info.plist */ = {isa = PBXFileReference; lastKnownFileType = text.plist.xml; path = Info.plist; sourceTree = "<group>"; };
		A9BC5C1D27E6FD8B00D91901 /* Constant.swift */ = {isa = PBXFileReference; lastKnownFileType = sourcecode.swift; path = Constant.swift; sourceTree = "<group>"; };
		A9BC5C2127E6FDA800D91901 /* String.swift */ = {isa = PBXFileReference; lastKnownFileType = sourcecode.swift; path = String.swift; sourceTree = "<group>"; };
		A9BC5C2327E6FDAF00D91901 /* UIColor.swift */ = {isa = PBXFileReference; lastKnownFileType = sourcecode.swift; path = UIColor.swift; sourceTree = "<group>"; };
		A9BC5C2527E6FDB700D91901 /* UINavigationController.swift */ = {isa = PBXFileReference; lastKnownFileType = sourcecode.swift; path = UINavigationController.swift; sourceTree = "<group>"; };
		A9BC5C2727E6FDBF00D91901 /* UIViewController.swift */ = {isa = PBXFileReference; lastKnownFileType = sourcecode.swift; path = UIViewController.swift; sourceTree = "<group>"; };
		A9BC5C2927E6FE2000D91901 /* IndicatorView.swift */ = {isa = PBXFileReference; lastKnownFileType = sourcecode.swift; path = IndicatorView.swift; sourceTree = "<group>"; };
		A9BC5C3627E7008C00D91901 /* ProfileViewController.swift */ = {isa = PBXFileReference; lastKnownFileType = sourcecode.swift; path = ProfileViewController.swift; sourceTree = "<group>"; };
		A9BC5C3827E7009D00D91901 /* MyShoppingViewController.swift */ = {isa = PBXFileReference; lastKnownFileType = sourcecode.swift; path = MyShoppingViewController.swift; sourceTree = "<group>"; };
		A9BC5C3A27E700CC00D91901 /* MyPageTabManViewController.swift */ = {isa = PBXFileReference; lastKnownFileType = sourcecode.swift; path = MyPageTabManViewController.swift; sourceTree = "<group>"; };
		A9BC5C3C27E7021E00D91901 /* MyPage.storyboard */ = {isa = PBXFileReference; fileEncoding = 4; lastKnownFileType = file.storyboard; path = MyPage.storyboard; sourceTree = "<group>"; };
		A9BC5C3F27E70F5600D91901 /* LoginViewController.swift */ = {isa = PBXFileReference; lastKnownFileType = sourcecode.swift; path = LoginViewController.swift; sourceTree = "<group>"; };
		A9BC5C4627E716C000D91901 /* HomeViewController.swift */ = {isa = PBXFileReference; lastKnownFileType = sourcecode.swift; path = HomeViewController.swift; sourceTree = "<group>"; };
		A9BC5C4827E716EB00D91901 /* Home.storyboard */ = {isa = PBXFileReference; fileEncoding = 4; lastKnownFileType = file.storyboard; path = Home.storyboard; sourceTree = "<group>"; };
		A9EA077A27EDAC5D00158FCF /* HomeFirstResponse.swift */ = {isa = PBXFileReference; lastKnownFileType = sourcecode.swift; path = HomeFirstResponse.swift; sourceTree = "<group>"; };
		A9EA077D27EDAE0F00158FCF /* HomeFirstDataManager.swift */ = {isa = PBXFileReference; lastKnownFileType = sourcecode.swift; path = HomeFirstDataManager.swift; sourceTree = "<group>"; };
		A9EA078127EDBF1400158FCF /* HomeSecondDataManager.swift */ = {isa = PBXFileReference; lastKnownFileType = sourcecode.swift; path = HomeSecondDataManager.swift; sourceTree = "<group>"; };
		A9EA078327EDBF2100158FCF /* HomeSecondResponse.swift */ = {isa = PBXFileReference; lastKnownFileType = sourcecode.swift; path = HomeSecondResponse.swift; sourceTree = "<group>"; };
		A9EA078527EDC13500158FCF /* HomeThirdResponse.swift */ = {isa = PBXFileReference; lastKnownFileType = sourcecode.swift; path = HomeThirdResponse.swift; sourceTree = "<group>"; };
		A9EA078727EDC15600158FCF /* HomeThirdDataManager.swift */ = {isa = PBXFileReference; lastKnownFileType = sourcecode.swift; path = HomeThirdDataManager.swift; sourceTree = "<group>"; };
		A9EA67AE27E863B1001B1C68 /* Login.storyboard */ = {isa = PBXFileReference; fileEncoding = 4; lastKnownFileType = file.storyboard; path = Login.storyboard; sourceTree = "<group>"; };
		A9EA67B127E86BBE001B1C68 /* SecretKey.swift */ = {isa = PBXFileReference; lastKnownFileType = sourcecode.swift; path = SecretKey.swift; sourceTree = "<group>"; };
		A9EA67B527E8811F001B1C68 /* AdCollectionViewCell.swift */ = {isa = PBXFileReference; lastKnownFileType = sourcecode.swift; path = AdCollectionViewCell.swift; sourceTree = "<group>"; };
		A9EA67B627E8811F001B1C68 /* AdCollectionViewCell.xib */ = {isa = PBXFileReference; lastKnownFileType = file.xib; path = AdCollectionViewCell.xib; sourceTree = "<group>"; };
		A9FFE45D27E9D3CE004F3B33 /* MyPageViewController.swift */ = {isa = PBXFileReference; lastKnownFileType = sourcecode.swift; path = MyPageViewController.swift; sourceTree = "<group>"; };
		A9FFE45F27E9D88C004F3B33 /* KakaoDataManager.swift */ = {isa = PBXFileReference; lastKnownFileType = sourcecode.swift; path = KakaoDataManager.swift; sourceTree = "<group>"; };
		A9FFE46327E9DE14004F3B33 /* KakaoResponse.swift */ = {isa = PBXFileReference; lastKnownFileType = sourcecode.swift; path = KakaoResponse.swift; sourceTree = "<group>"; };
		A9FFE46527E9E93B004F3B33 /* SignUpDataManager.swift */ = {isa = PBXFileReference; lastKnownFileType = sourcecode.swift; path = SignUpDataManager.swift; sourceTree = "<group>"; };
		A9FFE46727E9EAA4004F3B33 /* SignUpRequest.swift */ = {isa = PBXFileReference; lastKnownFileType = sourcecode.swift; path = SignUpRequest.swift; sourceTree = "<group>"; };
		A9FFE46927E9F26E004F3B33 /* SignInResponse.swift */ = {isa = PBXFileReference; lastKnownFileType = sourcecode.swift; path = SignInResponse.swift; sourceTree = "<group>"; };
		A9FFE46B27E9F335004F3B33 /* SignUpResponse.swift */ = {isa = PBXFileReference; lastKnownFileType = sourcecode.swift; path = SignUpResponse.swift; sourceTree = "<group>"; };
		A9FFE46D27EA0500004F3B33 /* SignInRequest.swift */ = {isa = PBXFileReference; lastKnownFileType = sourcecode.swift; path = SignInRequest.swift; sourceTree = "<group>"; };
		A9FFE46F27EA050B004F3B33 /* SignInDataManager.swift */ = {isa = PBXFileReference; lastKnownFileType = sourcecode.swift; path = SignInDataManager.swift; sourceTree = "<group>"; };
		A9FFE47227EA1AD4004F3B33 /* StoreViewController.swift */ = {isa = PBXFileReference; lastKnownFileType = sourcecode.swift; path = StoreViewController.swift; sourceTree = "<group>"; };
		A9FFE47427EACB8C004F3B33 /* Store.storyboard */ = {isa = PBXFileReference; fileEncoding = 4; lastKnownFileType = file.storyboard; path = Store.storyboard; sourceTree = "<group>"; };
		A9FFE47D27EAD367004F3B33 /* StoreTabManViewController.swift */ = {isa = PBXFileReference; lastKnownFileType = sourcecode.swift; path = StoreTabManViewController.swift; sourceTree = "<group>"; };
		A9FFE48C27EAE07F004F3B33 /* StoreHomeViewController.swift */ = {isa = PBXFileReference; lastKnownFileType = sourcecode.swift; path = StoreHomeViewController.swift; sourceTree = "<group>"; };
		A9FFE48E27EAE2A3004F3B33 /* StoreAdCollectionViewCell.swift */ = {isa = PBXFileReference; lastKnownFileType = sourcecode.swift; path = StoreAdCollectionViewCell.swift; sourceTree = "<group>"; };
		A9FFE48F27EAE2A3004F3B33 /* StoreAdCollectionViewCell.xib */ = {isa = PBXFileReference; lastKnownFileType = file.xib; path = StoreAdCollectionViewCell.xib; sourceTree = "<group>"; };
		A9FFE49C27EB1785004F3B33 /* CategoryModel.swift */ = {isa = PBXFileReference; lastKnownFileType = sourcecode.swift; path = CategoryModel.swift; sourceTree = "<group>"; };
		A9FFE49E27EB1790004F3B33 /* Category.swift */ = {isa = PBXFileReference; lastKnownFileType = sourcecode.swift; path = Category.swift; sourceTree = "<group>"; };
		A9FFE4A027EB28B8004F3B33 /* UIView.swift */ = {isa = PBXFileReference; lastKnownFileType = sourcecode.swift; path = UIView.swift; sourceTree = "<group>"; };
		A9FFE4A427EC6E35004F3B33 /* LoginKey.swift */ = {isa = PBXFileReference; lastKnownFileType = sourcecode.swift; path = LoginKey.swift; sourceTree = "<group>"; };
		A9FFE4AA27EC8D62004F3B33 /* TabManIndex.swift */ = {isa = PBXFileReference; lastKnownFileType = sourcecode.swift; path = TabManIndex.swift; sourceTree = "<group>"; };
		A9FFE4AD27ECA025004F3B33 /* TodayDealViewController.swift */ = {isa = PBXFileReference; lastKnownFileType = sourcecode.swift; path = TodayDealViewController.swift; sourceTree = "<group>"; };
		A9FFE4AE27ECA025004F3B33 /* TodayDealViewController.xib */ = {isa = PBXFileReference; lastKnownFileType = file.xib; path = TodayDealViewController.xib; sourceTree = "<group>"; };
		A9FFE4B127ECA30B004F3B33 /* UITabBarController.swift */ = {isa = PBXFileReference; lastKnownFileType = sourcecode.swift; path = UITabBarController.swift; sourceTree = "<group>"; };
		A9FFE4B927EDA045004F3B33 /* HomeCategoryCollectionViewCell.swift */ = {isa = PBXFileReference; lastKnownFileType = sourcecode.swift; path = HomeCategoryCollectionViewCell.swift; sourceTree = "<group>"; };
		A9FFE4BA27EDA045004F3B33 /* HomeCategoryCollectionViewCell.xib */ = {isa = PBXFileReference; lastKnownFileType = file.xib; path = HomeCategoryCollectionViewCell.xib; sourceTree = "<group>"; };
		DA0E1ED45C5E01C8C9D2A98B /* Pods-Bucketplace.release.xcconfig */ = {isa = PBXFileReference; includeInIndex = 1; lastKnownFileType = text.xcconfig; name = "Pods-Bucketplace.release.xcconfig"; path = "Target Support Files/Pods-Bucketplace/Pods-Bucketplace.release.xcconfig"; sourceTree = "<group>"; };
		F7ACC5E93A413BD60776E538 /* Pods_Bucketplace.framework */ = {isa = PBXFileReference; explicitFileType = wrapper.framework; includeInIndex = 0; path = Pods_Bucketplace.framework; sourceTree = BUILT_PRODUCTS_DIR; };
/* End PBXFileReference section */

/* Begin PBXFrameworksBuildPhase section */
		A9A6621327E5F7C90081064C /* Frameworks */ = {
			isa = PBXFrameworksBuildPhase;
			buildActionMask = 2147483647;
			files = (
				2BFBCAE60CA64D27F7AFDF2E /* Pods_Bucketplace.framework in Frameworks */,
			);
			runOnlyForDeploymentPostprocessing = 0;
		};
/* End PBXFrameworksBuildPhase section */

/* Begin PBXGroup section */
		1FC36F4272229341B382F650 /* Frameworks */ = {
			isa = PBXGroup;
			children = (
				F7ACC5E93A413BD60776E538 /* Pods_Bucketplace.framework */,
			);
			name = Frameworks;
			sourceTree = "<group>";
		};
		824A2C945143E634B7B9F815 /* Pods */ = {
			isa = PBXGroup;
			children = (
				487DC1C365E7CE127E7E49B9 /* Pods-Bucketplace.debug.xcconfig */,
				DA0E1ED45C5E01C8C9D2A98B /* Pods-Bucketplace.release.xcconfig */,
			);
			path = Pods;
			sourceTree = "<group>";
		};
		A90B1BEF27E899B0007A70D0 /* Top */ = {
			isa = PBXGroup;
			children = (
				A9FFE49B27EB1715004F3B33 /* Entity */,
				A9FFE49A27EB1709004F3B33 /* Model */,
				A9EA077C27EDADF800158FCF /* DataManager */,
				A90B1C0427E89CC3007A70D0 /* TopViewController.xib */,
				A90B1C0327E89CC3007A70D0 /* TopViewController.swift */,
				A9FFE4BA27EDA045004F3B33 /* HomeCategoryCollectionViewCell.xib */,
				A9FFE4B927EDA045004F3B33 /* HomeCategoryCollectionViewCell.swift */,
			);
			path = Top;
			sourceTree = "<group>";
		};
		A90B1BF227E899F2007A70D0 /* Following */ = {
			isa = PBXGroup;
			children = (
				A90B1C0827E89EEF007A70D0 /* FollowingViewController.xib */,
				A90B1C0727E89EEF007A70D0 /* FollowingViewController.swift */,
			);
			path = Following;
			sourceTree = "<group>";
		};
		A90B1BF327E89A0C007A70D0 /* Photo */ = {
			isa = PBXGroup;
			children = (
				A90B1C0C27E89EFB007A70D0 /* PhotoViewController.xib */,
				A90B1C0B27E89EFB007A70D0 /* PhotoViewController.swift */,
			);
			path = Photo;
			sourceTree = "<group>";
		};
		A90B1BF427E89A23007A70D0 /* Housewarming */ = {
			isa = PBXGroup;
			children = (
				A90B1C1027E89F06007A70D0 /* HousewarmingViewController.xib */,
				A90B1C0F27E89F06007A70D0 /* HousewarmingViewController.swift */,
			);
			path = Housewarming;
			sourceTree = "<group>";
		};
		A90B1BF527E89A83007A70D0 /* KnowHow */ = {
			isa = PBXGroup;
			children = (
				A90B1C1327E89F12007A70D0 /* KnowHowViewController.swift */,
				A90B1C1427E89F12007A70D0 /* KnowHowViewController.xib */,
			);
			path = KnowHow;
			sourceTree = "<group>";
		};
		A90B1BF627E89A98007A70D0 /* QnA */ = {
			isa = PBXGroup;
			children = (
				A90B1C1727E89F1B007A70D0 /* QnAViewController.swift */,
				A90B1C1827E89F1B007A70D0 /* QnAViewController.xib */,
			);
			path = QnA;
			sourceTree = "<group>";
		};
		A90B1C1D27E98614007A70D0 /* Store */ = {
			isa = PBXGroup;
			children = (
				A9FFE47427EACB8C004F3B33 /* Store.storyboard */,
				A9FFE47227EA1AD4004F3B33 /* StoreViewController.swift */,
				A9FFE47D27EAD367004F3B33 /* StoreTabManViewController.swift */,
				A9FFE47F27EAD464004F3B33 /* StoreHome */,
				A9FFE4AC27ECA005004F3B33 /* TodayDeal */,
			);
			path = Store;
			sourceTree = "<group>";
		};
		A9A6620D27E5F7C90081064C = {
			isa = PBXGroup;
			children = (
				A9A6621827E5F7C90081064C /* Bucketplace */,
				A9A6621727E5F7C90081064C /* Products */,
				824A2C945143E634B7B9F815 /* Pods */,
				1FC36F4272229341B382F650 /* Frameworks */,
			);
			sourceTree = "<group>";
		};
		A9A6621727E5F7C90081064C /* Products */ = {
			isa = PBXGroup;
			children = (
				A9A6621627E5F7C90081064C /* Bucketplace.app */,
			);
			name = Products;
			sourceTree = "<group>";
		};
		A9A6621827E5F7C90081064C /* Bucketplace */ = {
			isa = PBXGroup;
			children = (
				A9BC5C1B27E6FD4B00D91901 /* Configuration */,
				A9FFE47627EACE2E004F3B33 /* Base */,
				A9BC5C1F27E6FD9200D91901 /* Util */,
				A9BC5C1C27E6FD5200D91901 /* Source */,
				A9A6622227E5F7CA0081064C /* Assets.xcassets */,
				A9A6621927E5F7C90081064C /* AppDelegate.swift */,
				A9A6621B27E5F7C90081064C /* SceneDelegate.swift */,
				A9A6622427E5F7CA0081064C /* LaunchScreen.storyboard */,
				A9A6622727E5F7CA0081064C /* Info.plist */,
			);
			path = Bucketplace;
			sourceTree = "<group>";
		};
		A9BC5C1B27E6FD4B00D91901 /* Configuration */ = {
			isa = PBXGroup;
			children = (
				A9BC5C1D27E6FD8B00D91901 /* Constant.swift */,
				A9FFE4AA27EC8D62004F3B33 /* TabManIndex.swift */,
				A9EA67B027E86BAE001B1C68 /* Secret */,
			);
			path = Configuration;
			sourceTree = "<group>";
		};
		A9BC5C1C27E6FD5200D91901 /* Source */ = {
			isa = PBXGroup;
			children = (
				A9A6621F27E5F7C90081064C /* Main.storyboard */,
				A9A6621D27E5F7C90081064C /* TabBarController.swift */,
				A9BC5C3E27E70EF900D91901 /* Login */,
				A9BC5C4527E716A800D91901 /* Home */,
				A90B1C1D27E98614007A70D0 /* Store */,
				A9BC5C2B27E6FE6500D91901 /* MyPage */,
			);
			path = Source;
			sourceTree = "<group>";
		};
		A9BC5C1F27E6FD9200D91901 /* Util */ = {
			isa = PBXGroup;
			children = (
				A9BC5C2027E6FD9900D91901 /* Extension */,
				A9BC5C2927E6FE2000D91901 /* IndicatorView.swift */,
			);
			path = Util;
			sourceTree = "<group>";
		};
		A9BC5C2027E6FD9900D91901 /* Extension */ = {
			isa = PBXGroup;
			children = (
				A9BC5C2127E6FDA800D91901 /* String.swift */,
				A9BC5C2327E6FDAF00D91901 /* UIColor.swift */,
				A9BC5C2527E6FDB700D91901 /* UINavigationController.swift */,
				A9BC5C2727E6FDBF00D91901 /* UIViewController.swift */,
				A9FFE4A027EB28B8004F3B33 /* UIView.swift */,
				A9FFE4B127ECA30B004F3B33 /* UITabBarController.swift */,
			);
			path = Extension;
			sourceTree = "<group>";
		};
		A9BC5C2B27E6FE6500D91901 /* MyPage */ = {
			isa = PBXGroup;
			children = (
				A9BC5C3C27E7021E00D91901 /* MyPage.storyboard */,
				A9FFE45D27E9D3CE004F3B33 /* MyPageViewController.swift */,
				A9BC5C3A27E700CC00D91901 /* MyPageTabManViewController.swift */,
				A9BC5C3627E7008C00D91901 /* ProfileViewController.swift */,
				A9EA67B627E8811F001B1C68 /* AdCollectionViewCell.xib */,
				A9EA67B527E8811F001B1C68 /* AdCollectionViewCell.swift */,
				A9BC5C3827E7009D00D91901 /* MyShoppingViewController.swift */,
			);
			path = MyPage;
			sourceTree = "<group>";
		};
		A9BC5C3E27E70EF900D91901 /* Login */ = {
			isa = PBXGroup;
			children = (
				A9EA67AE27E863B1001B1C68 /* Login.storyboard */,
				A90B1C2427E9B2FA007A70D0 /* LoginNavigationController.swift */,
				A9FFE46127E9D8A1004F3B33 /* Entity */,
				A9FFE46227E9D8A9004F3B33 /* DataManager */,
				A9BC5C3F27E70F5600D91901 /* LoginViewController.swift */,
				A90B1C1E27E986BF007A70D0 /* SignInViewController.swift */,
				A90B1C2027E986DF007A70D0 /* SignUpViewController.swift */,
			);
			path = Login;
			sourceTree = "<group>";
		};
		A9BC5C4527E716A800D91901 /* Home */ = {
			isa = PBXGroup;
			children = (
				A9BC5C4827E716EB00D91901 /* Home.storyboard */,
				A9BC5C4627E716C000D91901 /* HomeViewController.swift */,
				A90B1BED27E89947007A70D0 /* HomeTabManViewController.swift */,
				A90B1BEF27E899B0007A70D0 /* Top */,
				A90B1BF227E899F2007A70D0 /* Following */,
				A90B1BF327E89A0C007A70D0 /* Photo */,
				A90B1BF427E89A23007A70D0 /* Housewarming */,
				A90B1BF527E89A83007A70D0 /* KnowHow */,
				A90B1BF627E89A98007A70D0 /* QnA */,
			);
			path = Home;
			sourceTree = "<group>";
		};
		A9EA077C27EDADF800158FCF /* DataManager */ = {
			isa = PBXGroup;
			children = (
				A9EA077D27EDAE0F00158FCF /* HomeFirstDataManager.swift */,
				A9EA078127EDBF1400158FCF /* HomeSecondDataManager.swift */,
				A9EA078727EDC15600158FCF /* HomeThirdDataManager.swift */,
			);
			path = DataManager;
			sourceTree = "<group>";
		};
		A9EA67B027E86BAE001B1C68 /* Secret */ = {
			isa = PBXGroup;
			children = (
				A9EA67B127E86BBE001B1C68 /* SecretKey.swift */,
				A9FFE4A427EC6E35004F3B33 /* LoginKey.swift */,
			);
			path = Secret;
			sourceTree = "<group>";
		};
		A9FFE46127E9D8A1004F3B33 /* Entity */ = {
			isa = PBXGroup;
			children = (
				A9FFE46327E9DE14004F3B33 /* KakaoResponse.swift */,
				A9FFE46727E9EAA4004F3B33 /* SignUpRequest.swift */,
				A9FFE46B27E9F335004F3B33 /* SignUpResponse.swift */,
				A9FFE46D27EA0500004F3B33 /* SignInRequest.swift */,
				A9FFE46927E9F26E004F3B33 /* SignInResponse.swift */,
			);
			path = Entity;
			sourceTree = "<group>";
		};
		A9FFE46227E9D8A9004F3B33 /* DataManager */ = {
			isa = PBXGroup;
			children = (
				A9FFE45F27E9D88C004F3B33 /* KakaoDataManager.swift */,
				A9FFE46527E9E93B004F3B33 /* SignUpDataManager.swift */,
				A9FFE46F27EA050B004F3B33 /* SignInDataManager.swift */,
			);
			path = DataManager;
			sourceTree = "<group>";
		};
		A9FFE47627EACE2E004F3B33 /* Base */ = {
			isa = PBXGroup;
			children = (
			);
			path = Base;
			sourceTree = "<group>";
		};
		A9FFE47F27EAD464004F3B33 /* StoreHome */ = {
			isa = PBXGroup;
			children = (
				A9FFE48C27EAE07F004F3B33 /* StoreHomeViewController.swift */,
				A9FFE48F27EAE2A3004F3B33 /* StoreAdCollectionViewCell.xib */,
				A9FFE48E27EAE2A3004F3B33 /* StoreAdCollectionViewCell.swift */,
			);
			path = StoreHome;
			sourceTree = "<group>";
		};
		A9FFE49A27EB1709004F3B33 /* Model */ = {
			isa = PBXGroup;
			children = (
				A9FFE49C27EB1785004F3B33 /* CategoryModel.swift */,
			);
			path = Model;
			sourceTree = "<group>";
		};
		A9FFE49B27EB1715004F3B33 /* Entity */ = {
			isa = PBXGroup;
			children = (
				A9FFE49E27EB1790004F3B33 /* Category.swift */,
				A9EA077A27EDAC5D00158FCF /* HomeFirstResponse.swift */,
				A9EA078327EDBF2100158FCF /* HomeSecondResponse.swift */,
				A9EA078527EDC13500158FCF /* HomeThirdResponse.swift */,
			);
			path = Entity;
			sourceTree = "<group>";
		};
		A9FFE4AC27ECA005004F3B33 /* TodayDeal */ = {
			isa = PBXGroup;
			children = (
				A9FFE4AE27ECA025004F3B33 /* TodayDealViewController.xib */,
				A9FFE4AD27ECA025004F3B33 /* TodayDealViewController.swift */,
			);
			path = TodayDeal;
			sourceTree = "<group>";
		};
/* End PBXGroup section */

/* Begin PBXNativeTarget section */
		A9A6621527E5F7C90081064C /* Bucketplace */ = {
			isa = PBXNativeTarget;
			buildConfigurationList = A9A6622A27E5F7CA0081064C /* Build configuration list for PBXNativeTarget "Bucketplace" */;
			buildPhases = (
				2D5C7DCB1939A16E94DE6D52 /* [CP] Check Pods Manifest.lock */,
				A9A6621227E5F7C90081064C /* Sources */,
				A9A6621327E5F7C90081064C /* Frameworks */,
				A9A6621427E5F7C90081064C /* Resources */,
				9E49B749B77DDB3EE6F1C534 /* [CP] Embed Pods Frameworks */,
			);
			buildRules = (
			);
			dependencies = (
			);
			name = Bucketplace;
			productName = Bucketplace;
			productReference = A9A6621627E5F7C90081064C /* Bucketplace.app */;
			productType = "com.apple.product-type.application";
		};
/* End PBXNativeTarget section */

/* Begin PBXProject section */
		A9A6620E27E5F7C90081064C /* Project object */ = {
			isa = PBXProject;
			attributes = {
				BuildIndependentTargetsInParallel = 1;
				LastSwiftUpdateCheck = 1330;
				LastUpgradeCheck = 1330;
				TargetAttributes = {
					A9A6621527E5F7C90081064C = {
						CreatedOnToolsVersion = 13.3;
					};
				};
			};
			buildConfigurationList = A9A6621127E5F7C90081064C /* Build configuration list for PBXProject "Bucketplace" */;
			compatibilityVersion = "Xcode 13.0";
			developmentRegion = en;
			hasScannedForEncodings = 0;
			knownRegions = (
				en,
				Base,
			);
			mainGroup = A9A6620D27E5F7C90081064C;
			productRefGroup = A9A6621727E5F7C90081064C /* Products */;
			projectDirPath = "";
			projectRoot = "";
			targets = (
				A9A6621527E5F7C90081064C /* Bucketplace */,
			);
		};
/* End PBXProject section */

/* Begin PBXResourcesBuildPhase section */
		A9A6621427E5F7C90081064C /* Resources */ = {
			isa = PBXResourcesBuildPhase;
			buildActionMask = 2147483647;
			files = (
				A90B1C1A27E89F1B007A70D0 /* QnAViewController.xib in Resources */,
				A90B1C0627E89CC3007A70D0 /* TopViewController.xib in Resources */,
				A90B1C0E27E89EFB007A70D0 /* PhotoViewController.xib in Resources */,
				A90B1C1227E89F06007A70D0 /* HousewarmingViewController.xib in Resources */,
				A9A6622627E5F7CA0081064C /* LaunchScreen.storyboard in Resources */,
				A9FFE4B027ECA026004F3B33 /* TodayDealViewController.xib in Resources */,
				A9FFE4BC27EDA045004F3B33 /* HomeCategoryCollectionViewCell.xib in Resources */,
				A90B1C0A27E89EEF007A70D0 /* FollowingViewController.xib in Resources */,
				A9A6622327E5F7CA0081064C /* Assets.xcassets in Resources */,
				A90B1C1627E89F12007A70D0 /* KnowHowViewController.xib in Resources */,
				A9EA67AF27E863B1001B1C68 /* Login.storyboard in Resources */,
				A9FFE49127EAE2A3004F3B33 /* StoreAdCollectionViewCell.xib in Resources */,
				A9BC5C4927E716EB00D91901 /* Home.storyboard in Resources */,
				A9A6622127E5F7C90081064C /* Main.storyboard in Resources */,
				A9EA67B827E8811F001B1C68 /* AdCollectionViewCell.xib in Resources */,
				A9FFE47527EACB8C004F3B33 /* Store.storyboard in Resources */,
				A9BC5C3D27E7021E00D91901 /* MyPage.storyboard in Resources */,
			);
			runOnlyForDeploymentPostprocessing = 0;
		};
/* End PBXResourcesBuildPhase section */

/* Begin PBXShellScriptBuildPhase section */
		2D5C7DCB1939A16E94DE6D52 /* [CP] Check Pods Manifest.lock */ = {
			isa = PBXShellScriptBuildPhase;
			buildActionMask = 2147483647;
			files = (
			);
			inputFileListPaths = (
			);
			inputPaths = (
				"${PODS_PODFILE_DIR_PATH}/Podfile.lock",
				"${PODS_ROOT}/Manifest.lock",
			);
			name = "[CP] Check Pods Manifest.lock";
			outputFileListPaths = (
			);
			outputPaths = (
				"$(DERIVED_FILE_DIR)/Pods-Bucketplace-checkManifestLockResult.txt",
			);
			runOnlyForDeploymentPostprocessing = 0;
			shellPath = /bin/sh;
			shellScript = "diff \"${PODS_PODFILE_DIR_PATH}/Podfile.lock\" \"${PODS_ROOT}/Manifest.lock\" > /dev/null\nif [ $? != 0 ] ; then\n    # print error to STDERR\n    echo \"error: The sandbox is not in sync with the Podfile.lock. Run 'pod install' or update your CocoaPods installation.\" >&2\n    exit 1\nfi\n# This output is used by Xcode 'outputs' to avoid re-running this script phase.\necho \"SUCCESS\" > \"${SCRIPT_OUTPUT_FILE_0}\"\n";
			showEnvVarsInLog = 0;
		};
		9E49B749B77DDB3EE6F1C534 /* [CP] Embed Pods Frameworks */ = {
			isa = PBXShellScriptBuildPhase;
			buildActionMask = 2147483647;
			files = (
			);
			inputFileListPaths = (
				"${PODS_ROOT}/Target Support Files/Pods-Bucketplace/Pods-Bucketplace-frameworks-${CONFIGURATION}-input-files.xcfilelist",
			);
			name = "[CP] Embed Pods Frameworks";
			outputFileListPaths = (
				"${PODS_ROOT}/Target Support Files/Pods-Bucketplace/Pods-Bucketplace-frameworks-${CONFIGURATION}-output-files.xcfilelist",
			);
			runOnlyForDeploymentPostprocessing = 0;
			shellPath = /bin/sh;
			shellScript = "\"${PODS_ROOT}/Target Support Files/Pods-Bucketplace/Pods-Bucketplace-frameworks.sh\"\n";
			showEnvVarsInLog = 0;
		};
/* End PBXShellScriptBuildPhase section */

/* Begin PBXSourcesBuildPhase section */
		A9A6621227E5F7C90081064C /* Sources */ = {
			isa = PBXSourcesBuildPhase;
			buildActionMask = 2147483647;
			files = (
				A9FFE47E27EAD367004F3B33 /* StoreTabManViewController.swift in Sources */,
				A9FFE4A527EC6E35004F3B33 /* LoginKey.swift in Sources */,
				A9FFE49F27EB1790004F3B33 /* Category.swift in Sources */,
				A9EA077B27EDAC5D00158FCF /* HomeFirstResponse.swift in Sources */,
				A9BC5C4127E70F5600D91901 /* LoginViewController.swift in Sources */,
				A90B1C1927E89F1B007A70D0 /* QnAViewController.swift in Sources */,
				A9A6621E27E5F7C90081064C /* TabBarController.swift in Sources */,
				A9EA077E27EDAE0F00158FCF /* HomeFirstDataManager.swift in Sources */,
				A90B1C1527E89F12007A70D0 /* KnowHowViewController.swift in Sources */,
				A9BC5C2427E6FDAF00D91901 /* UIColor.swift in Sources */,
				A9FFE46027E9D88C004F3B33 /* KakaoDataManager.swift in Sources */,
				A9FFE46A27E9F26E004F3B33 /* SignInResponse.swift in Sources */,
				A9FFE4B227ECA30B004F3B33 /* UITabBarController.swift in Sources */,
				A9BC5C3927E7009D00D91901 /* MyShoppingViewController.swift in Sources */,
				A9EA67B727E8811F001B1C68 /* AdCollectionViewCell.swift in Sources */,
				A9FFE4BB27EDA045004F3B33 /* HomeCategoryCollectionViewCell.swift in Sources */,
				A9A6621A27E5F7C90081064C /* AppDelegate.swift in Sources */,
				A9FFE47027EA050B004F3B33 /* SignInDataManager.swift in Sources */,
				A9EA078427EDBF2100158FCF /* HomeSecondResponse.swift in Sources */,
				A9BC5C4727E716C000D91901 /* HomeViewController.swift in Sources */,
				A9BC5C2227E6FDA800D91901 /* String.swift in Sources */,
				A9FFE45E27E9D3CE004F3B33 /* MyPageViewController.swift in Sources */,
				A9BC5C2A27E6FE2000D91901 /* IndicatorView.swift in Sources */,
				A9FFE49D27EB1785004F3B33 /* CategoryModel.swift in Sources */,
				A90B1C1127E89F06007A70D0 /* HousewarmingViewController.swift in Sources */,
				A90B1C2527E9B2FA007A70D0 /* LoginNavigationController.swift in Sources */,
				A90B1C1F27E986BF007A70D0 /* SignInViewController.swift in Sources */,
				A9FFE48D27EAE07F004F3B33 /* StoreHomeViewController.swift in Sources */,
				A9FFE49027EAE2A3004F3B33 /* StoreAdCollectionViewCell.swift in Sources */,
				A90B1C0527E89CC3007A70D0 /* TopViewController.swift in Sources */,
				A9FFE46827E9EAA4004F3B33 /* SignUpRequest.swift in Sources */,
				A90B1C0D27E89EFB007A70D0 /* PhotoViewController.swift in Sources */,
				A9FFE4AB27EC8D62004F3B33 /* TabManIndex.swift in Sources */,
				A9EA078627EDC13500158FCF /* HomeThirdResponse.swift in Sources */,
				A9EA67B227E86BBE001B1C68 /* SecretKey.swift in Sources */,
				A9BC5C3727E7008C00D91901 /* ProfileViewController.swift in Sources */,
				A90B1BEE27E89947007A70D0 /* HomeTabManViewController.swift in Sources */,
				A9A6621C27E5F7C90081064C /* SceneDelegate.swift in Sources */,
				A9BC5C3B27E700CC00D91901 /* MyPageTabManViewController.swift in Sources */,
				A9FFE46C27E9F335004F3B33 /* SignUpResponse.swift in Sources */,
				A90B1C0927E89EEF007A70D0 /* FollowingViewController.swift in Sources */,
				A9BC5C1E27E6FD8B00D91901 /* Constant.swift in Sources */,
				A9BC5C2827E6FDBF00D91901 /* UIViewController.swift in Sources */,
				A9FFE4A127EB28B8004F3B33 /* UIView.swift in Sources */,
				A9FFE46E27EA0500004F3B33 /* SignInRequest.swift in Sources */,
				A9FFE4AF27ECA026004F3B33 /* TodayDealViewController.swift in Sources */,
				A90B1C2127E986DF007A70D0 /* SignUpViewController.swift in Sources */,
				A9FFE47327EA1AD4004F3B33 /* StoreViewController.swift in Sources */,
				A9EA078827EDC15600158FCF /* HomeThirdDataManager.swift in Sources */,
				A9EA078227EDBF1400158FCF /* HomeSecondDataManager.swift in Sources */,
				A9FFE46627E9E93B004F3B33 /* SignUpDataManager.swift in Sources */,
				A9BC5C2627E6FDB700D91901 /* UINavigationController.swift in Sources */,
				A9FFE46427E9DE14004F3B33 /* KakaoResponse.swift in Sources */,
			);
			runOnlyForDeploymentPostprocessing = 0;
		};
/* End PBXSourcesBuildPhase section */

/* Begin PBXVariantGroup section */
		A9A6621F27E5F7C90081064C /* Main.storyboard */ = {
			isa = PBXVariantGroup;
			children = (
				A9A6622027E5F7C90081064C /* Base */,
			);
			name = Main.storyboard;
			sourceTree = "<group>";
		};
		A9A6622427E5F7CA0081064C /* LaunchScreen.storyboard */ = {
			isa = PBXVariantGroup;
			children = (
				A9A6622527E5F7CA0081064C /* Base */,
			);
			name = LaunchScreen.storyboard;
			sourceTree = "<group>";
		};
/* End PBXVariantGroup section */

/* Begin XCBuildConfiguration section */
		A9A6622827E5F7CA0081064C /* Debug */ = {
			isa = XCBuildConfiguration;
			buildSettings = {
				ALWAYS_SEARCH_USER_PATHS = NO;
				CLANG_ANALYZER_NONNULL = YES;
				CLANG_ANALYZER_NUMBER_OBJECT_CONVERSION = YES_AGGRESSIVE;
				CLANG_CXX_LANGUAGE_STANDARD = "gnu++17";
				CLANG_ENABLE_MODULES = YES;
				CLANG_ENABLE_OBJC_ARC = YES;
				CLANG_ENABLE_OBJC_WEAK = YES;
				CLANG_WARN_BLOCK_CAPTURE_AUTORELEASING = YES;
				CLANG_WARN_BOOL_CONVERSION = YES;
				CLANG_WARN_COMMA = YES;
				CLANG_WARN_CONSTANT_CONVERSION = YES;
				CLANG_WARN_DEPRECATED_OBJC_IMPLEMENTATIONS = YES;
				CLANG_WARN_DIRECT_OBJC_ISA_USAGE = YES_ERROR;
				CLANG_WARN_DOCUMENTATION_COMMENTS = YES;
				CLANG_WARN_EMPTY_BODY = YES;
				CLANG_WARN_ENUM_CONVERSION = YES;
				CLANG_WARN_INFINITE_RECURSION = YES;
				CLANG_WARN_INT_CONVERSION = YES;
				CLANG_WARN_NON_LITERAL_NULL_CONVERSION = YES;
				CLANG_WARN_OBJC_IMPLICIT_RETAIN_SELF = YES;
				CLANG_WARN_OBJC_LITERAL_CONVERSION = YES;
				CLANG_WARN_OBJC_ROOT_CLASS = YES_ERROR;
				CLANG_WARN_QUOTED_INCLUDE_IN_FRAMEWORK_HEADER = YES;
				CLANG_WARN_RANGE_LOOP_ANALYSIS = YES;
				CLANG_WARN_STRICT_PROTOTYPES = YES;
				CLANG_WARN_SUSPICIOUS_MOVE = YES;
				CLANG_WARN_UNGUARDED_AVAILABILITY = YES_AGGRESSIVE;
				CLANG_WARN_UNREACHABLE_CODE = YES;
				CLANG_WARN__DUPLICATE_METHOD_MATCH = YES;
				COPY_PHASE_STRIP = NO;
				DEBUG_INFORMATION_FORMAT = dwarf;
				ENABLE_STRICT_OBJC_MSGSEND = YES;
				ENABLE_TESTABILITY = YES;
				GCC_C_LANGUAGE_STANDARD = gnu11;
				GCC_DYNAMIC_NO_PIC = NO;
				GCC_NO_COMMON_BLOCKS = YES;
				GCC_OPTIMIZATION_LEVEL = 0;
				GCC_PREPROCESSOR_DEFINITIONS = (
					"DEBUG=1",
					"$(inherited)",
				);
				GCC_WARN_64_TO_32_BIT_CONVERSION = YES;
				GCC_WARN_ABOUT_RETURN_TYPE = YES_ERROR;
				GCC_WARN_UNDECLARED_SELECTOR = YES;
				GCC_WARN_UNINITIALIZED_AUTOS = YES_AGGRESSIVE;
				GCC_WARN_UNUSED_FUNCTION = YES;
				GCC_WARN_UNUSED_VARIABLE = YES;
				IPHONEOS_DEPLOYMENT_TARGET = 15.4;
				MTL_ENABLE_DEBUG_INFO = INCLUDE_SOURCE;
				MTL_FAST_MATH = YES;
				ONLY_ACTIVE_ARCH = YES;
				SDKROOT = iphoneos;
				SWIFT_ACTIVE_COMPILATION_CONDITIONS = DEBUG;
				SWIFT_OPTIMIZATION_LEVEL = "-Onone";
			};
			name = Debug;
		};
		A9A6622927E5F7CA0081064C /* Release */ = {
			isa = XCBuildConfiguration;
			buildSettings = {
				ALWAYS_SEARCH_USER_PATHS = NO;
				CLANG_ANALYZER_NONNULL = YES;
				CLANG_ANALYZER_NUMBER_OBJECT_CONVERSION = YES_AGGRESSIVE;
				CLANG_CXX_LANGUAGE_STANDARD = "gnu++17";
				CLANG_ENABLE_MODULES = YES;
				CLANG_ENABLE_OBJC_ARC = YES;
				CLANG_ENABLE_OBJC_WEAK = YES;
				CLANG_WARN_BLOCK_CAPTURE_AUTORELEASING = YES;
				CLANG_WARN_BOOL_CONVERSION = YES;
				CLANG_WARN_COMMA = YES;
				CLANG_WARN_CONSTANT_CONVERSION = YES;
				CLANG_WARN_DEPRECATED_OBJC_IMPLEMENTATIONS = YES;
				CLANG_WARN_DIRECT_OBJC_ISA_USAGE = YES_ERROR;
				CLANG_WARN_DOCUMENTATION_COMMENTS = YES;
				CLANG_WARN_EMPTY_BODY = YES;
				CLANG_WARN_ENUM_CONVERSION = YES;
				CLANG_WARN_INFINITE_RECURSION = YES;
				CLANG_WARN_INT_CONVERSION = YES;
				CLANG_WARN_NON_LITERAL_NULL_CONVERSION = YES;
				CLANG_WARN_OBJC_IMPLICIT_RETAIN_SELF = YES;
				CLANG_WARN_OBJC_LITERAL_CONVERSION = YES;
				CLANG_WARN_OBJC_ROOT_CLASS = YES_ERROR;
				CLANG_WARN_QUOTED_INCLUDE_IN_FRAMEWORK_HEADER = YES;
				CLANG_WARN_RANGE_LOOP_ANALYSIS = YES;
				CLANG_WARN_STRICT_PROTOTYPES = YES;
				CLANG_WARN_SUSPICIOUS_MOVE = YES;
				CLANG_WARN_UNGUARDED_AVAILABILITY = YES_AGGRESSIVE;
				CLANG_WARN_UNREACHABLE_CODE = YES;
				CLANG_WARN__DUPLICATE_METHOD_MATCH = YES;
				COPY_PHASE_STRIP = NO;
				DEBUG_INFORMATION_FORMAT = "dwarf-with-dsym";
				ENABLE_NS_ASSERTIONS = NO;
				ENABLE_STRICT_OBJC_MSGSEND = YES;
				GCC_C_LANGUAGE_STANDARD = gnu11;
				GCC_NO_COMMON_BLOCKS = YES;
				GCC_WARN_64_TO_32_BIT_CONVERSION = YES;
				GCC_WARN_ABOUT_RETURN_TYPE = YES_ERROR;
				GCC_WARN_UNDECLARED_SELECTOR = YES;
				GCC_WARN_UNINITIALIZED_AUTOS = YES_AGGRESSIVE;
				GCC_WARN_UNUSED_FUNCTION = YES;
				GCC_WARN_UNUSED_VARIABLE = YES;
				IPHONEOS_DEPLOYMENT_TARGET = 15.4;
				MTL_ENABLE_DEBUG_INFO = NO;
				MTL_FAST_MATH = YES;
				SDKROOT = iphoneos;
				SWIFT_COMPILATION_MODE = wholemodule;
				SWIFT_OPTIMIZATION_LEVEL = "-O";
				VALIDATE_PRODUCT = YES;
			};
			name = Release;
		};
		A9A6622B27E5F7CA0081064C /* Debug */ = {
			isa = XCBuildConfiguration;
			baseConfigurationReference = 487DC1C365E7CE127E7E49B9 /* Pods-Bucketplace.debug.xcconfig */;
			buildSettings = {
				ASSETCATALOG_COMPILER_APPICON_NAME = AppIcon;
				ASSETCATALOG_COMPILER_GLOBAL_ACCENT_COLOR_NAME = AccentColor;
				CODE_SIGN_STYLE = Automatic;
				CURRENT_PROJECT_VERSION = 1;
				DEVELOPMENT_TEAM = 52NJTCXWCX;
				GENERATE_INFOPLIST_FILE = YES;
				INFOPLIST_FILE = Bucketplace/Info.plist;
				INFOPLIST_KEY_UIApplicationSupportsIndirectInputEvents = YES;
				INFOPLIST_KEY_UILaunchStoryboardName = LaunchScreen;
				INFOPLIST_KEY_UIMainStoryboardFile = Main;
				INFOPLIST_KEY_UISupportedInterfaceOrientations_iPad = "UIInterfaceOrientationPortrait UIInterfaceOrientationPortraitUpsideDown UIInterfaceOrientationLandscapeLeft UIInterfaceOrientationLandscapeRight";
				INFOPLIST_KEY_UISupportedInterfaceOrientations_iPhone = "UIInterfaceOrientationPortrait UIInterfaceOrientationLandscapeLeft UIInterfaceOrientationLandscapeRight";
				LD_RUNPATH_SEARCH_PATHS = (
					"$(inherited)",
					"@executable_path/Frameworks",
				);
				MARKETING_VERSION = 1.0;
				PRODUCT_BUNDLE_IDENTIFIER = com.0inn.Bucketplace;
				PRODUCT_NAME = "$(TARGET_NAME)";
				SWIFT_EMIT_LOC_STRINGS = YES;
				SWIFT_VERSION = 5.0;
				TARGETED_DEVICE_FAMILY = "1,2";
			};
			name = Debug;
		};
		A9A6622C27E5F7CA0081064C /* Release */ = {
			isa = XCBuildConfiguration;
			baseConfigurationReference = DA0E1ED45C5E01C8C9D2A98B /* Pods-Bucketplace.release.xcconfig */;
			buildSettings = {
				ASSETCATALOG_COMPILER_APPICON_NAME = AppIcon;
				ASSETCATALOG_COMPILER_GLOBAL_ACCENT_COLOR_NAME = AccentColor;
				CODE_SIGN_STYLE = Automatic;
				CURRENT_PROJECT_VERSION = 1;
				DEVELOPMENT_TEAM = 52NJTCXWCX;
				GENERATE_INFOPLIST_FILE = YES;
				INFOPLIST_FILE = Bucketplace/Info.plist;
				INFOPLIST_KEY_UIApplicationSupportsIndirectInputEvents = YES;
				INFOPLIST_KEY_UILaunchStoryboardName = LaunchScreen;
				INFOPLIST_KEY_UIMainStoryboardFile = Main;
				INFOPLIST_KEY_UISupportedInterfaceOrientations_iPad = "UIInterfaceOrientationPortrait UIInterfaceOrientationPortraitUpsideDown UIInterfaceOrientationLandscapeLeft UIInterfaceOrientationLandscapeRight";
				INFOPLIST_KEY_UISupportedInterfaceOrientations_iPhone = "UIInterfaceOrientationPortrait UIInterfaceOrientationLandscapeLeft UIInterfaceOrientationLandscapeRight";
				LD_RUNPATH_SEARCH_PATHS = (
					"$(inherited)",
					"@executable_path/Frameworks",
				);
				MARKETING_VERSION = 1.0;
				PRODUCT_BUNDLE_IDENTIFIER = com.0inn.Bucketplace;
				PRODUCT_NAME = "$(TARGET_NAME)";
				SWIFT_EMIT_LOC_STRINGS = YES;
				SWIFT_VERSION = 5.0;
				TARGETED_DEVICE_FAMILY = "1,2";
			};
			name = Release;
		};
/* End XCBuildConfiguration section */

/* Begin XCConfigurationList section */
		A9A6621127E5F7C90081064C /* Build configuration list for PBXProject "Bucketplace" */ = {
			isa = XCConfigurationList;
			buildConfigurations = (
				A9A6622827E5F7CA0081064C /* Debug */,
				A9A6622927E5F7CA0081064C /* Release */,
			);
			defaultConfigurationIsVisible = 0;
			defaultConfigurationName = Release;
		};
		A9A6622A27E5F7CA0081064C /* Build configuration list for PBXNativeTarget "Bucketplace" */ = {
			isa = XCConfigurationList;
			buildConfigurations = (
				A9A6622B27E5F7CA0081064C /* Debug */,
				A9A6622C27E5F7CA0081064C /* Release */,
			);
			defaultConfigurationIsVisible = 0;
			defaultConfigurationName = Release;
		};
/* End XCConfigurationList section */
	};
	rootObject = A9A6620E27E5F7C90081064C /* Project object */;
}
