// !$*UTF8*$!
{
	archiveVersion = 1;
	classes = {
	};
	objectVersion = 55;
	objects = {

/* Begin PBXBuildFile section */
		2BFBCAE60CA64D27F7AFDF2E /* Pods_Bucketplace.framework in Frameworks */ = {isa = PBXBuildFile; fileRef = F7ACC5E93A413BD60776E538 /* Pods_Bucketplace.framework */; };
		A9A6621A27E5F7C90081064C /* AppDelegate.swift in Sources */ = {isa = PBXBuildFile; fileRef = A9A6621927E5F7C90081064C /* AppDelegate.swift */; };
		A9A6621C27E5F7C90081064C /* SceneDelegate.swift in Sources */ = {isa = PBXBuildFile; fileRef = A9A6621B27E5F7C90081064C /* SceneDelegate.swift */; };
		A9A6621E27E5F7C90081064C /* TabBarController.swift in Sources */ = {isa = PBXBuildFile; fileRef = A9A6621D27E5F7C90081064C /* TabBarController.swift */; };
		A9A6622127E5F7C90081064C /* Main.storyboard in Resources */ = {isa = PBXBuildFile; fileRef = A9A6621F27E5F7C90081064C /* Main.storyboard */; };
		A9A6622327E5F7CA0081064C /* Assets.xcassets in Resources */ = {isa = PBXBuildFile; fileRef = A9A6622227E5F7CA0081064C /* Assets.xcassets */; };
		A9A6622627E5F7CA0081064C /* LaunchScreen.storyboard in Resources */ = {isa = PBXBuildFile; fileRef = A9A6622427E5F7CA0081064C /* LaunchScreen.storyboard */; };
		A9BC5C1E27E6FD8B00D91901 /* Constant.swift in Sources */ = {isa = PBXBuildFile; fileRef = A9BC5C1D27E6FD8B00D91901 /* Constant.swift */; };
		A9BC5C2227E6FDA800D91901 /* String.swift in Sources */ = {isa = PBXBuildFile; fileRef = A9BC5C2127E6FDA800D91901 /* String.swift */; };
		A9BC5C2427E6FDAF00D91901 /* UIColor.swift in Sources */ = {isa = PBXBuildFile; fileRef = A9BC5C2327E6FDAF00D91901 /* UIColor.swift */; };
		A9BC5C2627E6FDB700D91901 /* UINavigationController.swift in Sources */ = {isa = PBXBuildFile; fileRef = A9BC5C2527E6FDB700D91901 /* UINavigationController.swift */; };
		A9BC5C2827E6FDBF00D91901 /* UIViewController.swift in Sources */ = {isa = PBXBuildFile; fileRef = A9BC5C2727E6FDBF00D91901 /* UIViewController.swift */; };
		A9BC5C2A27E6FE2000D91901 /* IndicatorView.swift in Sources */ = {isa = PBXBuildFile; fileRef = A9BC5C2927E6FE2000D91901 /* IndicatorView.swift */; };
		A9BC5C2F27E6FEA400D91901 /* MyPageViewController.swift in Sources */ = {isa = PBXBuildFile; fileRef = A9BC5C2E27E6FEA400D91901 /* MyPageViewController.swift */; };
		A9BC5C3727E7008C00D91901 /* ProfileViewController.swift in Sources */ = {isa = PBXBuildFile; fileRef = A9BC5C3627E7008C00D91901 /* ProfileViewController.swift */; };
		A9BC5C3927E7009D00D91901 /* MyShoppingViewController.swift in Sources */ = {isa = PBXBuildFile; fileRef = A9BC5C3827E7009D00D91901 /* MyShoppingViewController.swift */; };
		A9BC5C3B27E700CC00D91901 /* MyPageTabManViewController.swift in Sources */ = {isa = PBXBuildFile; fileRef = A9BC5C3A27E700CC00D91901 /* MyPageTabManViewController.swift */; };
		A9BC5C3D27E7021E00D91901 /* MyPage.storyboard in Resources */ = {isa = PBXBuildFile; fileRef = A9BC5C3C27E7021E00D91901 /* MyPage.storyboard */; };
		A9BC5C4127E70F5600D91901 /* LoginViewController.swift in Sources */ = {isa = PBXBuildFile; fileRef = A9BC5C3F27E70F5600D91901 /* LoginViewController.swift */; };
		A9BC5C4727E716C000D91901 /* HomeViewController.swift in Sources */ = {isa = PBXBuildFile; fileRef = A9BC5C4627E716C000D91901 /* HomeViewController.swift */; };
		A9BC5C4927E716EB00D91901 /* Home.storyboard in Resources */ = {isa = PBXBuildFile; fileRef = A9BC5C4827E716EB00D91901 /* Home.storyboard */; };
		A9EA67AF27E863B1001B1C68 /* Login.storyboard in Resources */ = {isa = PBXBuildFile; fileRef = A9EA67AE27E863B1001B1C68 /* Login.storyboard */; };
		A9EA67B227E86BBE001B1C68 /* SecretKey.swift in Sources */ = {isa = PBXBuildFile; fileRef = A9EA67B127E86BBE001B1C68 /* SecretKey.swift */; };
/* End PBXBuildFile section */

/* Begin PBXFileReference section */
		487DC1C365E7CE127E7E49B9 /* Pods-Bucketplace.debug.xcconfig */ = {isa = PBXFileReference; includeInIndex = 1; lastKnownFileType = text.xcconfig; name = "Pods-Bucketplace.debug.xcconfig"; path = "Target Support Files/Pods-Bucketplace/Pods-Bucketplace.debug.xcconfig"; sourceTree = "<group>"; };
		A9A6621627E5F7C90081064C /* Bucketplace.app */ = {isa = PBXFileReference; explicitFileType = wrapper.application; includeInIndex = 0; path = Bucketplace.app; sourceTree = BUILT_PRODUCTS_DIR; };
		A9A6621927E5F7C90081064C /* AppDelegate.swift */ = {isa = PBXFileReference; lastKnownFileType = sourcecode.swift; path = AppDelegate.swift; sourceTree = "<group>"; };
		A9A6621B27E5F7C90081064C /* SceneDelegate.swift */ = {isa = PBXFileReference; lastKnownFileType = sourcecode.swift; path = SceneDelegate.swift; sourceTree = "<group>"; };
		A9A6621D27E5F7C90081064C /* TabBarController.swift */ = {isa = PBXFileReference; lastKnownFileType = sourcecode.swift; path = TabBarController.swift; sourceTree = "<group>"; };
		A9A6622027E5F7C90081064C /* Base */ = {isa = PBXFileReference; lastKnownFileType = file.storyboard; name = Base; path = Base.lproj/Main.storyboard; sourceTree = "<group>"; };
		A9A6622227E5F7CA0081064C /* Assets.xcassets */ = {isa = PBXFileReference; lastKnownFileType = folder.assetcatalog; path = Assets.xcassets; sourceTree = "<group>"; };
		A9A6622527E5F7CA0081064C /* Base */ = {isa = PBXFileReference; lastKnownFileType = file.storyboard; name = Base; path = Base.lproj/LaunchScreen.storyboard; sourceTree = "<group>"; };
		A9A6622727E5F7CA0081064C /* Info.plist */ = {isa = PBXFileReference; lastKnownFileType = text.plist.xml; path = Info.plist; sourceTree = "<group>"; };
		A9BC5C1D27E6FD8B00D91901 /* Constant.swift */ = {isa = PBXFileReference; lastKnownFileType = sourcecode.swift; path = Constant.swift; sourceTree = "<group>"; };
		A9BC5C2127E6FDA800D91901 /* String.swift */ = {isa = PBXFileReference; lastKnownFileType = sourcecode.swift; path = String.swift; sourceTree = "<group>"; };
		A9BC5C2327E6FDAF00D91901 /* UIColor.swift */ = {isa = PBXFileReference; lastKnownFileType = sourcecode.swift; path = UIColor.swift; sourceTree = "<group>"; };
		A9BC5C2527E6FDB700D91901 /* UINavigationController.swift */ = {isa = PBXFileReference; lastKnownFileType = sourcecode.swift; path = UINavigationController.swift; sourceTree = "<group>"; };
		A9BC5C2727E6FDBF00D91901 /* UIViewController.swift */ = {isa = PBXFileReference; lastKnownFileType = sourcecode.swift; path = UIViewController.swift; sourceTree = "<group>"; };
		A9BC5C2927E6FE2000D91901 /* IndicatorView.swift */ = {isa = PBXFileReference; lastKnownFileType = sourcecode.swift; path = IndicatorView.swift; sourceTree = "<group>"; };
		A9BC5C2E27E6FEA400D91901 /* MyPageViewController.swift */ = {isa = PBXFileReference; lastKnownFileType = sourcecode.swift; path = MyPageViewController.swift; sourceTree = "<group>"; };
		A9BC5C3627E7008C00D91901 /* ProfileViewController.swift */ = {isa = PBXFileReference; lastKnownFileType = sourcecode.swift; path = ProfileViewController.swift; sourceTree = "<group>"; };
		A9BC5C3827E7009D00D91901 /* MyShoppingViewController.swift */ = {isa = PBXFileReference; lastKnownFileType = sourcecode.swift; path = MyShoppingViewController.swift; sourceTree = "<group>"; };
		A9BC5C3A27E700CC00D91901 /* MyPageTabManViewController.swift */ = {isa = PBXFileReference; lastKnownFileType = sourcecode.swift; path = MyPageTabManViewController.swift; sourceTree = "<group>"; };
		A9BC5C3C27E7021E00D91901 /* MyPage.storyboard */ = {isa = PBXFileReference; fileEncoding = 4; lastKnownFileType = file.storyboard; path = MyPage.storyboard; sourceTree = "<group>"; };
		A9BC5C3F27E70F5600D91901 /* LoginViewController.swift */ = {isa = PBXFileReference; lastKnownFileType = sourcecode.swift; path = LoginViewController.swift; sourceTree = "<group>"; };
		A9BC5C4627E716C000D91901 /* HomeViewController.swift */ = {isa = PBXFileReference; lastKnownFileType = sourcecode.swift; path = HomeViewController.swift; sourceTree = "<group>"; };
		A9BC5C4827E716EB00D91901 /* Home.storyboard */ = {isa = PBXFileReference; fileEncoding = 4; lastKnownFileType = file.storyboard; path = Home.storyboard; sourceTree = "<group>"; };
		A9EA67AE27E863B1001B1C68 /* Login.storyboard */ = {isa = PBXFileReference; fileEncoding = 4; lastKnownFileType = file.storyboard; path = Login.storyboard; sourceTree = "<group>"; };
		A9EA67B127E86BBE001B1C68 /* SecretKey.swift */ = {isa = PBXFileReference; lastKnownFileType = sourcecode.swift; path = SecretKey.swift; sourceTree = "<group>"; };
		DA0E1ED45C5E01C8C9D2A98B /* Pods-Bucketplace.release.xcconfig */ = {isa = PBXFileReference; includeInIndex = 1; lastKnownFileType = text.xcconfig; name = "Pods-Bucketplace.release.xcconfig"; path = "Target Support Files/Pods-Bucketplace/Pods-Bucketplace.release.xcconfig"; sourceTree = "<group>"; };
		F7ACC5E93A413BD60776E538 /* Pods_Bucketplace.framework */ = {isa = PBXFileReference; explicitFileType = wrapper.framework; includeInIndex = 0; path = Pods_Bucketplace.framework; sourceTree = BUILT_PRODUCTS_DIR; };
/* End PBXFileReference section */

/* Begin PBXFrameworksBuildPhase section */
		A9A6621327E5F7C90081064C /* Frameworks */ = {
			isa = PBXFrameworksBuildPhase;
			buildActionMask = 2147483647;
			files = (
				2BFBCAE60CA64D27F7AFDF2E /* Pods_Bucketplace.framework in Frameworks */,
			);
			runOnlyForDeploymentPostprocessing = 0;
		};
/* End PBXFrameworksBuildPhase section */

/* Begin PBXGroup section */
		1FC36F4272229341B382F650 /* Frameworks */ = {
			isa = PBXGroup;
			children = (
				F7ACC5E93A413BD60776E538 /* Pods_Bucketplace.framework */,
			);
			name = Frameworks;
			sourceTree = "<group>";
		};
		824A2C945143E634B7B9F815 /* Pods */ = {
			isa = PBXGroup;
			children = (
				487DC1C365E7CE127E7E49B9 /* Pods-Bucketplace.debug.xcconfig */,
				DA0E1ED45C5E01C8C9D2A98B /* Pods-Bucketplace.release.xcconfig */,
			);
			path = Pods;
			sourceTree = "<group>";
		};
		A9A6620D27E5F7C90081064C = {
			isa = PBXGroup;
			children = (
				A9A6621827E5F7C90081064C /* Bucketplace */,
				A9A6621727E5F7C90081064C /* Products */,
				824A2C945143E634B7B9F815 /* Pods */,
				1FC36F4272229341B382F650 /* Frameworks */,
			);
			sourceTree = "<group>";
		};
		A9A6621727E5F7C90081064C /* Products */ = {
			isa = PBXGroup;
			children = (
				A9A6621627E5F7C90081064C /* Bucketplace.app */,
			);
			name = Products;
			sourceTree = "<group>";
		};
		A9A6621827E5F7C90081064C /* Bucketplace */ = {
			isa = PBXGroup;
			children = (
				A9BC5C1B27E6FD4B00D91901 /* Configuration */,
				A9BC5C1F27E6FD9200D91901 /* Util */,
				A9BC5C1C27E6FD5200D91901 /* Source */,
				A9A6622227E5F7CA0081064C /* Assets.xcassets */,
				A9A6621927E5F7C90081064C /* AppDelegate.swift */,
				A9A6621B27E5F7C90081064C /* SceneDelegate.swift */,
				A9A6622427E5F7CA0081064C /* LaunchScreen.storyboard */,
				A9A6622727E5F7CA0081064C /* Info.plist */,
			);
			path = Bucketplace;
			sourceTree = "<group>";
		};
		A9BC5C1B27E6FD4B00D91901 /* Configuration */ = {
			isa = PBXGroup;
			children = (
				A9BC5C1D27E6FD8B00D91901 /* Constant.swift */,
				A9EA67B027E86BAE001B1C68 /* Secret */,
			);
			path = Configuration;
			sourceTree = "<group>";
		};
		A9BC5C1C27E6FD5200D91901 /* Source */ = {
			isa = PBXGroup;
			children = (
				A9A6621F27E5F7C90081064C /* Main.storyboard */,
				A9A6621D27E5F7C90081064C /* TabBarController.swift */,
				A9BC5C3E27E70EF900D91901 /* Login */,
				A9BC5C4527E716A800D91901 /* Home */,
				A9BC5C2B27E6FE6500D91901 /* MyPage */,
			);
			path = Source;
			sourceTree = "<group>";
		};
		A9BC5C1F27E6FD9200D91901 /* Util */ = {
			isa = PBXGroup;
			children = (
				A9BC5C2027E6FD9900D91901 /* Extension */,
				A9BC5C2927E6FE2000D91901 /* IndicatorView.swift */,
			);
			path = Util;
			sourceTree = "<group>";
		};
		A9BC5C2027E6FD9900D91901 /* Extension */ = {
			isa = PBXGroup;
			children = (
				A9BC5C2127E6FDA800D91901 /* String.swift */,
				A9BC5C2327E6FDAF00D91901 /* UIColor.swift */,
				A9BC5C2527E6FDB700D91901 /* UINavigationController.swift */,
				A9BC5C2727E6FDBF00D91901 /* UIViewController.swift */,
			);
			path = Extension;
			sourceTree = "<group>";
		};
		A9BC5C2B27E6FE6500D91901 /* MyPage */ = {
			isa = PBXGroup;
			children = (
				A9BC5C3C27E7021E00D91901 /* MyPage.storyboard */,
				A9BC5C2E27E6FEA400D91901 /* MyPageViewController.swift */,
				A9BC5C3A27E700CC00D91901 /* MyPageTabManViewController.swift */,
				A9BC5C3627E7008C00D91901 /* ProfileViewController.swift */,
				A9BC5C3827E7009D00D91901 /* MyShoppingViewController.swift */,
			);
			path = MyPage;
			sourceTree = "<group>";
		};
		A9BC5C3E27E70EF900D91901 /* Login */ = {
			isa = PBXGroup;
			children = (
				A9EA67AE27E863B1001B1C68 /* Login.storyboard */,
				A9BC5C3F27E70F5600D91901 /* LoginViewController.swift */,
			);
			path = Login;
			sourceTree = "<group>";
		};
		A9BC5C4527E716A800D91901 /* Home */ = {
			isa = PBXGroup;
			children = (
				A9BC5C4827E716EB00D91901 /* Home.storyboard */,
				A9BC5C4627E716C000D91901 /* HomeViewController.swift */,
			);
			path = Home;
			sourceTree = "<group>";
		};
		A9EA67B027E86BAE001B1C68 /* Secret */ = {
			isa = PBXGroup;
			children = (
				A9EA67B127E86BBE001B1C68 /* SecretKey.swift */,
			);
			path = Secret;
			sourceTree = "<group>";
		};
/* End PBXGroup section */

/* Begin PBXNativeTarget section */
		A9A6621527E5F7C90081064C /* Bucketplace */ = {
			isa = PBXNativeTarget;
			buildConfigurationList = A9A6622A27E5F7CA0081064C /* Build configuration list for PBXNativeTarget "Bucketplace" */;
			buildPhases = (
				2D5C7DCB1939A16E94DE6D52 /* [CP] Check Pods Manifest.lock */,
				A9A6621227E5F7C90081064C /* Sources */,
				A9A6621327E5F7C90081064C /* Frameworks */,
				A9A6621427E5F7C90081064C /* Resources */,
				9E49B749B77DDB3EE6F1C534 /* [CP] Embed Pods Frameworks */,
			);
			buildRules = (
			);
			dependencies = (
			);
			name = Bucketplace;
			productName = Bucketplace;
			productReference = A9A6621627E5F7C90081064C /* Bucketplace.app */;
			productType = "com.apple.product-type.application";
		};
/* End PBXNativeTarget section */

/* Begin PBXProject section */
		A9A6620E27E5F7C90081064C /* Project object */ = {
			isa = PBXProject;
			attributes = {
				BuildIndependentTargetsInParallel = 1;
				LastSwiftUpdateCheck = 1330;
				LastUpgradeCheck = 1330;
				TargetAttributes = {
					A9A6621527E5F7C90081064C = {
						CreatedOnToolsVersion = 13.3;
					};
				};
			};
			buildConfigurationList = A9A6621127E5F7C90081064C /* Build configuration list for PBXProject "Bucketplace" */;
			compatibilityVersion = "Xcode 13.0";
			developmentRegion = en;
			hasScannedForEncodings = 0;
			knownRegions = (
				en,
				Base,
			);
			mainGroup = A9A6620D27E5F7C90081064C;
			productRefGroup = A9A6621727E5F7C90081064C /* Products */;
			projectDirPath = "";
			projectRoot = "";
			targets = (
				A9A6621527E5F7C90081064C /* Bucketplace */,
			);
		};
/* End PBXProject section */

/* Begin PBXResourcesBuildPhase section */
		A9A6621427E5F7C90081064C /* Resources */ = {
			isa = PBXResourcesBuildPhase;
			buildActionMask = 2147483647;
			files = (
				A9A6622627E5F7CA0081064C /* LaunchScreen.storyboard in Resources */,
				A9A6622327E5F7CA0081064C /* Assets.xcassets in Resources */,
				A9EA67AF27E863B1001B1C68 /* Login.storyboard in Resources */,
				A9BC5C4927E716EB00D91901 /* Home.storyboard in Resources */,
				A9A6622127E5F7C90081064C /* Main.storyboard in Resources */,
				A9BC5C3D27E7021E00D91901 /* MyPage.storyboard in Resources */,
			);
			runOnlyForDeploymentPostprocessing = 0;
		};
/* End PBXResourcesBuildPhase section */

/* Begin PBXShellScriptBuildPhase section */
		2D5C7DCB1939A16E94DE6D52 /* [CP] Check Pods Manifest.lock */ = {
			isa = PBXShellScriptBuildPhase;
			buildActionMask = 2147483647;
			files = (
			);
			inputFileListPaths = (
			);
			inputPaths = (
				"${PODS_PODFILE_DIR_PATH}/Podfile.lock",
				"${PODS_ROOT}/Manifest.lock",
			);
			name = "[CP] Check Pods Manifest.lock";
			outputFileListPaths = (
			);
			outputPaths = (
				"$(DERIVED_FILE_DIR)/Pods-Bucketplace-checkManifestLockResult.txt",
			);
			runOnlyForDeploymentPostprocessing = 0;
			shellPath = /bin/sh;
			shellScript = "diff \"${PODS_PODFILE_DIR_PATH}/Podfile.lock\" \"${PODS_ROOT}/Manifest.lock\" > /dev/null\nif [ $? != 0 ] ; then\n    # print error to STDERR\n    echo \"error: The sandbox is not in sync with the Podfile.lock. Run 'pod install' or update your CocoaPods installation.\" >&2\n    exit 1\nfi\n# This output is used by Xcode 'outputs' to avoid re-running this script phase.\necho \"SUCCESS\" > \"${SCRIPT_OUTPUT_FILE_0}\"\n";
			showEnvVarsInLog = 0;
		};
		9E49B749B77DDB3EE6F1C534 /* [CP] Embed Pods Frameworks */ = {
			isa = PBXShellScriptBuildPhase;
			buildActionMask = 2147483647;
			files = (
			);
			inputFileListPaths = (
				"${PODS_ROOT}/Target Support Files/Pods-Bucketplace/Pods-Bucketplace-frameworks-${CONFIGURATION}-input-files.xcfilelist",
			);
			name = "[CP] Embed Pods Frameworks";
			outputFileListPaths = (
				"${PODS_ROOT}/Target Support Files/Pods-Bucketplace/Pods-Bucketplace-frameworks-${CONFIGURATION}-output-files.xcfilelist",
			);
			runOnlyForDeploymentPostprocessing = 0;
			shellPath = /bin/sh;
			shellScript = "\"${PODS_ROOT}/Target Support Files/Pods-Bucketplace/Pods-Bucketplace-frameworks.sh\"\n";
			showEnvVarsInLog = 0;
		};
/* End PBXShellScriptBuildPhase section */

/* Begin PBXSourcesBuildPhase section */
		A9A6621227E5F7C90081064C /* Sources */ = {
			isa = PBXSourcesBuildPhase;
			buildActionMask = 2147483647;
			files = (
				A9BC5C4127E70F5600D91901 /* LoginViewController.swift in Sources */,
				A9A6621E27E5F7C90081064C /* TabBarController.swift in Sources */,
				A9BC5C2427E6FDAF00D91901 /* UIColor.swift in Sources */,
				A9BC5C3927E7009D00D91901 /* MyShoppingViewController.swift in Sources */,
				A9A6621A27E5F7C90081064C /* AppDelegate.swift in Sources */,
				A9BC5C4727E716C000D91901 /* HomeViewController.swift in Sources */,
				A9BC5C2227E6FDA800D91901 /* String.swift in Sources */,
				A9BC5C2A27E6FE2000D91901 /* IndicatorView.swift in Sources */,
				A9BC5C2F27E6FEA400D91901 /* MyPageViewController.swift in Sources */,
				A9EA67B227E86BBE001B1C68 /* SecretKey.swift in Sources */,
				A9BC5C3727E7008C00D91901 /* ProfileViewController.swift in Sources */,
				A9A6621C27E5F7C90081064C /* SceneDelegate.swift in Sources */,
				A9BC5C3B27E700CC00D91901 /* MyPageTabManViewController.swift in Sources */,
				A9BC5C1E27E6FD8B00D91901 /* Constant.swift in Sources */,
				A9BC5C2827E6FDBF00D91901 /* UIViewController.swift in Sources */,
				A9BC5C2627E6FDB700D91901 /* UINavigationController.swift in Sources */,
			);
			runOnlyForDeploymentPostprocessing = 0;
		};
/* End PBXSourcesBuildPhase section */

/* Begin PBXVariantGroup section */
		A9A6621F27E5F7C90081064C /* Main.storyboard */ = {
			isa = PBXVariantGroup;
			children = (
				A9A6622027E5F7C90081064C /* Base */,
			);
			name = Main.storyboard;
			sourceTree = "<group>";
		};
		A9A6622427E5F7CA0081064C /* LaunchScreen.storyboard */ = {
			isa = PBXVariantGroup;
			children = (
				A9A6622527E5F7CA0081064C /* Base */,
			);
			name = LaunchScreen.storyboard;
			sourceTree = "<group>";
		};
/* End PBXVariantGroup section */

/* Begin XCBuildConfiguration section */
		A9A6622827E5F7CA0081064C /* Debug */ = {
			isa = XCBuildConfiguration;
			buildSettings = {
				ALWAYS_SEARCH_USER_PATHS = NO;
				CLANG_ANALYZER_NONNULL = YES;
				CLANG_ANALYZER_NUMBER_OBJECT_CONVERSION = YES_AGGRESSIVE;
				CLANG_CXX_LANGUAGE_STANDARD = "gnu++17";
				CLANG_ENABLE_MODULES = YES;
				CLANG_ENABLE_OBJC_ARC = YES;
				CLANG_ENABLE_OBJC_WEAK = YES;
				CLANG_WARN_BLOCK_CAPTURE_AUTORELEASING = YES;
				CLANG_WARN_BOOL_CONVERSION = YES;
				CLANG_WARN_COMMA = YES;
				CLANG_WARN_CONSTANT_CONVERSION = YES;
				CLANG_WARN_DEPRECATED_OBJC_IMPLEMENTATIONS = YES;
				CLANG_WARN_DIRECT_OBJC_ISA_USAGE = YES_ERROR;
				CLANG_WARN_DOCUMENTATION_COMMENTS = YES;
				CLANG_WARN_EMPTY_BODY = YES;
				CLANG_WARN_ENUM_CONVERSION = YES;
				CLANG_WARN_INFINITE_RECURSION = YES;
				CLANG_WARN_INT_CONVERSION = YES;
				CLANG_WARN_NON_LITERAL_NULL_CONVERSION = YES;
				CLANG_WARN_OBJC_IMPLICIT_RETAIN_SELF = YES;
				CLANG_WARN_OBJC_LITERAL_CONVERSION = YES;
				CLANG_WARN_OBJC_ROOT_CLASS = YES_ERROR;
				CLANG_WARN_QUOTED_INCLUDE_IN_FRAMEWORK_HEADER = YES;
				CLANG_WARN_RANGE_LOOP_ANALYSIS = YES;
				CLANG_WARN_STRICT_PROTOTYPES = YES;
				CLANG_WARN_SUSPICIOUS_MOVE = YES;
				CLANG_WARN_UNGUARDED_AVAILABILITY = YES_AGGRESSIVE;
				CLANG_WARN_UNREACHABLE_CODE = YES;
				CLANG_WARN__DUPLICATE_METHOD_MATCH = YES;
				COPY_PHASE_STRIP = NO;
				DEBUG_INFORMATION_FORMAT = dwarf;
				ENABLE_STRICT_OBJC_MSGSEND = YES;
				ENABLE_TESTABILITY = YES;
				GCC_C_LANGUAGE_STANDARD = gnu11;
				GCC_DYNAMIC_NO_PIC = NO;
				GCC_NO_COMMON_BLOCKS = YES;
				GCC_OPTIMIZATION_LEVEL = 0;
				GCC_PREPROCESSOR_DEFINITIONS = (
					"DEBUG=1",
					"$(inherited)",
				);
				GCC_WARN_64_TO_32_BIT_CONVERSION = YES;
				GCC_WARN_ABOUT_RETURN_TYPE = YES_ERROR;
				GCC_WARN_UNDECLARED_SELECTOR = YES;
				GCC_WARN_UNINITIALIZED_AUTOS = YES_AGGRESSIVE;
				GCC_WARN_UNUSED_FUNCTION = YES;
				GCC_WARN_UNUSED_VARIABLE = YES;
				IPHONEOS_DEPLOYMENT_TARGET = 15.4;
				MTL_ENABLE_DEBUG_INFO = INCLUDE_SOURCE;
				MTL_FAST_MATH = YES;
				ONLY_ACTIVE_ARCH = YES;
				SDKROOT = iphoneos;
				SWIFT_ACTIVE_COMPILATION_CONDITIONS = DEBUG;
				SWIFT_OPTIMIZATION_LEVEL = "-Onone";
			};
			name = Debug;
		};
		A9A6622927E5F7CA0081064C /* Release */ = {
			isa = XCBuildConfiguration;
			buildSettings = {
				ALWAYS_SEARCH_USER_PATHS = NO;
				CLANG_ANALYZER_NONNULL = YES;
				CLANG_ANALYZER_NUMBER_OBJECT_CONVERSION = YES_AGGRESSIVE;
				CLANG_CXX_LANGUAGE_STANDARD = "gnu++17";
				CLANG_ENABLE_MODULES = YES;
				CLANG_ENABLE_OBJC_ARC = YES;
				CLANG_ENABLE_OBJC_WEAK = YES;
				CLANG_WARN_BLOCK_CAPTURE_AUTORELEASING = YES;
				CLANG_WARN_BOOL_CONVERSION = YES;
				CLANG_WARN_COMMA = YES;
				CLANG_WARN_CONSTANT_CONVERSION = YES;
				CLANG_WARN_DEPRECATED_OBJC_IMPLEMENTATIONS = YES;
				CLANG_WARN_DIRECT_OBJC_ISA_USAGE = YES_ERROR;
				CLANG_WARN_DOCUMENTATION_COMMENTS = YES;
				CLANG_WARN_EMPTY_BODY = YES;
				CLANG_WARN_ENUM_CONVERSION = YES;
				CLANG_WARN_INFINITE_RECURSION = YES;
				CLANG_WARN_INT_CONVERSION = YES;
				CLANG_WARN_NON_LITERAL_NULL_CONVERSION = YES;
				CLANG_WARN_OBJC_IMPLICIT_RETAIN_SELF = YES;
				CLANG_WARN_OBJC_LITERAL_CONVERSION = YES;
				CLANG_WARN_OBJC_ROOT_CLASS = YES_ERROR;
				CLANG_WARN_QUOTED_INCLUDE_IN_FRAMEWORK_HEADER = YES;
				CLANG_WARN_RANGE_LOOP_ANALYSIS = YES;
				CLANG_WARN_STRICT_PROTOTYPES = YES;
				CLANG_WARN_SUSPICIOUS_MOVE = YES;
				CLANG_WARN_UNGUARDED_AVAILABILITY = YES_AGGRESSIVE;
				CLANG_WARN_UNREACHABLE_CODE = YES;
				CLANG_WARN__DUPLICATE_METHOD_MATCH = YES;
				COPY_PHASE_STRIP = NO;
				DEBUG_INFORMATION_FORMAT = "dwarf-with-dsym";
				ENABLE_NS_ASSERTIONS = NO;
				ENABLE_STRICT_OBJC_MSGSEND = YES;
				GCC_C_LANGUAGE_STANDARD = gnu11;
				GCC_NO_COMMON_BLOCKS = YES;
				GCC_WARN_64_TO_32_BIT_CONVERSION = YES;
				GCC_WARN_ABOUT_RETURN_TYPE = YES_ERROR;
				GCC_WARN_UNDECLARED_SELECTOR = YES;
				GCC_WARN_UNINITIALIZED_AUTOS = YES_AGGRESSIVE;
				GCC_WARN_UNUSED_FUNCTION = YES;
				GCC_WARN_UNUSED_VARIABLE = YES;
				IPHONEOS_DEPLOYMENT_TARGET = 15.4;
				MTL_ENABLE_DEBUG_INFO = NO;
				MTL_FAST_MATH = YES;
				SDKROOT = iphoneos;
				SWIFT_COMPILATION_MODE = wholemodule;
				SWIFT_OPTIMIZATION_LEVEL = "-O";
				VALIDATE_PRODUCT = YES;
			};
			name = Release;
		};
		A9A6622B27E5F7CA0081064C /* Debug */ = {
			isa = XCBuildConfiguration;
			baseConfigurationReference = 487DC1C365E7CE127E7E49B9 /* Pods-Bucketplace.debug.xcconfig */;
			buildSettings = {
				ASSETCATALOG_COMPILER_APPICON_NAME = AppIcon;
				ASSETCATALOG_COMPILER_GLOBAL_ACCENT_COLOR_NAME = AccentColor;
				CODE_SIGN_STYLE = Automatic;
				CURRENT_PROJECT_VERSION = 1;
				GENERATE_INFOPLIST_FILE = YES;
				INFOPLIST_FILE = Bucketplace/Info.plist;
				INFOPLIST_KEY_UIApplicationSupportsIndirectInputEvents = YES;
				INFOPLIST_KEY_UILaunchStoryboardName = LaunchScreen;
				INFOPLIST_KEY_UIMainStoryboardFile = Main;
				INFOPLIST_KEY_UISupportedInterfaceOrientations_iPad = "UIInterfaceOrientationPortrait UIInterfaceOrientationPortraitUpsideDown UIInterfaceOrientationLandscapeLeft UIInterfaceOrientationLandscapeRight";
				INFOPLIST_KEY_UISupportedInterfaceOrientations_iPhone = "UIInterfaceOrientationPortrait UIInterfaceOrientationLandscapeLeft UIInterfaceOrientationLandscapeRight";
				LD_RUNPATH_SEARCH_PATHS = (
					"$(inherited)",
					"@executable_path/Frameworks",
				);
				MARKETING_VERSION = 1.0;
				PRODUCT_BUNDLE_IDENTIFIER = com.0inn.Bucketplace;
				PRODUCT_NAME = "$(TARGET_NAME)";
				SWIFT_EMIT_LOC_STRINGS = YES;
				SWIFT_VERSION = 5.0;
				TARGETED_DEVICE_FAMILY = "1,2";
			};
			name = Debug;
		};
		A9A6622C27E5F7CA0081064C /* Release */ = {
			isa = XCBuildConfiguration;
			baseConfigurationReference = DA0E1ED45C5E01C8C9D2A98B /* Pods-Bucketplace.release.xcconfig */;
			buildSettings = {
				ASSETCATALOG_COMPILER_APPICON_NAME = AppIcon;
				ASSETCATALOG_COMPILER_GLOBAL_ACCENT_COLOR_NAME = AccentColor;
				CODE_SIGN_STYLE = Automatic;
				CURRENT_PROJECT_VERSION = 1;
				GENERATE_INFOPLIST_FILE = YES;
				INFOPLIST_FILE = Bucketplace/Info.plist;
				INFOPLIST_KEY_UIApplicationSupportsIndirectInputEvents = YES;
				INFOPLIST_KEY_UILaunchStoryboardName = LaunchScreen;
				INFOPLIST_KEY_UIMainStoryboardFile = Main;
				INFOPLIST_KEY_UISupportedInterfaceOrientations_iPad = "UIInterfaceOrientationPortrait UIInterfaceOrientationPortraitUpsideDown UIInterfaceOrientationLandscapeLeft UIInterfaceOrientationLandscapeRight";
				INFOPLIST_KEY_UISupportedInterfaceOrientations_iPhone = "UIInterfaceOrientationPortrait UIInterfaceOrientationLandscapeLeft UIInterfaceOrientationLandscapeRight";
				LD_RUNPATH_SEARCH_PATHS = (
					"$(inherited)",
					"@executable_path/Frameworks",
				);
				MARKETING_VERSION = 1.0;
				PRODUCT_BUNDLE_IDENTIFIER = com.0inn.Bucketplace;
				PRODUCT_NAME = "$(TARGET_NAME)";
				SWIFT_EMIT_LOC_STRINGS = YES;
				SWIFT_VERSION = 5.0;
				TARGETED_DEVICE_FAMILY = "1,2";
			};
			name = Release;
		};
/* End XCBuildConfiguration section */

/* Begin XCConfigurationList section */
		A9A6621127E5F7C90081064C /* Build configuration list for PBXProject "Bucketplace" */ = {
			isa = XCConfigurationList;
			buildConfigurations = (
				A9A6622827E5F7CA0081064C /* Debug */,
				A9A6622927E5F7CA0081064C /* Release */,
			);
			defaultConfigurationIsVisible = 0;
			defaultConfigurationName = Release;
		};
		A9A6622A27E5F7CA0081064C /* Build configuration list for PBXNativeTarget "Bucketplace" */ = {
			isa = XCConfigurationList;
			buildConfigurations = (
				A9A6622B27E5F7CA0081064C /* Debug */,
				A9A6622C27E5F7CA0081064C /* Release */,
			);
			defaultConfigurationIsVisible = 0;
			defaultConfigurationName = Release;
		};
/* End XCConfigurationList section */
	};
	rootObject = A9A6620E27E5F7C90081064C /* Project object */;
}
